{
  "version": 4,
  "terraform_version": "1.3.6",
  "serial": 257,
  "lineage": "8b183ab7-83e2-166b-10c4-ca89fa077b2b",
  "outputs": {
    "app_url": {
      "value": "https://shop.vk8s.f5-aatt.solutions",
      "type": "string"
    }
  },
  "resources": [
    {
      "module": "module.f5xc",
      "mode": "managed",
      "type": "volterra_api_credential",
      "name": "app_vk8s_cred",
      "provider": "provider[\"registry.terraform.io/volterraedge/volterra\"]",
      "instances": [
        {
          "schema_version": 0,
          "attributes": {
            "api_credential_password": null,
            "api_credential_type": "KUBE_CONFIG",
            "data": "YXBpVmVyc2lvbjogdjEKY2x1c3RlcnM6Ci0gY2x1c3RlcjoKICAgIGNlcnRpZmljYXRlLWF1dGhvcml0eS1kYXRhOiBMUzB0TFMxQ1JVZEpUaUJEUlZKVVNVWkpRMEZVUlMwdExTMHRDazFKU1VaR2FrTkRRWFkyWjBGM1NVSkJaMGxTUVVwRmNrTkZjbEJFUW1sdVZTOWlWMHhwVjI1WU1XOTNSRkZaU2t0dldrbG9kbU5PUVZGRlRFSlJRWGNLVkhwRlRFMUJhMGRCTVZWRlFtaE5RMVpXVFhoTFZFRnVRbWRPVmtKQmIxUkpSV3gxWkVkV2VXSnRWakJKUms1c1dUTldlV0ZZVWpWSlJrcHNZekpXYUFwamJVNXZTVVZrZVdJelZuZE5VbFYzUlhkWlJGWlJVVVJGZDNoS1ZURktTRWxHU25aaU0xRm5WMFJGZDBob1kwNU5ha0YzVDFSQk1FMUVRWGROUkVGM0NsZG9ZMDVOYWxWM1QxUkZNVTFVV1hkTlJFRjNWMnBCZVUxUmMzZERVVmxFVmxGUlIwVjNTbFpWZWtWWFRVSlJSMEV4VlVWRGFFMU9WRWRXTUVvelRXY0tVbGMxYW1OdWJIZGtSRVZNVFVGclIwRXhWVVZCZUUxRFZXcE5kMmRuUldsTlFUQkhRMU54UjFOSllqTkVVVVZDUVZGVlFVRTBTVUpFZDBGM1oyZEZTd3BCYjBsQ1FWRkROMEZvVlc5NlVHRm5iRTVOVUVWMWVVNVdXa3hFSzBsTWVHMWhXalpSYjJsdVdGTmhjWFJUZFRWNFZYbDRjalExY2l0WVdFbHZPV05RQ2xJMVVWVldWRlpZYWtvMmIyOXFhMW81V1VrNFVYRnNUMkoyVlRkM2VUZGlhbU5EZDFoUVRscFBUMlowZWpKdWQxZG5jMkoyYzBOVlNrTlhTQ3RxWkhnS2MzaFFia2hMZW1odEt5OWlOVVIwUmxWclYxZHhZMFpVZW1wVVNWVjFOakZ5ZFRKUU0yMUNkelJ4VmxWeE4xcDBSSEJsYkZGRVVuSkxPVTg0V25WMGJRcE9TSG8yWVRSMVVGWjViVm9yUkVGWVdHSndlV0l2ZFVKNFlUTlRhR3huT1VZNFptNURZblo0U3k5bFJ6Tk5TR0ZqVmpOVlVuVlFUWEpUV0VKcFRIaG5DbG96Vm0xekwwVlpPVFpLWXpWc1VDOVBiMmt5VWpaWUwwVjRhbkZ0UVd3elVEVXhWQ3RqT0VJMVpsZHRZMEpqVlhJeVQyc3ZOVzE2YXpVelkxVTJZMGNLTDJ0cFJraGhSbkJ5YVZZeGRYaFFUVlZuVURFM1ZrZG9hVGx6VmtGblRVSkJRVWRxWjJkRlNVMUpTVUpDUkVGUFFtZE9Wa2hST0VKQlpqaEZRa0ZOUXdwQldWbDNTRkZaUkZaU01HeENRbGwzUmtGWlNVdDNXVUpDVVZWSVFYZEpSME5EYzBkQlVWVkdRbmROUWsxQ1NVZEJNVlZrUlhkRlFpOTNVVWxOUVZsQ0NrRm1PRU5CVVVGM1NGRlpSRlpTTUU5Q1FsbEZSa0pSZFhONFpUTlhSbUpNY214QlNsRlBXV1p5TlRKTVJrMU1SMDFDT0VkQk1WVmtTWGRSV1UxQ1lVRUtSa2h0TUZkbFdqZDBkVmhyUVZoUFFVTkpha2xIYkdveU5scDBkVTFFU1VkRFEzTkhRVkZWUmtKM1JVSkNRMWwzU2tSQmFVSm5aM0pDWjBWR1FsRmpkd3BCYjFsWFlVaFNNR05FYjNaTU0yZDRURzFyZFdKSFZuVlpNMGwxWWpOS2JreDZRVzVDWjA1V1NGSTRSVWxFUVdWTlFubG5SM0ZCV1dob1dtOWtTRkozQ2s5cE9IWmxSRVYxV1hrMWMxcFhOV3BqYVRWMlkyMWpkazFEU1VkQk1WVmtTVUZSWWsxQ2EzZERRVmxIV2pSRlRVRlJTVUpOUVRCSFEzbHpSMEZSVVVJS1ozUTRWRUZSUlVKTlFUQkhRMU54UjFOSllqTkVVVVZDUTNkVlFVRTBTVU5CVVVOR2VXczFTRkJ4VUROb1ZWTkdkazVXYm1WTVMxbFpOakV4VkZJMlZ3cFFWRTVzWTJ4UmRHZGhSSEYzS3pNMFNVdzVabnBNWkhkQlRHUjFUeTlhWld4T04ydEpTaXR0TnpSMWVVRXJaV2wwVWxrNGEyTTJNRGRVYTBNMU0zZHNDbWxyWm0xYVZ6UXZVblpVV2poTk5sVkxLelZWZW1oTE9HcERaRXgxVFVkWlREWkxkbnBZUjFKVFoya3plVXhuYW1WM1VYUkRVR3RKVm5vMlJESlJVWG9LUTJ0amFHVkJiVU5LT0UxeGVVcDFOWHBzZW5sYVRXcEJkbTV1UVZRME5YUlNRWGhsYTNKemRUazBjMUUwWldka1VrTnVZbGRUUkhSWk4ydG9LMEpKYlFwc1NrNVliMEl4YkVKTlJVdEpjVFJSUkZWUFdHOVNaMlptZFVSbmFHcGxNVmR5UnpsTlRDdElZbWx6Y1M5NVJrOUhkMWhFT1ZKcFdEaEdObk4zTmxjMENtRjJRWFYyUkhONmRXVTFURE56ZWpnMVN5dEZRelJaTDNkR1ZrUk9kbHB2TkZSWldHRnZObG93Wml0c1VVdGpNSFE0UkZGWmVtc3hUMWhXZFRoeWNESUtlVXBOUXpaaGJFeGlRbVpQUkVGTVduWlpTRGR1TjJSdk1VRmFiSE0wU1Rsa01WQTBhbTVyUkhKUmIzaENNMVZ4VVRsb1Ztd3pURVZMVVRjemVFWXhUd3A1U3pWSGFFUkVXRGh2Vm1aSFMwWTFkU3RrWldOSmMwZzBXV0ZVZHpkdFVETkhSbmhLVTNGMk15c3diRlZHU205cE5VeGpOV1JoTVRRNWNEa3dTV1J6Q21oRFJYaHliMHd4S3pkdGNubEphMWhRWlVaTk5WUm5Uemx5TUhKMldtRkNSazkyVmpKNk1HZHdNelZhTUN0TU5GZFFiR0oxUldwT0wyeDRVRVpwYmlzS1NHeFZhbkk0WjFKelNUTnhaa3BQVVVaNUx6bHlTMGxLVWpCWkx6aFBiWGQwTHpodlZGZG5lVEZ0WkdWSWJXMXFhemRxTVc1WmMzWkRPVXBUVVRaYWRncE5iR1JzVkZSTFFqTjZhRlJvVmpFcldGZFpjRFp5YW1RMVNsY3hlbUpXVjBWclRFNTRSVGRIU2xSb1JWVkhNM042WjBKV1IxQTNjRk5YVkZWVWMzRllDbTVNVW1KM1NFOXZjVGRvU0hkblBUMEtMUzB0TFMxRlRrUWdRMFZTVkVsR1NVTkJWRVV0TFMwdExRb3RMUzB0TFVKRlIwbE9JRU5GVWxSSlJrbERRVlJGTFMwdExTMEtUVWxKUm1GNlEwTkJNVTluUVhkSlFrRm5TVkpCU1VsUmVqZEVVMUZQVGxwU1IxQm5kVEpQUTJsM1FYZEVVVmxLUzI5YVNXaDJZMDVCVVVWTVFsRkJkd3BVZWtWTVRVRnJSMEV4VlVWQ2FFMURWbFpOZUV0VVFXNUNaMDVXUWtGdlZFbEZiSFZrUjFaNVltMVdNRWxHVG14Wk0xWjVZVmhTTlVsR1NteGpNbFpvQ21OdFRtOUpSV1I1WWpOV2QwMVNWWGRGZDFsRVZsRlJSRVYzZUVwVk1VcElTVVpLZG1JelVXZFhSRVYzU0doalRrMVVWWGRPYWtFd1RWUkZkMDVFVFRRS1YyaGpUazE2VlhkT2FrRXdUVlJGZDA1RVRUUlhha0pRVFZGemQwTlJXVVJXVVZGSFJYZEtWbFY2UlhCTlEyTkhRVEZWUlVOb1RXZFRWelV3V2xoS2RRcGFXRkZuVlRKV2FtUllTbkJrU0d0blZXMVdlbHBYUm5sWk1tZG5Vak5LZG1SWVFYaEdWRUZVUW1kT1ZrSkJUVlJFUld4VVZXdGpaMVZ0T1haa1EwSlpDazFVUTBOQmFVbDNSRkZaU2t0dldrbG9kbU5PUVZGRlFrSlJRVVJuWjBsUVFVUkRRMEZuYjBOblowbENRVXN6YjBwSVVEQkdSR1o2YlRVMGNsWjVaMk1LYURjM1kzUTVPRFJyU1hoMVVFOWFXRzlJYWpOa1kwdHBMM1pXY1dKMldVRlVlV3BpTTIxcFIySkZVMVIwY2tacUwxSlJVMkUzT0dZd2RXOTRiWGxHS3dvd1ZFMDRkV3RxTVROWWJtWnpOMm92UlhaRmFHMXJka0pwYjFwNFlWVndiVnB0ZVZCbWFuaDNkall3Y0VsbllubzFUVVJ0WjBzM2FWTTBLek50V0RaVkNrRTFMMVJTTldRNGJWVm5hbFVyWnpSeWF6aExZalJOZFRCVmJGaHFTVUl3ZEhSdmRqQkVhVTVsZDA1M1NWSjBNVGhxUVRncmJ5dDFNMlJ3YW5FcmMxY0tWRGhMVDBWVmRDdDZkM1p2THpkV00weDJVM2xsTUhKblZFSkpiRVJJUTA1QmVXMW5ORlpOYXpkQ1VGbzNhRzB2UlV4T1MycEVLMHB2TWtaU00zRjVTQXBDTlZRd1dUTkljMHgxU25aWE5XbENORmxzWTA1SWJITmtkVGczYTBkS05UVjBkV3R0YVRodGVHUkJVVFJSTjJVeVVrTlBSbloxTXprMmFqTjRLMVZEQ2tJMWFWQk9aMmxXTlN0Sk0yeG5NREprV2pjM1JHNUxlRWhhZFRoQkwyeEtRbVJwUWpOUlZ6QkxkRnBDTm1GM1FtUndWVXRFT1dwbU1XSXdVMGg2VlhZS1MwSmtjekJ3YWtKeFFXeHJaREkxU0U0M2NrOXlSbXhsWVVveEwyTjBZVXA0VVZwQ1MxUTFXbEIwTUcwNVUxUktSV0ZrWVc4d2VFRklNR0ZvYldKWGJncFBiRVoxYUdwMVpXWllTMjVGWjFZMFYyVXdLMVZZWjFaRGQwOVFhbVJCZGtKaVNTdGxNRzlqVXpOTlJrVjJla2MyZFVKUlJUTjRSR3N6VTNwNWJsUnVDbXBvT0VKRFRrRjNNVVowZUU1eVVVaDFjMFYzVFVaNFNYUTBTVGR0UzFvNVdVbHhhVzk1YlVONlRIRTVaM2RSWW05dlRVUlJZVWhYUW1aRlluZHlZbmNLY1VoNVIwOHdZVzlUUTNGSk0waGhZV1J5T0daaGNWVTVSMWt2Y2s5UVRtc3pjMmR5UkZGdmJ5OHZabUkwYUZaRE1VTk1VVW94TTJobFpqUlpOVE5EU1FweVZUZHRNbGx6Tm5oME1HNVZWemN2ZGtkVU1VMHdUbEJCWjAxQ1FVRkhhbEZxUWtGTlFUUkhRVEZWWkVSM1JVSXZkMUZGUVhkSlFrSnFRVkJDWjA1V0NraFNUVUpCWmpoRlFsUkJSRUZSU0M5TlFqQkhRVEZWWkVSblVWZENRbEkxZEVadWJXVTNZbXcxUVVaNlowRnBTWGxDY0ZrNWRXMWlZbXBCVGtKbmEzRUthR3RwUnpsM01FSkJVWE5HUVVGUFEwRm5SVUZXVWpsWmNXSjVlWEZHUkZGRVRFaFpSMjFyWjBwNWEwbHlSMFl4V0Vsd2RTdEpUR3hoVXk5V09XeGFUQXAxWW1oNlJVWnVWRWxhWkNzMU1IaDRLemRNVTFsTE1EVnhRWFp4Um5sR1YyaG1SbEZFYkc1eWVuVkNXalppY2twR1pTdEhibGtyUldkUVltczJXa2RSQ2pOQ1pXSlphSFJHT0VkaFZqQnVlSFozZFc4M04zZ3ZVSGs1WVhWS0wwZHdjMDFwZFM5WU1TdHRkbTlwUWs5Mkx6SllMM0ZyVTNOcGMxSmpUMm92UzBzS1RrWjBXVEpRZDBKNVZsTTFkVU5pVFdsdlozcHBWWGQwYUVSNVF6TXJObGRXZDFjMlRFeDJNM2hNWmtoVWFuVkRkbXBJU1VsdVRucHJkRWhEWjB0Uk5RcFBVa0Y2U1RSS1RWQktLMGR6YkZkWlNHSTBjR2h2ZDJsdE5UZHBZWHAwV0U5dlNuZFVaSGRLZURSdVRFTm5aRTVpVDJoa2FuTnVkbnB4ZGtoMU4xVnlDbFJyV0ZkVGRFRnRlazlXZVhsbmFIRndXbGhxUm1GSU0zQlBNMHBNUml0c0t5OHJjMHRCU1hWMmRHUTNkU3RPZUdVMVFWY3dkMlJsVW14T09FNTNaRU1LYWs1UVJXeHdlbFp0WWxWeE5FcFZZV2RGYVhWVVJHdEllbk40U0hCR1MxWkxOM0UwS3pZelUwMHhUamsxVWpGT1ltUlhhSE5qWkVOaUsxcEJTbnBXWXdwdmVXa3pRalF6Ym1wVVQxRTFlVTltS3pGRFkyVlhlRWN4WWxGV2N6VmFkV1p3YzAxc2FuRTBWV2t3THpGc2RtZ3JkMnBEYUZBMGEzRkxUMG95Y1hoeENqUlNaM0Z6WVdoRVdWWjJWRWc1ZHpkcVdHSjVUR1ZwVG1Sa09GaE5NbmM1VlM5ME4za3dSbVl2T1hscE1FZEZORFJhWVRSeVJqSk1UamxrTVRGVVVFRUtiVkpIZFc1VlNFSmpibGRGZG1kS1FsRnNPVzVLUldsVk1GcHpiblpuWXk5MVltaFFaMWhTVWpSWWNUTTNXakJxTkhJM1p6RlRaMFZGZW5kNFFUVTNaQXBsYlhsUWVHZGpXWGh1TDJWU05EUXZTMG8wUlVKeksyeFdSRkl6ZG1WNVNtMHJhMWhST1RsaU1qRXZLMnBvTlZodmN6RkJibGcxYVVsMGNtVkhRMk05Q2kwdExTMHRSVTVFSUVORlVsUkpSa2xEUVZSRkxTMHRMUzBLTFMwdExTMUNSVWRKVGlCRFJWSlVTVVpKUTBGVVJTMHRMUzB0Q2sxSlNVZEZla05EUVM5MVowRjNTVUpCWjBsUlpsWjBVa3B5VWpKMWFFaGlaRUpaVEhaR1RVNXdla0ZPUW1kcmNXaHJhVWM1ZHpCQ1FWRjNSa0ZFUTBJS2FVUkZURTFCYTBkQk1WVkZRbWhOUTFaV1RYaEZla0ZTUW1kT1ZrSkJaMVJEYXpWc1pIbENTMXBZU25wYVdHdDRSa1JCVTBKblRsWkNRV05VUXpCd2JBcGpiazVzWlZOQ1JHRllValZOVWpSM1NFRlpSRlpSVVV0RmVGWlZZVWRWWjFaV1RrWlZiRkpUVmxaT1ZVbEZOV3hrU0dSMlkyMXplRXhxUVhOQ1owNVdDa0pCVFZSS1ZsWlVVbFpLVldOdVZucGtRMEpUVlRCRloxRXlWbmxrUjJ4dFlWZE9hR1JIYkhaaWFVSkNaRmhTYjJJelNuQmtTR3QzU0doalRrMVVaM2dLVFZSQmVVMUVRWGROUkVGM1YyaGpUazE2UVhoTmFrMTRUV3BOTVU5VVZUVlhha05DYW5wRlRFMUJhMGRCTVZWRlFtaE5RMUl3U1hoSGVrRmFRbWRPVmdwQ1FXZFVSV3RrZVZwWFJqQmFXRWxuVkZkR2RWa3lhR3hqTTFKc1kycEZVVTFCTkVkQk1WVkZRbmhOU0ZVeVJuTmFiVGw1V2tSRldVMUNXVWRCTVZWRkNrTm9UVkJWTWxacVpFZHNibUo1UWsxaFZ6RndaRWRXYTAxVVkzZE9VVmxFVmxGUlJFVjVOVlJhVjA0d1lWZGtka2xHU2xSUlUwSkZZakl4YUdGWE5HY0tWbTFHYzJGWFVtaGtSMngyWW1sQ1ZGcFhUakZqYlZWblZUSldlV1J0Vm5sSlJVNUNUVWxKUWtscVFVNUNaMnR4YUd0cFJ6bDNNRUpCVVVWR1FVRlBRd3BCVVRoQlRVbEpRa05uUzBOQlVVVkJNVzVOZWpGMFl6aEpUa0ZCTUdoa1JuVk9XU3RDTmtrdmVEQklkVTFxUkVwelIzbzVPVW92VEVWd1oxQk1WQ3RPQ2xSUlJVMW5aemhZWmpKSmRUWmlhRWxsWm5OWFp6QTJkREY2U1d4ck4yTklkamRzVVZBMmJFMTNNRUZ4TmxSdUx6SlpTRXRJZUZsNVVXUnhRVXB5YTJvS1pXOWpaMGgxVUM5SlNtODRiRlZTZG1nelZVZHJSVU13VFhCTlYwTlNRVWxKZWpkVE0xbGpVR0l4TVZKR1IyOUxZV05XVUVGWVNuQjZPVTlVVkVjd1JRcHZTMDFpWjI0MmVHMXliblI0V2pkR1RqTnBabTFuWnpBck1WbDFWMDFSU2tSbldtdFhOM2N6TTFCSFprdEhhVzlXY2tOVGJ6RjVablUwYVZsRFFuTnJDa2hoYzNkb1lUWjJjME0yWldWd00wSjNSVWxqTkdkTWR6WjFRa3N3ZFN0UlJISlVRbEZDWW5kaU5GWkRVMjFVTTNCRVEyY3ZjamgxYjNsa1lXcHZkRmtLZFVzelJFZFNaVVZaS3pGMlZuWXlSSGt5UVRCNFNGTXJOWEF6WWpSbFZHeDVaM2htUmxGSlJFRlJRVUp2TkVsQ1ltcERRMEZYYjNkSWQxbEVWbEl3YWdwQ1FtZDNSbTlCVlZVemJTOVhjVzl5VTNNNVZXZFBTRmx0T0VOa09ISkpSRnB6YzNkSVVWbEVWbEl3VDBKQ1dVVkdTVEpOV0hOU1ZYSlpjbWhrSzIxaUNpdGFjMFkwWW1kQ2FsZElhRTFCTkVkQk1WVmtSSGRGUWk5M1VVVkJkMGxDYUdwQlUwSm5UbFpJVWsxQ1FXWTRSVU5FUVVkQlVVZ3ZRV2RGUVUxQ01FY0tRVEZWWkVwUlVWZE5RbEZIUTBOelIwRlJWVVpDZDAxQ1FtZG5ja0puUlVaQ1VXTkVRV3BCWWtKblRsWklVMEZGUmtSQlUwMUJXVWRDUmxWa1NVRkJkd3BEUVZsSFdqUkZUVUZSU1VKTlJrRkhRVEZWWkVoM1VrcE5SV04zVW1GQ1JHOUZSMGRRTW1nd1pFaEJOa3g1T1dwamJYZDFaRmhPYkdOdVVubGtXRTR3Q2t4dFRuWmlVemxXVlRCV1UxWklTakZqTTFKVFZUQkdSRnBZU2pCaFYxcHdXVEpHTUdGWE9YVlJXRll3WVVjNWVXRllValZNYlU1NVlrUkNNa0puWjNJS1FtZEZSa0pSWTBKQlVWSnhUVWRuZDFCM1dVbExkMWxDUWxGVlNFMUJTMGROTW1nd1pFaEJOa3g1T1dwamJsRjFaRmhPYkdOdVVubGtXRTR3VEcxT2RncGlVemxXVlRCV1UxWklTakZqTTFKVFZUQkdRbHBIVWxWamJsWjZaRVZPUWt4dFRubGtSRUZzUW1kbmNrSm5SVVpDVVdOM1FWbFpXbUZJVWpCalJHOTJDa3d5T1dwak0wRjFaRmhPYkdOdVVubGtXRTR3VEcxT2RtSlVRVTVDWjJ0eGFHdHBSemwzTUVKQlVYZEdRVUZQUTBGblJVRk5jamxvZGxFMVNYY3dMMGdLZFd0a1RpdEtlRFJIVVVoalJYZ3lRV0l2ZWtSalRGSlRiV3BGZW0xc1pGTXJla2RsWVRaVWRsWkxjVXBxVlVGWVlWQm5Va1ZJZWxONWNraDRWbGxpU0FvM2NrMHlhMWxpTWs5V1J5OVNjamhRYjB4eE1Ea3pOVXA0UTI4eVJqVTNhMkZFYkRaeU5WSlBWbTByZVdWNmRTOURiMkU1ZW1OV00waEJUelJQVEVkcENrZ3hPU3N5TkhKalVtdHBNbUZCY2xCemNsY3dOR3BVYTFvMmF6UmFaMnhsTUhKcU9HNVRaelpHTUVGdWQyNUtUMHRtTUdoUVNIcFFSUzkxVjB4TlZYZ0tVbEF3VkRka1YySnhWMnh2WkRONmRUUm1LMnNyVkZrMFEwWk5OVzl2VVRCdVFtNTZkbWMyY3pGVFVUTTJlVTl2WlU1RVZEVXJLMU5TTWxKcFQxTk1kZ3A0ZG1OU2RtbExSbmh0V2tWS1EyRlBSVVJMVG5sS1QzVkNOVFpFVUdrdldpdG1Wa2RxYlU4cmQyVmhNRE5MWWs1SllXbEhRM0JZV2t4dlZXMUhkak00Q25OaVdsaFJiVEpXTUZSUU1rOVNVVWRuYTBVME9WazVXVE5KUW1Kd1RsWTViRmhxT1hBMWRpOHZZMWR2WVdGemJUVTJaV3RDV1dSaWNXSmxORzk1UVV3S2JEWnNSbWhrTW5wcEsxZEtUalEwY0VSbWQwZEdMMWswVVVFMVF6VkNTVWNyTTNaNmVHaEdiMWwwTDJwdFVGRlVNa0pXVUdrM1JuQXlVa0puZGtkUmNRbzJha2N6TlV4WGFrOW9VMkpLZFUxTVpTOHdRMnB5WVZwM1ZHbFlWMVJpTW5GSVUybG9jbHBsTmpoYWF6WnpLMmR2TDJ4MWJuSnZkRVZpWVVkdFFXaFpDa3hqYlhOS1YxUjVXRzVYTUU5TlIzVm1NWEJIWnl0d1VubHlZbmh0VWtVeFlUWldjV1U0V1VGelQyWTBkbTFUZVhKamFrTTRZWHBxVldWeGEyc3JRalVLZVU5SFFsRk5hMHRYSzBWVFVFMUdaMHQxVDFoM1NXeERlWEJVVUZKd1oxTmhZblZaTUUxTVZFUllTa3hTTWpkc2F6aFJlVXRIVDBoUksxTjNUV28wU3dvd01IVXZTVFZ6VlV0VlJYSnRaMUZtYTNremVIaDZiRWxRU3pGaFJXNDRQUW90TFMwdExVVk9SQ0JEUlZKVVNVWkpRMEZVUlMwdExTMHRDaTB0TFMwdFFrVkhTVTRnUTBWU1ZFbEdTVU5CVkVVdExTMHRMUXBOU1VsR00ycERRMEU0WVdkQmQwbENRV2RKVVVGbU1YUk5VSGxxZVd4SGIwYzNlR3RFYWxWRVRGUkJUa0puYTNGb2EybEhPWGN3UWtGUmQwWkJSRU5DQ21sRVJVeE5RV3RIUVRGVlJVSm9UVU5XVmsxNFJYcEJVa0puVGxaQ1FXZFVRMnMxYkdSNVFrdGFXRXA2V2xocmVFWkVRVk5DWjA1V1FrRmpWRU13Y0d3S1kyNU9iR1ZUUWtSaFdGSTFUVkkwZDBoQldVUldVVkZMUlhoV1ZXRkhWV2RXVms1R1ZXeFNVMVpXVGxWSlJUVnNaRWhrZG1OdGMzaE1ha0Z6UW1kT1ZncENRVTFVU2xaV1ZGSldTbFZqYmxaNlpFTkNVMVV3UldkUk1sWjVaRWRzYldGWFRtaGtSMngyWW1sQ1FtUllVbTlpTTBwd1pFaHJkMGhvWTA1TlZFRjNDazFxUVhoTlJFRjNUVVJCZDFkb1kwNU5lbWQzVFZSRk5FMXFUVEZQVkZVMVYycERRbWxFUlV4TlFXdEhRVEZWUlVKb1RVTldWazE0UlhwQlVrSm5UbFlLUWtGblZFTnJOV3hrZVVKTFdsaEtlbHBZYTNoR1JFRlRRbWRPVmtKQlkxUkRNSEJzWTI1T2JHVlRRa1JoV0ZJMVRWSTBkMGhCV1VSV1VWRkxSWGhXVlFwaFIxVm5WbFpPUmxWc1VsTldWazVWU1VVMWJHUklaSFpqYlhONFRHcEJjMEpuVGxaQ1FVMVVTbFpXVkZKV1NsVmpibFo2WkVOQ1UxVXdSV2RSTWxaNUNtUkhiRzFoVjA1b1pFZHNkbUpwUWtKa1dGSnZZak5LY0dSSWEzZG5aMGxwVFVFd1IwTlRjVWRUU1dJelJGRkZRa0ZSVlVGQk5FbERSSGRCZDJkblNVc0tRVzlKUTBGUlEwRkZiVlZZVG1jM1JESjNhWG93UzNoWVJGaGlkSHBUWmxSVVN6RlJaekpJYVhGcFFrNURVekZyUTJSNlQybGFMMDFRWVc1ek9YTXZRZ296VUVoVWMyUmFOMDU1WjFKTE1HWmhUMk5oT0U5b2JUQllObUU1WmxveWFsa3dTekprZGt0d1QzbDFVaXRQU25Zd1QzZFhTVXBCU2xCMVRHOWtUV3RaQ25SS1NGVlpiVlJpWmpaTlJ6aFpaMWxoY0VGcFVFeDZLMFV2UTBoR1NIWXlOVUlyVHpGUFVsSjRhRVp1VW1kb1VuazBXVlZXUkNzNFRTODFLMkpLZWk4S1JuQXdXWFpXUjA5T1lXRnVXbk5vZVZvNWMyaGFja2hWYlROblJIZEdRVFkyVFhwM00weDVaVlJRTm5aQ1dsa3hTREZrWVhRdkwwOHJWREl6VEV4aU1ncFdUak5KTlhoSk5sUmhOVTFwY21SamJYSlRNMGxFTTB0bWVVa3djbTQwTjJGSFdVSlNUMk5DVkd0YVZHMTZUbWM1TlZNclZYcGxVV013VUhwTmMwNVVDamM1ZFhFdmJsSlBZV05rY21wSFExUXpjMVJJUkU0dmFFMXhOMDFyZW5SU1pVcFdibWtyTkRsV2RqUk5NRWRyVUVkM0wzcEtVMXB5VFRJek0ySnJaallLWXpCUWJHWm5ObXhhY2tWd1prUkxSVmt4VjBwNFFUTkNhekZSZDBkU1QzTXdNekF6Y0N0MFpFOXRkekZZVG5SQ01YaE1ZWEZWYTB3ek9XbEJhV2R0VkFwWmJ6WXhXbk00YkdsTk1rVjFURVV2Y0VSclVESlJTMlUyZUVwTmJGaDZlbUYzVjNCWWFHRkVla3hvYmpSMVoxUnVZM2hpWjNST1RYTXJNV0l2T1Rkc0NtTTJkMnBQZVRCQmRucFdWbVJCYkVveVJXeFpSMjRyVTA1MVdsSnJaemQ2U200d1kxUlNaVGg1WlhoRVNuUkRMMUZXT1VGeFZWSkZPVXB1YmxZMFpXVUtWVUk1V0ZaTFp5c3ZXRkpxVERkR1VWcFJibTFYUlVsMVVYaHdUWFJRUVd4U01XNDJRa0kyVkRGRFdrZFRiRU5DYzNRMksyVk1aamhhZUZob2VWWmxSUXBJWnpscU1YVnNhWFYwV21aV1V6ZHhXRTFaYjBOQlVXeFBZbWRQU3padWVWUktZMk5DZWpoT1ZYWllkRGQ1SzBORWQwbEVRVkZCUW04d1NYZFJSRUZrQ2tKblRsWklVVFJGUm1kUlZWVXpiUzlYY1c5eVUzTTVWV2RQU0ZsdE9FTmtPSEpKUkZwemMzZEVaMWxFVmxJd1VFRlJTQzlDUVZGRVFXZEZSMDFCT0VjS1FURlZaRVYzUlVJdmQxRkdUVUZOUWtGbU9IZEVVVmxLUzI5YVNXaDJZMDVCVVVWTlFsRkJSR2RuU1VKQlJucFZaa0V6VURsM1JqbFJXbXhzUkVoUVJncFZjQzlNSzAwcldrSnVPR0l5YTAxV2JqVTBRMVpXWlZkR1VFWlRVRU5sU0d4RGFuUkllbTlDVGpaS01pOUdUbEYzU1ZOaWVHMTBUM1Z2ZDJoVU5rdFBDbFpYUzFJNE1tdFdNa3g1U1RRNFUzRkRMek4yY1U5c1RGWlRiMGRKUnpGV1pVTnJXamRzT0hkWVJYTnJSVlpZTDBwS2NIVllhVzl5TjJkMFRtNHpMek1LUVZScFZVWktWa1JDZDI0M1dVdHVkVWhMYzFOcVMwTmhXSEZsV1dGc2JIUnBlamhKS3pocVVsSmhPRmxHVjFOUlJXYzVla3RETjBZMGFWSlBMMFpxY3dvNFVGSkdMMmxMZWpaNUswOHdkR3hHV1ZGWVFtd3lLMjlrYmt0UWFUUjNNbkkzT0U1Q1l6VjRhbVZoYldKNE9YTndia1pwZUdScVVXY3pTVTA0VjJOU0NtbFJlV05GTUhoNVRrNHJPREZZU0daeGJraGtOR0pzYzJwRWQxTllWMWhoZGxaalUzUnJUbkl2SzFobFZGZFpVbFZqSzFweWRYZFlkSFZvZUd0WmVtVUtVMlkzWkU1WVIybEdVMlZWU0UwNWFEUjVZVGRpTms1dVNsTkdaRFYwTUdSRGVUVnZSM3AxUTNJcmVVUmFORmhWYlVaR01ITmliVnBuU1c0dlpqTm5XZ3BZU0d4TFdVTTJVMUZMTlUxT2VXOXplV05rYVhsQk5XUTVlbHBpZVhWQmJFcFJSekF6VW05SWJraGpRVkE1UkdNeFpYYzVNVkJ4TjFBNGVVWXhiVGt2Q25GVE0yWjFVVXd6T1ZwbFlYUlVXR0YzTW1WM2FEQnhjRXRLTkdwcWRqbGpTakoyYUhORkwzcENLelJCVEhSU1dtZzRkRk5SV2xoeE9VVm1XRGR0VWtJS1ZsaDVUbGRSUzFZelYwdGtkM0p1ZFZkcGFEQm9TMWRpZERWRVNFUkJabVk1V1dzeVpFUk1WMHROUjNkelFYWm5ia1Y2UkVoT1lqZzBNbTB4VWpCaFFncE1Oa3REY1RsT2FsSklSRVZxWmpoMFRUZHhkR296ZFRGalNXbDFVR2h1VUZGRGFsa3ZUV2xSZFRFeVdrbDJWbE0xYkdwR1NEUm5lRkVyTmtsSVpHWkhDbXBxZUVSaGFESnVSMDQxT1ZCU1luaFpkbTVMYTB0cU9Rb3RMUzB0TFVWT1JDQkRSVkpVU1VaSlEwRlVSUzB0TFMwdENnb0sKICAgIHNlcnZlcjogaHR0cHM6Ly9mNS1iaWctaXAuY29uc29sZS52ZXMudm9sdGVycmEuaW8vYXBpL3ZrOHMvbmFtZXNwYWNlcy9zaG9wL3Nob3Atdms4cwogIG5hbWU6IHNob3Atdms4cwpjb250ZXh0czoKLSBjb250ZXh0OgogICAgY2x1c3Rlcjogc2hvcC12azhzCiAgICBuYW1lc3BhY2U6IHNob3AKICAgIHVzZXI6IG0ua2VubmVkeUBmNS5jb20KICBuYW1lOiBzaG9wLXZrOHMKY3VycmVudC1jb250ZXh0OiBzaG9wLXZrOHMKa2luZDogQ29uZmlnCnByZWZlcmVuY2VzOiB7fQp1c2VyczoKLSB1c2VyOgogICAgY2xpZW50LWNlcnRpZmljYXRlLWRhdGE6IExTMHRMUzFDUlVkSlRpQkRSVkpVU1VaSlEwRlVSUzB0TFMwdENrMUpTVWRCVkVORFFTdHRaMEYzU1VKQlowbFJRM3AxY1ZkNVpFSlhRbGgxUVdjMmVsUXZPV1YyUkVGT1FtZHJjV2hyYVVjNWR6QkNRVkZ6UmtGRVEwSUtkR3BGVEUxQmEwZEJNVlZGUW1oTlExWldUWGhGZWtGU1FtZE9Wa0pCWjFSRGEwNW9Za2RzYldJelNuVmhWMFY0UmtSQlUwSm5UbFpDUVdOVVF6Rk9hQXBpYmxKb1NVVk9jMWxZU21oTlVqaDNTRkZaUkZaUlVVdEZlRnBYWWpKNE1GcFlTbmxaVTBKR1drZGtiRWxHVG14amJscHdXVEpXZWsxVFFYZElaMWxFQ2xaUlVVeEZlR1JLWW0xYWVWbFlUakJqYmxacVpFaFdlVnBUUWxSYVYwNHhZMjFzTUdWVVJUVk5SR05IUVRGVlJVRjRUWGRWUmtwUVVrTkJkRWxHVW13S1ltMUdkV1JEUWxaak1sWjVTVVZPYkdOdVVuQmFiV3hxV1ZoU2JFbEZiSHBqTTFad1ltMWpaMUV3UldkTVUwSXlUV2swZUUxQ05GaEVWRWw1VFZSSmVRcE5WRUY1VFhwRmVrNUdiMWhFVkVsNlRVUk5lVTFFUVhsTmVrVjZUa1p2ZDB4cVJWSk5RVGhIUVRGVlJVTm9UVWxrYlRselpFZFdlV050UlhoSFZFRllDa0puVGxaQ1FVMVVSVVpXVkZKV1NYUlJNRlpUVmtWc1IxTlZUa0pXUlZWM1oyZEphVTFCTUVkRFUzRkhVMGxpTTBSUlJVSkJVVlZCUVRSSlEwUjNRWGNLWjJkSlMwRnZTVU5CVVVOc1kyUlJWbmxYYlc4eGNtWlBWeXRJVUhKc1dVeEdlRlZ6VjJoSEsxZDZlRkJrZGxWNmNDdElPSHBNZDFjd2QweDBkVVoxZEFwS1JWZE9OVFJPWmxwbVZsSjNRMU15ZFRkUFMwSm1ja1pMWlhGR0szWkJVRm96VlZrclJUZFBhM0Z4YjBOSE1VZDZhMXB2VEVaNGVqRmlNbTkxYVdVekNtZGpOWHBvT0UwM1JHUTFaM2ROWlRkWGMwdE1aM040VWtFMWRIaDVPQzlpZFV4T2IwMDROa1JTTjI1VlFsQkhiRnBOUTBGc1RYWXdNa2h1ZEc5MldrRUtjMWxQYjFKYVdHSnNlaTlYWldwWE1rdDViM1o0VWtwMk4xY3pPVGRUVDNnck1Xd3hiMEozYkhsWWFUZzRSVUZvVUVOcFJUbHVRV3hNYUdkUFpEQjRlQXBWZUZjdlJVdFllSEpUVGtSWlFqaHJlbU0zT0hwa1lYSjFlVk5KVkN0aVIzRnNlR1ZwYnpoaWQzbDBOV0Z5U3pCaGVEZFVaWEJPVlZObksxTk9kM2M1Q210dUswNWFhVXA0YW1OVlJEaG5WRE5qUzNWYVJURkdiV1J0ZERsemExZHZhVEZwYkVKWk9HWnBhekpMWmtkd1VYWmxaR1pKYmpkc09XMUpaM016YmtrS1ZUZE5UekZUWVcwdlZscHFVa0ZQU1V4WWVrMWpRbEpxZWs1S2VrNTZSVzByYjBSTE9FZDNiMjVhYVhGMWRtUlpaRTVoTUdJdldtRllOWGRrSzJKamRBcGljVUkxY1dvdlIySjZPVFkxYkN0d01tbEhlR05aY0NzMk1GQnhVR1F4WlhseEwwZDBWVE5aYlZsWFpVTk9UVTl0Y0RsaGQxUjNlSEl3ZVZOT0wwMUhDbUpwT0c5VWNtdDZiVGRVVFhwVlluTTBjMDVXYTBZd2VUWTBOV3B0ZFVSaldWRXhMMmw0Y0RCaWVXWXpWR3BHUkhkcGFsQnZiMk5EZG1oNlp6aEtVMllLVEV0R1NHNVRhVmRNZFM5elJsTlZWMGxOU3psbWRWaDFkek13UlZWSlVuWXhkRTFuVFZCb1dHUklaWGxMZEZOc1RUWnphRTE1V21weFIxcDBUVUpUZEFweWNEazRiRXgwV21JM1VETnViM054Y2t3NFNVTXhabTlyWjBWMWNIQmxlbXhIYjFOaGVYZFFjRE5tYlROTlNHWmhXVFJvUkZGSlJFRlJRVUp2TkVkU0NrMUpSMDlOUVRSSFFURlZaRVIzUlVJdmQxRkZRWGRKUm05RVFWUkNaMDVXU0ZOVlJVUkVRVXRDWjJkeVFtZEZSa0pSWTBSQmFrRmtRbWRPVmtoUk5FVUtSbWRSVlc0M1RXYzNVMGhrVEd0S2RrZzFZemxKVTBkNVFXOUZRalZNZDNkSloxbE5TM2RaUWtKQlIwUnZVVFJDUVZGRlFrSkNTVVZGUnpCMVlUSldkUXBpYlZaclpWVkNiVTVUTldwaU1qQjNTa0ZaVFV0M1dVSkNRVWRFYjFFMFFrRlJSVU5DUWxGRlJXMVpNVXhYU25CYWVURndZME14YmxwSWJEUmFiVFV4Q21KVVFVNUNaMnR4YUd0cFJ6bDNNRUpCVVhOR1FVRlBRMEZuUlVGM1RuVk5lbGgzWVZacFNIbGlaeklyV2k5TWNubHpkWGhvVG14clZGRkdibUpFVjJNS05WaG5PRGxYUzNsdWVrMXBVR0o0Tm5Vd1YwTXhUa1I2ZW1aVVFqVnlNWFpYZEZRd1FYSlBXRlJ1TjNWdmFWZFROVFpzUkc4d2JrcE9iRlIzTjJ4Mk5nb3hSRWM1WTBNMFZsRm5hVXN2Vkdoa2MxZExTa04yVUVSbU5WRjVNamxSZUVSb1YwYzBRbGhFVFhaSVdGZG9lbGN2VlRNeGNuTnpRMEZhUkZkS2RqRkNDbVp2T1V4Wk5WcGlVV0ozVFV0Qkwzb3phVzFsYWtsR05tcG1ObUZOVjJSRFdIVXlaazFCVkROYWNtTjRObk01Y0VOUVlraGxUVll6VWl0cWJVcHhlV2dLVUhWb1ZqWnVXblpLVWtVckt6RlFjbVpFU21Zd1VEVmpSMjFIV2t4RldHdEpPVmR6YkdWMVpFSkRkeXRpZDJwSGRubDFUWE5UVkVnNFRuUTVLMFJrYndwdlVEaG9NRWxqUWtsbllrVlZSbGxJU1ROeE5rbGpNM2t6VVZsWmJGUmFOa2xCWmpCaGFGUmtkSGcwYW5KYU0yMXZaV1J4SzI5dVRUZ3pNM1oxTW1sbENscGhOR1F4UVVsQ2REbDZjVVZFZWtWck1sQllNRlUyYVhWWlZVSlhZazAyTUhNMkwwNXFVbWhVVWpsSmRtZ3pkR1UwUTNwYU1VczBlbEowWkU5VmJWQUtWM2RHWWtWbFExTXpTMUZoWVhwV2NUTkVOMHN2V200emVURlRWR2R6YVRodmMxSnlZVVZ2T0VzeFNubzVhVmxtS3pGbGRtRktOSFJNUnpGT1ZETTJiZ3BaZWpaSFpGRXJSbmxRTm1kRlVWTm9MMHRIWkUxcmNYTXhXR2h6YldKRk9Vb3hURVJET1VaVlR5dDJUbVUwTDNOTFRXRlRhak52ZGpGTVpVUklOVTlvQ2pGdE1HaHBkR1puUmpBNVlXMUxXRlo1VWtrdlVHeG5iVFFyU0U5bk9WcFpXamgxZEcxM1RYVjNSR0pCY2s0elVVdE9kR1pIYVROaUsyWnpibE5UU2pJS01WbzFWbk5aVTNobE1ubFViakJWYjJKVFkyUkhOblJFY2pOcVNHVXlOMDB4TUdwWFVrRXJhV3hxTmxGNmJFUnhhWGxaZUhVck9EWjJWMEU1YVZWU1V3b3ZMelJDWm5WQlBRb3RMUzB0TFVWT1JDQkRSVkpVU1VaSlEwRlVSUzB0TFMwdENpMHRMUzB0UWtWSFNVNGdRMFZTVkVsR1NVTkJWRVV0TFMwdExRcE5TVWxIWTFSRFEwSkdiV2RCZDBsQ1FXZEpVa0ZKV1Rnd1MySkhTaXN2UzNSRGVHRjZTVFJHWm0xWmQwUlJXVXBMYjFwSmFIWmpUa0ZSUlV4Q1VVRjNDbWRpUlhoRGVrRktRbWRPVmtKQldWUkJiRlpVVFZKTmQwVlJXVVJXVVZGSlJYZHdSRmxYZUhCYWJUbDVZbTFzYUUxU1VYZEZaMWxFVmxGUlNFVjNkRlFLV1ZjMU1GbFRRa1JpUjBaNVdWUkZaazFDTUVkQk1WVkZRMmhOVjFadE9YTmtSMVo1WTIxRloxSlhVbTVhVTBKVVdsaEtNbUZYVG14amVrVm5UVUkwUndwQk1WVkZRM2hOV0ZOWE5XMWpiVVo2WkVoS01Wa3pVakZqYlZWblZUSldhbVJZU25Ca1NHdDRUa1JCZVVKblRsWkNRVTFVU3pGQ1UxUXdVV2RNVTBKVkNscFhOV2hpYmxGblZsaE9iR05wUWtSYVdFb3dZVmRhY0ZreVJqQmFVMEpUWWpJNU1FbEZUa0pKUXpCblpHcEpkMGhvWTA1TmFrRjNUbXBGZUUxVVZURUtUbnBGTUZkb1kwNU5hbFYzVG1wRmVFMVVWVEZPZWtVd1YycERRblJxUlV4TlFXdEhRVEZWUlVKb1RVTldWazE0UlhwQlVrSm5UbFpDUVdkVVEydE9hQXBpUjJ4dFlqTktkV0ZYUlhoR1JFRlRRbWRPVmtKQlkxUkRNVTVvWW01U2FFbEZUbk5aV0Vwb1RWSTRkMGhSV1VSV1VWRkxSWGhhVjJJeWVEQmFXRXA1Q2xsVFFrWmFSMlJzU1VaT2JHTnVXbkJaTWxaNlRWTkJkMGhuV1VSV1VWRk1SWGhrU21KdFdubFpXRTR3WTI1V2FtUklWbmxhVTBKVVdsZE9NV050YkRBS1pWUkZOVTFFWTBkQk1WVkZRWGhOZDFWR1NsQlNRMEYwU1VaU2JHSnRSblZrUTBKV1l6SldlVWxGVG14amJsSndXbTFzYWxsWVVteEpSV3g2WXpOV2NBcGliV05uVVRCRloweFRRakpOYVRSNFRVbEpRMGxxUVU1Q1oydHhhR3RwUnpsM01FSkJVVVZHUVVGUFEwRm5PRUZOU1VsRFEyZExRMEZuUlVFd1ZrUnhDbWgwTlV0WWRXdFNSMEpFVG01RmJ5dFphMVJ4WldaS1MxRjJUR2RJU1ZKQlJ6bHJNV0pCUkZkM1l6QjZLMFZtVm5rMGJXWm9XakZ1UzNwU05tbDJjbThLV21neU5FMXZTVzlYWmpaUmFGRXZlVUZyTlRSSk4zWjFZMDB2ZURGdloxVm9XVTVOT1hOTWNEVlZOSEF4TVRsNmVqaEdVakJMYjFSbmJsQXpSbTgyYUFweFJ5dEhaRkZqU21zeE1UQlBTbFZ6UnpSUGNIWllVa0pxVUN0Rk1TOXZSSFk0UkdKSVJGZGtVWEZwSzFZeVREZGpXak15VEVwdVF6VnhUMHRHWWpoUENrcGpaVVZIUW0xQ1lqSnlNbXBzVERKM01IbzNZMGcyWlZkaWVWbGhNRWxhUzI4M2VuZHphbTVRVFVwNFZrVkxiMGx0TWpCS1YybEhUbmRNVlhoR1UzRUtUak5JY0RoTFpFZFFXaXRHTjA1emF6aHhTR3RYVEZOSFNEWTJhMkZQYUhJM2FWbHVhVGQyTkZsa2RWTXlRMHRHVFVkVlduZElOa2czTXl0NU1uaEtSQXBrWW5OQlFuQlpVMWhpUVhSSU1rUnRWREp3UWxOS1JsRjJSa2t6VFZSRk1sVXdiRU5HVFVwTFFteFNNSEp4U1ZGWVprMXZlbGw1YmtGSk1FOVhiM1JuQ21OME9Hd3lTM0E1Ym5WUFVVRkpSbXB0Y2twTWNEQlFSVVJJYUc5TE0wUXdTMGxPV2xkS1RXTTVTbTlKWlVOWFpXdEdWSEZPTkdKbFFuQlJhMFpvVVRRS1ZIZDJSME0wTmpSMlExRjBSbkJoVTFaSmJYVXhjMkprWlZSM1Z6QmFPWGxVVmxkemIwa3dVblEyVWxCeWEyWmFaVTV6TVhOd1pESnViM05LTWpseFdRcE5Xa3RoZVdzclVIbERZbmt2UVZObk5tdFdaMlpTWTFsVFQwVjRkbEp6TlhZMGMyOU9OWFJ1UTBOd2FIZDBhVFJ6TWtWcmFEUjBlR1pxTmtoR1owa3ZDbGxRYWtOcVIybG9jSEo0Ym0xRll6ZHNTVWwwVlhKSWFtMVljazAyWlZvME1WVXliamxPUkVGWFRHb3pjRFJKTW1RNE5HUXhMMDU0VDBwa2FsTlFORElLVVZKaFNIQkVVRWt5U0hsU1ZrZHJhbWR2WnpCblZrdFNiRkJQVmpKb1VGUmhZa294UkVsclEwRjNSVUZCWVU0NVRVaHpkMFJuV1VSV1VqQlFRVkZJTHdwQ1FWRkVRV2RMUlUxQk9FZEJNVlZrUlhkRlFpOTNVVVpOUVUxQ1FXWTRkMWRCV1VsTGQxbENRbEZWU0VGUlJVVlVSRUpMVFVWblIwTkRjMGRCVVZWR0NrSjZRVUpvYW5oMldUTk9kMHh1V214amVUVndZbms1VVZWck9VVkpRekJuVmtkV2RWbFhOVEJKUmxaNldsaEpaMUV5Vm5sa1IyeHRZVmRPYUdSSFZXY0tVMWhPZW1SWGJIVmFlVUpFVVZOQmRFbElXWGxNYWtWM1JGRlpTa3R2V2tsb2RtTk9RVkZGVEVKUlFVUm5aMGxDUVU1MGRIWTVVWGRDZWtsbU0wTk9XZ3BhVWt4M01FRk1kV3BHUm5saU5ESkpUMjlTTjFCT2FqSXdUSE5HYTFKSGFGaHhUMmR1ZUdoVWRHaGxORVZZUjA1M2IwcGtlVTlCV0daRFZsaHNjM05vQ2pVMEsyOURRVU4zZHpWcVozZ3lTbFpNT1VOS1VGQndNVlpCVmtoWmEyc3ZjV0YzV1ZSUmREWk9lRGxuUzNFNVoyNTNha1l3UWpkVk1YTnpSMGxTWm1vS2NFYzVPREl3TjAxVGJrcEROM3BVY0RsMFdtczVVVk4xUnl0eFIzTlhlVTFOTkVwTWVHZGhXazluYVVSUVJreFdaazF0VVhGMVZHazROV2RoVFhkSFRRcG5SM0Z2V25sbVRUY3pSVkpGTVRWQmEwSXlVVTQ1YjI5b1NuRXpSRXh2ZEUwclJrdG5TM1JsTDFwd2NtNU9UbmRQZURGVlRuSm5NbWhUYkZOTmRURkRDbmd5ZGtadlNrSkdlVWhxWWtKNU5UQmFXRmRrYzNkcVkxbHRjVlJXU0ZsTk5tWklUbEZ3Vld4T1UxUkpWR0pVTlZZeVZWUmxSbGMyY0VOcldFOURaMllLZUVwMlpVRjJOME5zVmpreVMwWXlNRFZuVERSUlFrTTFkMDlrVDFoUVNXdExRalJXV0daa1prUklPR0YzVGpJeksxUllSbHBUZEhZNGNYbEVOR2xxVEFwelVqbHlLMnQxS3pKM1IxcE9UR0l5U1RaV04yWkplWFJaVUU0d2FVUm9Ta3AxV2xnNWRtdFhabWh5VGl0aWJqaDFielpCY0U5TVp6YzVVa2hITTFBekNsRlNWMEpyYUVGdE1HWXJZak5vTkRWS2NVOXNiV3BxWVRSYVFrWmlkRm9yUmxsT1ZGZGlWVXRpTHpZelVrTjZkaXROTkZnd1NXeFhSVk5rUVVsdGFtd0tMMVUwTlVGS2FtdHBaSEJNTkVSTmR6ZENkVk5SUlVWSkwyOWpSRGhUWjJac056bDRabWRMV1d0RGRtTnZLMjF2VkVGbVUzRlJiRWQzVW5aUU4wbGphZ281UzBKWWNGRXlVVmRTYjBKR1lWRnRkM012TUhFeWJHZEVkR2tyZW1KTGNWbFJlR1pSTTBreFZ6SmFVRk5JVTBWRWNVVldjVFZIWVVWNGRrVkRTRGd5Q21WWWFUQlNUVXBOZEdkQmFXTTRhVWxVTXpGQ1ZXeGFXSEY1UTBVS0xTMHRMUzFGVGtRZ1EwVlNWRWxHU1VOQlZFVXRMUzB0TFFvdExTMHRMVUpGUjBsT0lFTkZVbFJKUmtsRFFWUkZMUzB0TFMwS1RVbEpSMXA2UTBOQ1JTdG5RWGRKUWtGblNWSkJTamRuVlRBMU9HWkRWVXg0WnpsbldFdDFZVVZLTkhkRVVWbEtTMjlhU1doMlkwNUJVVVZNUWxGQmR3cG5Za1Y0UTNwQlNrSm5UbFpDUVZsVVFXeFdWRTFTVFhkRlVWbEVWbEZSU1VWM2NFUlpWM2h3V20wNWVXSnRiR2hOVWxGM1JXZFpSRlpSVVVoRmQzUlVDbGxYTlRCWlUwSkVZa2RHZVZsVVJXWk5RakJIUVRGVlJVTm9UVmRXYlRselpFZFdlV050UldkU1YxSnVXbE5DVkZwWVNqSmhWMDVzWTNwRlowMUNORWNLUVRGVlJVTjRUVmhUVnpWdFkyMUdlbVJJU2pGWk0xSXhZMjFWWjFVeVZtcGtXRXB3WkVocmVFNUVRWGxDWjA1V1FrRk5WRXN4UWxOVU1GRm5URk5DVlFwYVZ6Vm9ZbTVSWjFaWVRteGphVUpFV2xoS01HRlhXbkJaTWtZd1dsTkNVMkl5T1RCSlJVNUNTVU13WjJScVNYZElhR05PVFdwQmQwNXFSWGhOVkZVeENrNTZSWHBYYUdOT1RYcFZkMDVxUlhoTlZGVXhUbnBGZWxkcVEwSnpWRVZNVFVGclIwRXhWVVZDYUUxRFZsWk5lRVY2UVZKQ1owNVdRa0ZuVkVOclRtZ0tZa2RzYldJelNuVmhWMFY0UmtSQlUwSm5UbFpDUVdOVVF6Rk9hR0p1VW1oSlJVNXpXVmhLYUUxU09IZElVVmxFVmxGUlMwVjRXbGRpTW5nd1dsaEtlUXBaVTBKR1drZGtiRWxHVG14amJscHdXVEpXZWsxVFFYZElaMWxFVmxGUlRFVjRaRXBpYlZwNVdWaE9NR051Vm1wa1NGWjVXbE5DVkZwWFRqRmpiV3d3Q21WVVJUQk5SRWxIUVRGVlJVRjRUWEpWUmtwUVVrTkJkRWxHVW14aWJVWjFaRU5DVm1NeVZubEpSVTVzWTI1U2NGcHRiR3BaV0ZKc1NVWktkbUl6VVdjS1VUQkZaMHhUUWpKTmFrTkRRV2xKZDBSUldVcExiMXBKYUhaalRrRlJSVUpDVVVGRVoyZEpVRUZFUTBOQloyOURaMmRKUWtGT2VIWlBVMVo0TWpGdmNncHhVazFuT1dZelpDOTZVVUUyZERsVFVIZE5jbVpGVHpGdWJsQjNUVVk1WVhkVFNWUjJMek5oV1ZaNFFtRnFlSHBhT0VoeVZsSXhaMDE1YURSRVpFaE5DbFJMYUZJMFVsRklRVXRLVms0M1R6WlRaMDQ1YnpkTEwzY3hhMnhMWW1SYU9XaFRVRkpHZUU1Q09HOU9jelpzSzBOMWJ6bHZhMjlqZFhSaFJIZzBUbkVLVDJaQll6TTFha2x2YUVsSGVXMWplVTV2T1M4NWJHVlFaRXNyY0VWTE1HdEpNSGgwS3pGMFVYZFZRMFpEWVVWbWQydDNUbU5QY1ZOUFIwMTNXVUZJVFFwWmJ6QmxhSEJYUW5WSVVFVlVSRGRFTmtaQmVHOUtkVTVNT1hCRlFWUjJia1pSVDNCYU5ETXdUbm80WlVWclJIQTBheTlzUjBkbE9Xa3ZlWGRVWVZSaUNuZDNObXh0VFRKQk16QkRUMFZVVjNKQk9XOURUMlZqUnpsQldGVjZNbE5DT0VWa2RUaEdjRGxTUkRVM1NqRTVMM1ZwUjNOWksySlZiMVpqYVhoamRHY0thMkpPVUc4d2JWWllhbVJXUzJaS1YyMW1RekJtUzI1Tk4xcFVPR3hPV1hRd1JYRkpOMEZhUVZaeVdtUm5hWFF5VW5CS2FEUldOMk5zU21obU9HVlJVZ3BMUTJoNWFucFVRWGxQZUhBM2JGcGhaRTFXYUhaeU9VTlNZbVVyUmt4Q01XSmtTRUpJU25OaFkwVklTekpZWm13NWFEWnlkRmN5VEZGMlMwTnlRMjF2Q21wblZubzRVSGxtZHpoNlZrTktRV3ROTTFaM01rcG1jR1ZuTmswMVIzY3JMMGhZYjBSSFJpdHhjMncxUkZZelluUm1NQzlSTlRKeVJGVlRjalZCWTJ3S1dFeEZiak41TVVKVE5rMWtLMjV2VFM5eFdXeHRUV3QyTjFsbE9UQTVVbkZVTmxKdldtcHhTVzEzT0RSNFVEWjRZa2h0V0U5bWRYTXZSVTV5T0RVeVpRcHVXa1EzVW1OT05GZDFlRlUyVUZoTmVXVktibFowYVdoT1IweHVZU3QxUkZsNE5GZEJUWE4xU0haVlVHcEVka1JUY2taRFRteEJZVTVJTnpaQ1dIZExDbmRETmk5dVEwcEdUMmRKWlRjd1RFNTNUM1p6Vnk5WmRXbDRhMlpPWkVoTVFXZE5Ra0ZCUjJwbFJFSXlUVUUwUjBFeFZXUkVkMFZDTDNkUlJVRjNTVU1LYUVSQlVFSm5UbFpJVWsxQ1FXWTRSVUpVUVVSQlVVZ3ZUVVpOUjBORGMwZEJVVlZHUW5kRlFrSkZZM2RTVkVKRVFtZG5ja0puUlVaQ1VXTjNRVmxaTXdwaU1rNTZZME0xTWxwWVRYVmhWemgyVlVaS1VGSkRRWFJKUmxKc1ltMUdkV1JEUWxaak1sWjVTVVZPYkdOdVVuQmFiV3hxV1ZoU2JFbEdTblppTTFGbkNsRXdSV2RNVTBJeVRXcEJUa0puYTNGb2EybEhPWGN3UWtGUmMwWkJRVTlEUVdkRlFUSjVXVE5OSzJaWFMyUjZSRVZhTlVsb04xQk9kV3hyV1dGNlkyTUtTRFo2VlROQ1owd3JWVlJ2VVVreWFrNTNkbTF2YjNBNVJIY3JWbVZwUWpkeldGVXdjRm8xY1hvMmVGaENVakV4YTBFMVVXWmxXVEZqVVZoRGVXTk5Md3BFVDBSTlZWTXJabXRwWVRSdGJrZHFjRTUxYUdGMmJtRkZRVVJrV25CSFRGTTBNR1JQVUcxaGFFOURZM0JRYnpkRVREVm1TSFZDUlU1aWFtVTRaRkZtQ2tSR1RrOHpZVnBGYW5JM2VrNDJTVzUzTVM5R1V6ZGxaR2wxY0VkNFprMTRhM2hUZWtGcmJGVkVaRE5EZVZScWRYTTNXRGM1VHpOSkswdFNRMUEwTkcwS2NubERibVowYlhab05tNU9hSGxOYW5aMGNVbHFNbmwxYlRVeVZFOUhWekZ1YmxwcFptRm9SelJMVFhkaVJtNUNPWGQ1YVV0S1NGZHJUbWhUY25WQlR3cHFTbmhJTUd4TGREZFpTa05DUWt0UWVrNVFaazFUUkRkRGJuVndNVFJRU0hCVVQwSXdiWEZNVG5CQ1UxYzFPR2xKVUZjM2RIZGlkbE4xVDFsa2RXOVdDakJSUlc1TFdIVkJjMjFXY0RVMmJra3lNMGhLTkdoaGVWTk1SMlJ4VTBWRGFXWmtaMlpUZDFkYVRrUkdSR0ZHYTJkdFltMUdWbVZuYzBkaU1ucHNMeXNLVFZGWVRITlRLM2hhVFdwV2VtUnRaREJRWjFwc1FUWklhSFUwVlRWd05rZDNWREpwVm5SV1RUWlZXVkkwTUdnM1VYVjFabWh1YmpWYVRYa3JiMFZIUXdwS2NDdGlXbGw0Y25KT1JtOVpaMmhIYVRkV2FXTktabXhTTUc5d2RIaGpVM05uU1U1MVpscFFiMGRFVlhWak1sQnlaMVpwTTJWclZGTmhVMFZsSzNwdUNrVnFObGRHTWs1b1l6aHljbGx1VDFsS01FVnlkVTlWTVZOTVpubGlReXM1ZG5reVdtVnllaTh6ZW5sT1kyaGhRVllyWTNwMllYUm9WRUpDZUdSc1FVc0tTR2t2WWtsb1pXeGhWMWxzY1hKTmJUWlhiMlphZFZSNVVHMU5OalZHT1VkS01sbHlPVFpVS3pKRWNVUXJjV3hQYzBST2IxTmFWbkZYV1ZGdldYQTBaUXBrTUdsSU1pOUtSa1puU2toWVEyYzlDaTB0TFMwdFJVNUVJRU5GVWxSSlJrbERRVlJGTFMwdExTMEsKICAgIGNsaWVudC1rZXktZGF0YTogTFMwdExTMUNSVWRKVGlCUVVrbFdRVlJGSUV0RldTMHRMUzB0Q2sxSlNVcFJkMGxDUVVSQlRrSm5hM0ZvYTJsSE9YY3dRa0ZSUlVaQlFWTkRRMU13ZDJkbmEzQkJaMFZCUVc5SlEwRlJRMnhqWkZGV2VWZHRiekZ5Wms4S1Z5dElVSEpzV1V4R2VGVnpWMmhISzFkNmVGQmtkbFY2Y0N0SU9IcE1kMWN3ZDB4MGRVWjFkRXBGVjA0MU5FNW1XbVpXVW5kRFV6SjFOMDlMUW1aeVJncExaWEZHSzNaQlVGb3pWVmtyUlRkUGEzRnhiME5ITVVkNmExcHZURVo0ZWpGaU1tOTFhV1V6WjJNMWVtZzRUVGRFWkRWbmQwMWxOMWR6UzB4bmMzaFNDa0UxZEhoNU9DOWlkVXhPYjAwNE5rUlNOMjVWUWxCSGJGcE5RMEZzVFhZd01raHVkRzkyV2tGeldVOXZVbHBZWW14NkwxZGxhbGN5UzNsdmRuaFNTbllLTjFjek9UZFRUM2dyTVd3eGIwSjNiSGxZYVRnNFJVRm9VRU5wUlRsdVFXeE1hR2RQWkRCNGVGVjRWeTlGUzFoNGNsTk9SRmxDT0d0Nll6YzRlbVJoY2dwMWVWTkpWQ3RpUjNGc2VHVnBiemhpZDNsME5XRnlTekJoZURkVVpYQk9WVk5uSzFOT2QzYzVhMjRyVGxwcFNuaHFZMVZFT0dkVU0yTkxkVnBGTVVadENtUnRkRGx6YTFkdmFURnBiRUpaT0dacGF6Skxaa2R3VVhabFpHWkpiamRzT1cxSlozTXpia2xWTjAxUE1WTmhiUzlXV21wU1FVOUpURmg2VFdOQ1Vtb0tlazVLZWs1NlJXMHJiMFJMT0VkM2IyNWFhWEYxZG1SWlpFNWhNR0l2V21GWU5YZGtLMkpqZEdKeFFqVnhhaTlIWW5vNU5qVnNLM0F5YVVkNFkxbHdLd28yTUZCeFVHUXhaWGx4TDBkMFZUTlpiVmxYWlVOT1RVOXRjRGxoZDFSM2VISXdlVk5PTDAxSFltazRiMVJ5YTNwdE4xUk5lbFZpY3pSelRsWnJSakI1Q2pZME5XcHRkVVJqV1ZFeEwybDRjREJpZVdZelZHcEdSSGRwYWxCdmIyTkRkbWg2WnpoS1UyWk1TMFpJYmxOcFYweDFMM05HVTFWWFNVMUxPV1oxV0hVS2R6TXdSVlZKVW5ZeGRFMW5UVkJvV0dSSVpYbExkRk5zVFRaemFFMTVXbXB4UjFwMFRVSlRkSEp3T1Roc1RIUmFZamRRTTI1dmMzRnlURGhKUXpGbWJ3cHJaMFYxY0hCbGVteEhiMU5oZVhkUWNETm1iVE5OU0daaFdUUm9SRkZKUkVGUlFVSkJiMGxEUVVkS1kwdFVORWR5T1ZkalUydDZZVmhaWW5WWEswNWxDa0p6TWtkbmRsRk5TUzlCVDJocWNpdDJZVVpvVTNoWE5uZEJkalo0YVRWTE1sUjBSR1k1ZUZGeWNXVTJkREZyV1dkUFdUTktaRGRuVXpkcU5UbHZNRUlLT0dsRk1WSjNNRlJNTTJsV1FXWnlUbTFvYUVjdk0xRjVhQzgxZGtwcWRUUmFZbWhVTlRaTlRsaE1PV2t2V25kTGJXOTZPRFV5U0cwMWFIbHBhMjFLVFFwRVoxZFBaakpIV0ZoQmFVMUpLMjk2TW5seVYza3JZekpoUlRjMmVYSkxkR3gwZFUwck1IQkNVWE5tVG1kdE9XRm1SWFJKVHl0NmJGZE1XbFp5VW05akNtMUNVVkpoTkhGbWJrUlBaMFpzUW5OQ2NEY3JUVXhCTmtacU1VeGxaSGRMUkVkNU5taG9ORWd4UjFsNlIwaEVNa1oyUVM5d1JHZFlSeXRKWVhSMFdUTUtOVXBEYTJsbE5UQmxlakZHVkZKa2MyUkVhRUZ6UzFNeFNEQnlUR2hZUWpWNk0wZFBXR296Y1dwck5FcE1hVU0yUlVwelExaERkWGhxWW1nclN6SkVWQXBQVlRkbFlUWjNXRVpYWVZCWU9XeFpUbFJRVGpBMFNFdEZaVFZ1Y2tKRWVrRmlPVXh0Y0VocWFqSlpObEp5ZHlzM1kwOXNUbGhaZURSVlYyRktlRUZwQ2t0TFVVcEtkWHBrZG5CMU1EWm1NVzVrVGpWa1V6a3dOU3N3VEZJMVdWcGxNa3BMTmswM1ptbGxibVZrVm1aa1RYZFFVRzRySzFSTVJTc3diVWxDU2tJS1NrZzFObTA1YmtGUlRpOWxSa0l4V0RobFFrUnZhMnc0WkRkdlZXazVlbkp0ZEdSdFdGUlBNMjFEY25WSGMxVjNjazgxVldwelRrYzVaSGhtV2twbGJBcGpZbVJwYml0RlowdEtVMmt3UVZob1pHRlpTbmtyYldoR1VDOURjMkZsY2pSc1pYZDBjVk5WU1M5SVJsaFhMMlZ1VFc0clRrRjVhMUpPTWtGck1sTmpDa1J4Wm1OTk9HNXlXbmgwZFV3eFZVUlllRWhoY0d0SmRHMXpNV2xKVG1wcVRuRnhVVFYxTlhWMWNXNVlSVVI2YjJaUWJscFFZbHB6UlZFelEzaGlTallLVlVkdVRHVmhkMHRXZDJ4d2F6QkJaVEZWVG1oQmIwbENRVkZFVHpZME5VcGlXbXNyTldkYWRXSmFRV1IxUVhoMlp6RnNVR051TTBKblRHWnNWVGRHYUFwSFpUaDBhMVkzUWtkRk4weG1NV1UyVFdsc1RUQjJNbkJYYldNdmIwUXJaakozWkhwak1FZFlPRlJrVEhOTlUwRlFOSFptSzNSQlRUQXpUakJUUmtwWkNuUkxSR3d2VG1sdlZIUkxlR05rVFVwU1F5OHJNbTR4TlhrNVdreFRaa2xvVVVScVdub3JSalpxT0haQlNHbG1ZekZKUTFkelluazVTV1pUUjFaeWRUTUtPVVJ6WjAxVlNucHliRXhGZUV0U2FGaFhkRGQzVlZGSlJuaGlMekpqWTA1c1FtMDJURWhEZEVsNUswRk1OMGxRTjB4TVNuTnBRMHRvTjJvMVExQXZOQXBNYlVWTGRFOW5TbkY1Um1selNWRlBNMGd3Vm5OWmMzazNSVmRuVjJ3eWJGRTFZMFZCUkVwM1VFeHBjMGN4VEhKRVREVm9SVUpyWjI1c1VVRlRjbE1yQ2tNMlJUVlphVzkzZW1oWVMyMWhhM2QzUjFneWFXdEdWbkZvVG1KNk0yUm5RbEpNVUZFNU4ySlBkVXN6TUZoQlNrRnZTVUpCVVVSTmNqbFNiRmd5YUVFS1FVZHFka016SzBaR016Uk1TVTVIYWtJeFFWbHBNVkV3U2tWSFpXVXhZbkpCYVVVd2VVNDNOa3AzVVdSYVJqY3JPVE5EZVVneGJIRlVibllyWldwYVRRcERSMXBUVUhwbFZGcDFSWFpXVld4S1RqaHljM2xsY1dJM1pFcDZZM3B5YW1OMlFYaDBNUzlzV1hGblRHUnhSRVpPVmpOYU1DOWtNbUl2T1VoUVRIcFFDa1JEYzJ0TU1ETnJURXcwU2tWbmNFUm9WbUV6WVdzMlRDdFdWeTk0Vm5WV2FsbFpaRGRUUTJjNVJIUnliRmRhWVRocVVrSlZVRk5YVjI5dlVteEVkVWNLU0d0V2MwdHZSV2h5ZEd0R1prVlZZbUo1UkdoS1NsVXpPWE53Vm5GcFkxZDVUVUowWW5GS1FWcDRTRmxUUWxOQmRUSjRZMFpFWm1KUVlXdExXbU5uTUFwU2NHcFhkWEY0VkdZelRtcHpOVUU1ZVV4c09IUkxNSEI2UW5ObE1YRjRSRlZzVXpKek5rTkhVamhJYjBwcWIwZDBla1pQYm01cGMyeDZNbk5YYW1oRENtdEVZak5sYUZjdlJtVkliRUZ2U1VKQlNHdExiMFo0YUhsWVFtRXpUVFZEVG5wcE4xUnJURFZSWjJoUlowUklkVzE1VTBOa1pGQkpaVkJ3WkM5SFJGY0tWMFp0UVV3MVFsUkJXV1paVFU1NVpHSnhTbmR0YldSdWJVRTRORVE1YmxSSFJHRnNkUzh3VG5Jd1VXaHJkM2s1YzA0NFNEUXlkbE5zWjBOVWFsTlhMd3B1YXpaQmRVTlFSMmxLUkRkMlRWTXZjMkZoZGtwbU1pOWtUVWwwWTJObWFGVkNOR1JTWkVwUVYwd3hUMVZaYzA1NmRESTJOVTl4ZURaMGFHeEhSM1JXQ2xGVlQzSnBSVVZSYUdWNVNqTk5UV2w0Y1dnMUt6UXZPRE0yVUdoc1ZGRnBlbWR0WkZoUWMyeDViSGhyV0RsaVNtMUVTRTU1ZG1GcFNYUkNRbXBUT0VNS2RGY3ZiWFJCYlVKbU5GcDFTMjVDY1dWRWVHRlJSV1ZLY0RGRFJ6QlFjVWtyY25CeE4xaEdhMHhuV0Zob1pYUnVNSFJ0Y3pKa1owZE5OVk1yTUU1R2JBbzNTMlJ6YUdWV2JqRjJNa2RYVEhaRk1YSm5lRkEzUzJsd1UwMXliamRVT0RKR01GSklaMnREWjJkRlFrRk1lbXhWTkRCUFNrVmFWVmR2UzI5NVRrWktDbTlrSzJoT1VGcFJURWRJUzFONldXNWpOSFJRV21sS1VtWTVWMWgyZG1RMmFFUnBabmhYT1d4aFZrcHZlbVp5YlZoV1Z6STRWamQyY2xsWlptOTViR01LUnpGeE1GTlpURkpuTW5STk1rUTVOR3hsZUVodWExRkVZMXBzWjBWd1lUbHRhbTFwUXpkTFZHdHVORkpQVDBoTVlpOXZUa2R0TWpGWVEySjZjRTR4TndwVlVrWk1NMkkzT0ZWakwwbDNjRFEwZUhsTVNXWnpSMmR5ZGtneFVWWlNiM05IUjFSeFltTnhjVWxFVTNScVdDOWlhMWhWTVRZemNGSTRXVkF6T0ZneUNqa3pPSGhrVWtab1YwTlhUM1pyY1RoaVdGQnlTMFpJUm1sS1p6Rk1ibFpwTmxSM1FrbFVURUZTVEhOb1UxZzRRMEV6ZERrdlQyOUtZMDFzVWpCMlJHNEtkMDVTTVVKU2RWQnVNbHAyTUhoTGMzTjVZV1JzVEVrMFV6aGxhMDB2VGxsVE5raDZhbFE1Wmxad2FXOWtUazVMWVM5alpqazJWM1ZOTlhac2VHbFliZ3BwZFZWRFoyZEZRa0ZKZFdkV1UyZzBPRTB4VWt4alJGRlhRMFIyTmpsUmRFSk5hbFpDUkRZM01GbEVOemM1VnpsWlVFSnNSblpFWlRKS2FtNVhlbTlWQ25ReFFtUXlhVTVzYm5OWllUQmhWa2RGU213clFVeEVkbU4wT0hGeFNWbFZlV2RQTkhOTmFXbHdabkEyUlc5dmNYWlFTMGxvZVZOcldYTnpObWcyYkVFS1RIVndkMUYwTkd0WFRIQXZNbWhFUkM5QmNXdGhhbEYwZURKTk5FOXNia3RQTjFoU1EyaENTVnBVVkRObU1UWkJkMDFFTDFORWRFNWxVMHAwWTB4UGJ3b3pTMGRVUlVFNU5tVXhhU3M0YlVkclNUWjBhbU5QUkZKck5FSlJjalpTY1RkVlEwdG5VRzVDYVhCT1lrNUhZVXMyWWpkbU9Ga3dVRzB3ZDBWdk0xVnZDbkZXUm1FMk5tcEZlRWhzTUhveGNXeGhSRTE2TTNKNFoyWmxLM1JCVlc5S1l6RldVSFZuTkRKWGIyZFBNMDVDVHpkSlJVdzRaMFZGUVRJd1pUWnVlRzhLUkRkc2VtRnpWak5YTDNSaFVuRnVWRTVqUm5OeFJDOXBTMDk2TjJVMlVUMEtMUzB0TFMxRlRrUWdVRkpKVmtGVVJTQkxSVmt0TFMwdExRbz0KICBuYW1lOiBtLmtlbm5lZHlAZjUuY29tCg==",
            "expiry_days": 89,
            "id": "shop-app-cred",
            "name": "shop-app-cred",
            "virtual_k8s_name": "shop-vk8s",
            "virtual_k8s_namespace": "shop"
          },
          "sensitive_attributes": [],
          "private": "bnVsbA==",
          "dependencies": [
            "module.f5xc.volterra_namespace.app_ns",
            "module.f5xc.volterra_virtual_k8s.app_vk8s",
            "module.f5xc.volterra_virtual_site.hub",
            "module.f5xc.volterra_virtual_site.spoke"
          ]
        }
      ]
    },
    {
      "module": "module.f5xc",
      "mode": "managed",
      "type": "volterra_api_credential",
      "name": "utility_vk8s_cred",
      "provider": "provider[\"registry.terraform.io/volterraedge/volterra\"]",
      "instances": [
        {
          "schema_version": 0,
          "attributes": {
            "api_credential_password": null,
            "api_credential_type": "KUBE_CONFIG",
            "data": "YXBpVmVyc2lvbjogdjEKY2x1c3RlcnM6Ci0gY2x1c3RlcjoKICAgIGNlcnRpZmljYXRlLWF1dGhvcml0eS1kYXRhOiBMUzB0TFMxQ1JVZEpUaUJEUlZKVVNVWkpRMEZVUlMwdExTMHRDazFKU1VaR2FrTkRRWFkyWjBGM1NVSkJaMGxTUVVwRmNrTkZjbEJFUW1sdVZTOWlWMHhwVjI1WU1XOTNSRkZaU2t0dldrbG9kbU5PUVZGRlRFSlJRWGNLVkhwRlRFMUJhMGRCTVZWRlFtaE5RMVpXVFhoTFZFRnVRbWRPVmtKQmIxUkpSV3gxWkVkV2VXSnRWakJKUms1c1dUTldlV0ZZVWpWSlJrcHNZekpXYUFwamJVNXZTVVZrZVdJelZuZE5VbFYzUlhkWlJGWlJVVVJGZDNoS1ZURktTRWxHU25aaU0xRm5WMFJGZDBob1kwNU5ha0YzVDFSQk1FMUVRWGROUkVGM0NsZG9ZMDVOYWxWM1QxUkZNVTFVV1hkTlJFRjNWMnBCZVUxUmMzZERVVmxFVmxGUlIwVjNTbFpWZWtWWFRVSlJSMEV4VlVWRGFFMU9WRWRXTUVvelRXY0tVbGMxYW1OdWJIZGtSRVZNVFVGclIwRXhWVVZCZUUxRFZXcE5kMmRuUldsTlFUQkhRMU54UjFOSllqTkVVVVZDUVZGVlFVRTBTVUpFZDBGM1oyZEZTd3BCYjBsQ1FWRkROMEZvVlc5NlVHRm5iRTVOVUVWMWVVNVdXa3hFSzBsTWVHMWhXalpSYjJsdVdGTmhjWFJUZFRWNFZYbDRjalExY2l0WVdFbHZPV05RQ2xJMVVWVldWRlpZYWtvMmIyOXFhMW81V1VrNFVYRnNUMkoyVlRkM2VUZGlhbU5EZDFoUVRscFBUMlowZWpKdWQxZG5jMkoyYzBOVlNrTlhTQ3RxWkhnS2MzaFFia2hMZW1odEt5OWlOVVIwUmxWclYxZHhZMFpVZW1wVVNWVjFOakZ5ZFRKUU0yMUNkelJ4VmxWeE4xcDBSSEJsYkZGRVVuSkxPVTg0V25WMGJRcE9TSG8yWVRSMVVGWjViVm9yUkVGWVdHSndlV0l2ZFVKNFlUTlRhR3huT1VZNFptNURZblo0U3k5bFJ6Tk5TR0ZqVmpOVlVuVlFUWEpUV0VKcFRIaG5DbG96Vm0xekwwVlpPVFpLWXpWc1VDOVBiMmt5VWpaWUwwVjRhbkZ0UVd3elVEVXhWQ3RqT0VJMVpsZHRZMEpqVlhJeVQyc3ZOVzE2YXpVelkxVTJZMGNLTDJ0cFJraGhSbkJ5YVZZeGRYaFFUVlZuVURFM1ZrZG9hVGx6VmtGblRVSkJRVWRxWjJkRlNVMUpTVUpDUkVGUFFtZE9Wa2hST0VKQlpqaEZRa0ZOUXdwQldWbDNTRkZaUkZaU01HeENRbGwzUmtGWlNVdDNXVUpDVVZWSVFYZEpSME5EYzBkQlVWVkdRbmROUWsxQ1NVZEJNVlZrUlhkRlFpOTNVVWxOUVZsQ0NrRm1PRU5CVVVGM1NGRlpSRlpTTUU5Q1FsbEZSa0pSZFhONFpUTlhSbUpNY214QlNsRlBXV1p5TlRKTVJrMU1SMDFDT0VkQk1WVmtTWGRSV1UxQ1lVRUtSa2h0TUZkbFdqZDBkVmhyUVZoUFFVTkpha2xIYkdveU5scDBkVTFFU1VkRFEzTkhRVkZWUmtKM1JVSkNRMWwzU2tSQmFVSm5aM0pDWjBWR1FsRmpkd3BCYjFsWFlVaFNNR05FYjNaTU0yZDRURzFyZFdKSFZuVlpNMGwxWWpOS2JreDZRVzVDWjA1V1NGSTRSVWxFUVdWTlFubG5SM0ZCV1dob1dtOWtTRkozQ2s5cE9IWmxSRVYxV1hrMWMxcFhOV3BqYVRWMlkyMWpkazFEU1VkQk1WVmtTVUZSWWsxQ2EzZERRVmxIV2pSRlRVRlJTVUpOUVRCSFEzbHpSMEZSVVVJS1ozUTRWRUZSUlVKTlFUQkhRMU54UjFOSllqTkVVVVZDUTNkVlFVRTBTVU5CVVVOR2VXczFTRkJ4VUROb1ZWTkdkazVXYm1WTVMxbFpOakV4VkZJMlZ3cFFWRTVzWTJ4UmRHZGhSSEYzS3pNMFNVdzVabnBNWkhkQlRHUjFUeTlhWld4T04ydEpTaXR0TnpSMWVVRXJaV2wwVWxrNGEyTTJNRGRVYTBNMU0zZHNDbWxyWm0xYVZ6UXZVblpVV2poTk5sVkxLelZWZW1oTE9HcERaRXgxVFVkWlREWkxkbnBZUjFKVFoya3plVXhuYW1WM1VYUkRVR3RKVm5vMlJESlJVWG9LUTJ0amFHVkJiVU5LT0UxeGVVcDFOWHBzZW5sYVRXcEJkbTV1UVZRME5YUlNRWGhsYTNKemRUazBjMUUwWldka1VrTnVZbGRUUkhSWk4ydG9LMEpKYlFwc1NrNVliMEl4YkVKTlJVdEpjVFJSUkZWUFdHOVNaMlptZFVSbmFHcGxNVmR5UnpsTlRDdElZbWx6Y1M5NVJrOUhkMWhFT1ZKcFdEaEdObk4zTmxjMENtRjJRWFYyUkhONmRXVTFURE56ZWpnMVN5dEZRelJaTDNkR1ZrUk9kbHB2TkZSWldHRnZObG93Wml0c1VVdGpNSFE0UkZGWmVtc3hUMWhXZFRoeWNESUtlVXBOUXpaaGJFeGlRbVpQUkVGTVduWlpTRGR1TjJSdk1VRmFiSE0wU1Rsa01WQTBhbTVyUkhKUmIzaENNMVZ4VVRsb1Ztd3pURVZMVVRjemVFWXhUd3A1U3pWSGFFUkVXRGh2Vm1aSFMwWTFkU3RrWldOSmMwZzBXV0ZVZHpkdFVETkhSbmhLVTNGMk15c3diRlZHU205cE5VeGpOV1JoTVRRNWNEa3dTV1J6Q21oRFJYaHliMHd4S3pkdGNubEphMWhRWlVaTk5WUm5Uemx5TUhKMldtRkNSazkyVmpKNk1HZHdNelZhTUN0TU5GZFFiR0oxUldwT0wyeDRVRVpwYmlzS1NHeFZhbkk0WjFKelNUTnhaa3BQVVVaNUx6bHlTMGxLVWpCWkx6aFBiWGQwTHpodlZGZG5lVEZ0WkdWSWJXMXFhemRxTVc1WmMzWkRPVXBUVVRaYWRncE5iR1JzVkZSTFFqTjZhRlJvVmpFcldGZFpjRFp5YW1RMVNsY3hlbUpXVjBWclRFNTRSVGRIU2xSb1JWVkhNM042WjBKV1IxQTNjRk5YVkZWVWMzRllDbTVNVW1KM1NFOXZjVGRvU0hkblBUMEtMUzB0TFMxRlRrUWdRMFZTVkVsR1NVTkJWRVV0TFMwdExRb3RMUzB0TFVKRlIwbE9JRU5GVWxSSlJrbERRVlJGTFMwdExTMEtUVWxKUm1GNlEwTkJNVTluUVhkSlFrRm5TVkpCU1VsUmVqZEVVMUZQVGxwU1IxQm5kVEpQUTJsM1FYZEVVVmxLUzI5YVNXaDJZMDVCVVVWTVFsRkJkd3BVZWtWTVRVRnJSMEV4VlVWQ2FFMURWbFpOZUV0VVFXNUNaMDVXUWtGdlZFbEZiSFZrUjFaNVltMVdNRWxHVG14Wk0xWjVZVmhTTlVsR1NteGpNbFpvQ21OdFRtOUpSV1I1WWpOV2QwMVNWWGRGZDFsRVZsRlJSRVYzZUVwVk1VcElTVVpLZG1JelVXZFhSRVYzU0doalRrMVVWWGRPYWtFd1RWUkZkMDVFVFRRS1YyaGpUazE2VlhkT2FrRXdUVlJGZDA1RVRUUlhha0pRVFZGemQwTlJXVVJXVVZGSFJYZEtWbFY2UlhCTlEyTkhRVEZWUlVOb1RXZFRWelV3V2xoS2RRcGFXRkZuVlRKV2FtUllTbkJrU0d0blZXMVdlbHBYUm5sWk1tZG5Vak5LZG1SWVFYaEdWRUZVUW1kT1ZrSkJUVlJFUld4VVZXdGpaMVZ0T1haa1EwSlpDazFVUTBOQmFVbDNSRkZaU2t0dldrbG9kbU5PUVZGRlFrSlJRVVJuWjBsUVFVUkRRMEZuYjBOblowbENRVXN6YjBwSVVEQkdSR1o2YlRVMGNsWjVaMk1LYURjM1kzUTVPRFJyU1hoMVVFOWFXRzlJYWpOa1kwdHBMM1pXY1dKMldVRlVlV3BpTTIxcFIySkZVMVIwY2tacUwxSlJVMkUzT0dZd2RXOTRiWGxHS3dvd1ZFMDRkV3RxTVROWWJtWnpOMm92UlhaRmFHMXJka0pwYjFwNFlWVndiVnB0ZVZCbWFuaDNkall3Y0VsbllubzFUVVJ0WjBzM2FWTTBLek50V0RaVkNrRTFMMVJTTldRNGJWVm5hbFVyWnpSeWF6aExZalJOZFRCVmJGaHFTVUl3ZEhSdmRqQkVhVTVsZDA1M1NWSjBNVGhxUVRncmJ5dDFNMlJ3YW5FcmMxY0tWRGhMVDBWVmRDdDZkM1p2THpkV00weDJVM2xsTUhKblZFSkpiRVJJUTA1QmVXMW5ORlpOYXpkQ1VGbzNhRzB2UlV4T1MycEVLMHB2TWtaU00zRjVTQXBDTlZRd1dUTkljMHgxU25aWE5XbENORmxzWTA1SWJITmtkVGczYTBkS05UVjBkV3R0YVRodGVHUkJVVFJSTjJVeVVrTlBSbloxTXprMmFqTjRLMVZEQ2tJMWFWQk9aMmxXTlN0Sk0yeG5NREprV2pjM1JHNUxlRWhhZFRoQkwyeEtRbVJwUWpOUlZ6QkxkRnBDTm1GM1FtUndWVXRFT1dwbU1XSXdVMGg2VlhZS1MwSmtjekJ3YWtKeFFXeHJaREkxU0U0M2NrOXlSbXhsWVVveEwyTjBZVXA0VVZwQ1MxUTFXbEIwTUcwNVUxUktSV0ZrWVc4d2VFRklNR0ZvYldKWGJncFBiRVoxYUdwMVpXWllTMjVGWjFZMFYyVXdLMVZZWjFaRGQwOVFhbVJCZGtKaVNTdGxNRzlqVXpOTlJrVjJla2MyZFVKUlJUTjRSR3N6VTNwNWJsUnVDbXBvT0VKRFRrRjNNVVowZUU1eVVVaDFjMFYzVFVaNFNYUTBTVGR0UzFvNVdVbHhhVzk1YlVONlRIRTVaM2RSWW05dlRVUlJZVWhYUW1aRlluZHlZbmNLY1VoNVIwOHdZVzlUUTNGSk0waGhZV1J5T0daaGNWVTVSMWt2Y2s5UVRtc3pjMmR5UkZGdmJ5OHZabUkwYUZaRE1VTk1VVW94TTJobFpqUlpOVE5EU1FweVZUZHRNbGx6Tm5oME1HNVZWemN2ZGtkVU1VMHdUbEJCWjAxQ1FVRkhhbEZxUWtGTlFUUkhRVEZWWkVSM1JVSXZkMUZGUVhkSlFrSnFRVkJDWjA1V0NraFNUVUpCWmpoRlFsUkJSRUZSU0M5TlFqQkhRVEZWWkVSblVWZENRbEkxZEVadWJXVTNZbXcxUVVaNlowRnBTWGxDY0ZrNWRXMWlZbXBCVGtKbmEzRUthR3RwUnpsM01FSkJVWE5HUVVGUFEwRm5SVUZXVWpsWmNXSjVlWEZHUkZGRVRFaFpSMjFyWjBwNWEwbHlSMFl4V0Vsd2RTdEpUR3hoVXk5V09XeGFUQXAxWW1oNlJVWnVWRWxhWkNzMU1IaDRLemRNVTFsTE1EVnhRWFp4Um5sR1YyaG1SbEZFYkc1eWVuVkNXalppY2twR1pTdEhibGtyUldkUVltczJXa2RSQ2pOQ1pXSlphSFJHT0VkaFZqQnVlSFozZFc4M04zZ3ZVSGs1WVhWS0wwZHdjMDFwZFM5WU1TdHRkbTlwUWs5Mkx6SllMM0ZyVTNOcGMxSmpUMm92UzBzS1RrWjBXVEpRZDBKNVZsTTFkVU5pVFdsdlozcHBWWGQwYUVSNVF6TXJObGRXZDFjMlRFeDJNM2hNWmtoVWFuVkRkbXBJU1VsdVRucHJkRWhEWjB0Uk5RcFBVa0Y2U1RSS1RWQktLMGR6YkZkWlNHSTBjR2h2ZDJsdE5UZHBZWHAwV0U5dlNuZFVaSGRLZURSdVRFTm5aRTVpVDJoa2FuTnVkbnB4ZGtoMU4xVnlDbFJyV0ZkVGRFRnRlazlXZVhsbmFIRndXbGhxUm1GSU0zQlBNMHBNUml0c0t5OHJjMHRCU1hWMmRHUTNkU3RPZUdVMVFWY3dkMlJsVW14T09FNTNaRU1LYWs1UVJXeHdlbFp0WWxWeE5FcFZZV2RGYVhWVVJHdEllbk40U0hCR1MxWkxOM0UwS3pZelUwMHhUamsxVWpGT1ltUlhhSE5qWkVOaUsxcEJTbnBXWXdwdmVXa3pRalF6Ym1wVVQxRTFlVTltS3pGRFkyVlhlRWN4WWxGV2N6VmFkV1p3YzAxc2FuRTBWV2t3THpGc2RtZ3JkMnBEYUZBMGEzRkxUMG95Y1hoeENqUlNaM0Z6WVdoRVdWWjJWRWc1ZHpkcVdHSjVUR1ZwVG1Sa09GaE5NbmM1VlM5ME4za3dSbVl2T1hscE1FZEZORFJhWVRSeVJqSk1UamxrTVRGVVVFRUtiVkpIZFc1VlNFSmpibGRGZG1kS1FsRnNPVzVLUldsVk1GcHpiblpuWXk5MVltaFFaMWhTVWpSWWNUTTNXakJxTkhJM1p6RlRaMFZGZW5kNFFUVTNaQXBsYlhsUWVHZGpXWGh1TDJWU05EUXZTMG8wUlVKeksyeFdSRkl6ZG1WNVNtMHJhMWhST1RsaU1qRXZLMnBvTlZodmN6RkJibGcxYVVsMGNtVkhRMk05Q2kwdExTMHRSVTVFSUVORlVsUkpSa2xEUVZSRkxTMHRMUzBLTFMwdExTMUNSVWRKVGlCRFJWSlVTVVpKUTBGVVJTMHRMUzB0Q2sxSlNVZEZla05EUVM5MVowRjNTVUpCWjBsUlpsWjBVa3B5VWpKMWFFaGlaRUpaVEhaR1RVNXdla0ZPUW1kcmNXaHJhVWM1ZHpCQ1FWRjNSa0ZFUTBJS2FVUkZURTFCYTBkQk1WVkZRbWhOUTFaV1RYaEZla0ZTUW1kT1ZrSkJaMVJEYXpWc1pIbENTMXBZU25wYVdHdDRSa1JCVTBKblRsWkNRV05VUXpCd2JBcGpiazVzWlZOQ1JHRllValZOVWpSM1NFRlpSRlpSVVV0RmVGWlZZVWRWWjFaV1RrWlZiRkpUVmxaT1ZVbEZOV3hrU0dSMlkyMXplRXhxUVhOQ1owNVdDa0pCVFZSS1ZsWlVVbFpLVldOdVZucGtRMEpUVlRCRloxRXlWbmxrUjJ4dFlWZE9hR1JIYkhaaWFVSkNaRmhTYjJJelNuQmtTR3QzU0doalRrMVVaM2dLVFZSQmVVMUVRWGROUkVGM1YyaGpUazE2UVhoTmFrMTRUV3BOTVU5VVZUVlhha05DYW5wRlRFMUJhMGRCTVZWRlFtaE5RMUl3U1hoSGVrRmFRbWRPVmdwQ1FXZFVSV3RrZVZwWFJqQmFXRWxuVkZkR2RWa3lhR3hqTTFKc1kycEZVVTFCTkVkQk1WVkZRbmhOU0ZVeVJuTmFiVGw1V2tSRldVMUNXVWRCTVZWRkNrTm9UVkJWTWxacVpFZHNibUo1UWsxaFZ6RndaRWRXYTAxVVkzZE9VVmxFVmxGUlJFVjVOVlJhVjA0d1lWZGtka2xHU2xSUlUwSkZZakl4YUdGWE5HY0tWbTFHYzJGWFVtaGtSMngyWW1sQ1ZGcFhUakZqYlZWblZUSldlV1J0Vm5sSlJVNUNUVWxKUWtscVFVNUNaMnR4YUd0cFJ6bDNNRUpCVVVWR1FVRlBRd3BCVVRoQlRVbEpRa05uUzBOQlVVVkJNVzVOZWpGMFl6aEpUa0ZCTUdoa1JuVk9XU3RDTmtrdmVEQklkVTFxUkVwelIzbzVPVW92VEVWd1oxQk1WQ3RPQ2xSUlJVMW5aemhZWmpKSmRUWmlhRWxsWm5OWFp6QTJkREY2U1d4ck4yTklkamRzVVZBMmJFMTNNRUZ4TmxSdUx6SlpTRXRJZUZsNVVXUnhRVXB5YTJvS1pXOWpaMGgxVUM5SlNtODRiRlZTZG1nelZVZHJSVU13VFhCTlYwTlNRVWxKZWpkVE0xbGpVR0l4TVZKR1IyOUxZV05XVUVGWVNuQjZPVTlVVkVjd1JRcHZTMDFpWjI0MmVHMXliblI0V2pkR1RqTnBabTFuWnpBck1WbDFWMDFSU2tSbldtdFhOM2N6TTFCSFprdEhhVzlXY2tOVGJ6RjVablUwYVZsRFFuTnJDa2hoYzNkb1lUWjJjME0yWldWd00wSjNSVWxqTkdkTWR6WjFRa3N3ZFN0UlJISlVRbEZDWW5kaU5GWkRVMjFVTTNCRVEyY3ZjamgxYjNsa1lXcHZkRmtLZFVzelJFZFNaVVZaS3pGMlZuWXlSSGt5UVRCNFNGTXJOWEF6WWpSbFZHeDVaM2htUmxGSlJFRlJRVUp2TkVsQ1ltcERRMEZYYjNkSWQxbEVWbEl3YWdwQ1FtZDNSbTlCVlZVemJTOVhjVzl5VTNNNVZXZFBTRmx0T0VOa09ISkpSRnB6YzNkSVVWbEVWbEl3VDBKQ1dVVkdTVEpOV0hOU1ZYSlpjbWhrSzIxaUNpdGFjMFkwWW1kQ2FsZElhRTFCTkVkQk1WVmtSSGRGUWk5M1VVVkJkMGxDYUdwQlUwSm5UbFpJVWsxQ1FXWTRSVU5FUVVkQlVVZ3ZRV2RGUVUxQ01FY0tRVEZWWkVwUlVWZE5RbEZIUTBOelIwRlJWVVpDZDAxQ1FtZG5ja0puUlVaQ1VXTkVRV3BCWWtKblRsWklVMEZGUmtSQlUwMUJXVWRDUmxWa1NVRkJkd3BEUVZsSFdqUkZUVUZSU1VKTlJrRkhRVEZWWkVoM1VrcE5SV04zVW1GQ1JHOUZSMGRRTW1nd1pFaEJOa3g1T1dwamJYZDFaRmhPYkdOdVVubGtXRTR3Q2t4dFRuWmlVemxXVlRCV1UxWklTakZqTTFKVFZUQkdSRnBZU2pCaFYxcHdXVEpHTUdGWE9YVlJXRll3WVVjNWVXRllValZNYlU1NVlrUkNNa0puWjNJS1FtZEZSa0pSWTBKQlVWSnhUVWRuZDFCM1dVbExkMWxDUWxGVlNFMUJTMGROTW1nd1pFaEJOa3g1T1dwamJsRjFaRmhPYkdOdVVubGtXRTR3VEcxT2RncGlVemxXVlRCV1UxWklTakZqTTFKVFZUQkdRbHBIVWxWamJsWjZaRVZPUWt4dFRubGtSRUZzUW1kbmNrSm5SVVpDVVdOM1FWbFpXbUZJVWpCalJHOTJDa3d5T1dwak0wRjFaRmhPYkdOdVVubGtXRTR3VEcxT2RtSlVRVTVDWjJ0eGFHdHBSemwzTUVKQlVYZEdRVUZQUTBGblJVRk5jamxvZGxFMVNYY3dMMGdLZFd0a1RpdEtlRFJIVVVoalJYZ3lRV0l2ZWtSalRGSlRiV3BGZW0xc1pGTXJla2RsWVRaVWRsWkxjVXBxVlVGWVlWQm5Va1ZJZWxONWNraDRWbGxpU0FvM2NrMHlhMWxpTWs5V1J5OVNjamhRYjB4eE1Ea3pOVXA0UTI4eVJqVTNhMkZFYkRaeU5WSlBWbTByZVdWNmRTOURiMkU1ZW1OV00waEJUelJQVEVkcENrZ3hPU3N5TkhKalVtdHBNbUZCY2xCemNsY3dOR3BVYTFvMmF6UmFaMnhsTUhKcU9HNVRaelpHTUVGdWQyNUtUMHRtTUdoUVNIcFFSUzkxVjB4TlZYZ0tVbEF3VkRka1YySnhWMnh2WkRONmRUUm1LMnNyVkZrMFEwWk5OVzl2VVRCdVFtNTZkbWMyY3pGVFVUTTJlVTl2WlU1RVZEVXJLMU5TTWxKcFQxTk1kZ3A0ZG1OU2RtbExSbmh0V2tWS1EyRlBSVVJMVG5sS1QzVkNOVFpFVUdrdldpdG1Wa2RxYlU4cmQyVmhNRE5MWWs1SllXbEhRM0JZV2t4dlZXMUhkak00Q25OaVdsaFJiVEpXTUZSUU1rOVNVVWRuYTBVME9WazVXVE5KUW1Kd1RsWTViRmhxT1hBMWRpOHZZMWR2WVdGemJUVTJaV3RDV1dSaWNXSmxORzk1UVV3S2JEWnNSbWhrTW5wcEsxZEtUalEwY0VSbWQwZEdMMWswVVVFMVF6VkNTVWNyTTNaNmVHaEdiMWwwTDJwdFVGRlVNa0pXVUdrM1JuQXlVa0puZGtkUmNRbzJha2N6TlV4WGFrOW9VMkpLZFUxTVpTOHdRMnB5WVZwM1ZHbFlWMVJpTW5GSVUybG9jbHBsTmpoYWF6WnpLMmR2TDJ4MWJuSnZkRVZpWVVkdFFXaFpDa3hqYlhOS1YxUjVXRzVYTUU5TlIzVm1NWEJIWnl0d1VubHlZbmh0VWtVeFlUWldjV1U0V1VGelQyWTBkbTFUZVhKamFrTTRZWHBxVldWeGEyc3JRalVLZVU5SFFsRk5hMHRYSzBWVFVFMUdaMHQxVDFoM1NXeERlWEJVVUZKd1oxTmhZblZaTUUxTVZFUllTa3hTTWpkc2F6aFJlVXRIVDBoUksxTjNUV28wU3dvd01IVXZTVFZ6VlV0VlJYSnRaMUZtYTNremVIaDZiRWxRU3pGaFJXNDRQUW90TFMwdExVVk9SQ0JEUlZKVVNVWkpRMEZVUlMwdExTMHRDaTB0TFMwdFFrVkhTVTRnUTBWU1ZFbEdTVU5CVkVVdExTMHRMUXBOU1VsR00ycERRMEU0WVdkQmQwbENRV2RKVVVGbU1YUk5VSGxxZVd4SGIwYzNlR3RFYWxWRVRGUkJUa0puYTNGb2EybEhPWGN3UWtGUmQwWkJSRU5DQ21sRVJVeE5RV3RIUVRGVlJVSm9UVU5XVmsxNFJYcEJVa0puVGxaQ1FXZFVRMnMxYkdSNVFrdGFXRXA2V2xocmVFWkVRVk5DWjA1V1FrRmpWRU13Y0d3S1kyNU9iR1ZUUWtSaFdGSTFUVkkwZDBoQldVUldVVkZMUlhoV1ZXRkhWV2RXVms1R1ZXeFNVMVpXVGxWSlJUVnNaRWhrZG1OdGMzaE1ha0Z6UW1kT1ZncENRVTFVU2xaV1ZGSldTbFZqYmxaNlpFTkNVMVV3UldkUk1sWjVaRWRzYldGWFRtaGtSMngyWW1sQ1FtUllVbTlpTTBwd1pFaHJkMGhvWTA1TlZFRjNDazFxUVhoTlJFRjNUVVJCZDFkb1kwNU5lbWQzVFZSRk5FMXFUVEZQVkZVMVYycERRbWxFUlV4TlFXdEhRVEZWUlVKb1RVTldWazE0UlhwQlVrSm5UbFlLUWtGblZFTnJOV3hrZVVKTFdsaEtlbHBZYTNoR1JFRlRRbWRPVmtKQlkxUkRNSEJzWTI1T2JHVlRRa1JoV0ZJMVRWSTBkMGhCV1VSV1VWRkxSWGhXVlFwaFIxVm5WbFpPUmxWc1VsTldWazVWU1VVMWJHUklaSFpqYlhONFRHcEJjMEpuVGxaQ1FVMVVTbFpXVkZKV1NsVmpibFo2WkVOQ1UxVXdSV2RSTWxaNUNtUkhiRzFoVjA1b1pFZHNkbUpwUWtKa1dGSnZZak5LY0dSSWEzZG5aMGxwVFVFd1IwTlRjVWRUU1dJelJGRkZRa0ZSVlVGQk5FbERSSGRCZDJkblNVc0tRVzlKUTBGUlEwRkZiVlZZVG1jM1JESjNhWG93UzNoWVJGaGlkSHBUWmxSVVN6RlJaekpJYVhGcFFrNURVekZyUTJSNlQybGFMMDFRWVc1ek9YTXZRZ296VUVoVWMyUmFOMDU1WjFKTE1HWmhUMk5oT0U5b2JUQllObUU1WmxveWFsa3dTekprZGt0d1QzbDFVaXRQU25Zd1QzZFhTVXBCU2xCMVRHOWtUV3RaQ25SS1NGVlpiVlJpWmpaTlJ6aFpaMWxoY0VGcFVFeDZLMFV2UTBoR1NIWXlOVUlyVHpGUFVsSjRhRVp1VW1kb1VuazBXVlZXUkNzNFRTODFLMkpLZWk4S1JuQXdXWFpXUjA5T1lXRnVXbk5vZVZvNWMyaGFja2hWYlROblJIZEdRVFkyVFhwM00weDVaVlJRTm5aQ1dsa3hTREZrWVhRdkwwOHJWREl6VEV4aU1ncFdUak5KTlhoSk5sUmhOVTFwY21SamJYSlRNMGxFTTB0bWVVa3djbTQwTjJGSFdVSlNUMk5DVkd0YVZHMTZUbWM1TlZNclZYcGxVV013VUhwTmMwNVVDamM1ZFhFdmJsSlBZV05rY21wSFExUXpjMVJJUkU0dmFFMXhOMDFyZW5SU1pVcFdibWtyTkRsV2RqUk5NRWRyVUVkM0wzcEtVMXB5VFRJek0ySnJaallLWXpCUWJHWm5ObXhhY2tWd1prUkxSVmt4VjBwNFFUTkNhekZSZDBkU1QzTXdNekF6Y0N0MFpFOXRkekZZVG5SQ01YaE1ZWEZWYTB3ek9XbEJhV2R0VkFwWmJ6WXhXbk00YkdsTk1rVjFURVV2Y0VSclVESlJTMlUyZUVwTmJGaDZlbUYzVjNCWWFHRkVla3hvYmpSMVoxUnVZM2hpWjNST1RYTXJNV0l2T1Rkc0NtTTJkMnBQZVRCQmRucFdWbVJCYkVveVJXeFpSMjRyVTA1MVdsSnJaemQ2U200d1kxUlNaVGg1WlhoRVNuUkRMMUZXT1VGeFZWSkZPVXB1YmxZMFpXVUtWVUk1V0ZaTFp5c3ZXRkpxVERkR1VWcFJibTFYUlVsMVVYaHdUWFJRUVd4U01XNDJRa0kyVkRGRFdrZFRiRU5DYzNRMksyVk1aamhhZUZob2VWWmxSUXBJWnpscU1YVnNhWFYwV21aV1V6ZHhXRTFaYjBOQlVXeFBZbWRQU3padWVWUktZMk5DZWpoT1ZYWllkRGQ1SzBORWQwbEVRVkZCUW04d1NYZFJSRUZrQ2tKblRsWklVVFJGUm1kUlZWVXpiUzlYY1c5eVUzTTVWV2RQU0ZsdE9FTmtPSEpKUkZwemMzZEVaMWxFVmxJd1VFRlJTQzlDUVZGRVFXZEZSMDFCT0VjS1FURlZaRVYzUlVJdmQxRkdUVUZOUWtGbU9IZEVVVmxLUzI5YVNXaDJZMDVCVVVWTlFsRkJSR2RuU1VKQlJucFZaa0V6VURsM1JqbFJXbXhzUkVoUVJncFZjQzlNSzAwcldrSnVPR0l5YTAxV2JqVTBRMVpXWlZkR1VFWlRVRU5sU0d4RGFuUkllbTlDVGpaS01pOUdUbEYzU1ZOaWVHMTBUM1Z2ZDJoVU5rdFBDbFpYUzFJNE1tdFdNa3g1U1RRNFUzRkRMek4yY1U5c1RGWlRiMGRKUnpGV1pVTnJXamRzT0hkWVJYTnJSVlpZTDBwS2NIVllhVzl5TjJkMFRtNHpMek1LUVZScFZVWktWa1JDZDI0M1dVdHVkVWhMYzFOcVMwTmhXSEZsV1dGc2JIUnBlamhKS3pocVVsSmhPRmxHVjFOUlJXYzVla3RETjBZMGFWSlBMMFpxY3dvNFVGSkdMMmxMZWpaNUswOHdkR3hHV1ZGWVFtd3lLMjlrYmt0UWFUUjNNbkkzT0U1Q1l6VjRhbVZoYldKNE9YTndia1pwZUdScVVXY3pTVTA0VjJOU0NtbFJlV05GTUhoNVRrNHJPREZZU0daeGJraGtOR0pzYzJwRWQxTllWMWhoZGxaalUzUnJUbkl2SzFobFZGZFpVbFZqSzFweWRYZFlkSFZvZUd0WmVtVUtVMlkzWkU1WVIybEdVMlZWU0UwNWFEUjVZVGRpTms1dVNsTkdaRFYwTUdSRGVUVnZSM3AxUTNJcmVVUmFORmhWYlVaR01ITmliVnBuU1c0dlpqTm5XZ3BZU0d4TFdVTTJVMUZMTlUxT2VXOXplV05rYVhsQk5XUTVlbHBpZVhWQmJFcFJSekF6VW05SWJraGpRVkE1UkdNeFpYYzVNVkJ4TjFBNGVVWXhiVGt2Q25GVE0yWjFVVXd6T1ZwbFlYUlVXR0YzTW1WM2FEQnhjRXRLTkdwcWRqbGpTakoyYUhORkwzcENLelJCVEhSU1dtZzRkRk5SV2xoeE9VVm1XRGR0VWtJS1ZsaDVUbGRSUzFZelYwdGtkM0p1ZFZkcGFEQm9TMWRpZERWRVNFUkJabVk1V1dzeVpFUk1WMHROUjNkelFYWm5ia1Y2UkVoT1lqZzBNbTB4VWpCaFFncE1Oa3REY1RsT2FsSklSRVZxWmpoMFRUZHhkR296ZFRGalNXbDFVR2h1VUZGRGFsa3ZUV2xSZFRFeVdrbDJWbE0xYkdwR1NEUm5lRkVyTmtsSVpHWkhDbXBxZUVSaGFESnVSMDQxT1ZCU1luaFpkbTVMYTB0cU9Rb3RMUzB0TFVWT1JDQkRSVkpVU1VaSlEwRlVSUzB0TFMwdENnb0sKICAgIHNlcnZlcjogaHR0cHM6Ly9mNS1iaWctaXAuY29uc29sZS52ZXMudm9sdGVycmEuaW8vYXBpL3ZrOHMvbmFtZXNwYWNlcy9zaG9wLXV0aWxpdHkvc2hvcC11dGlsaXR5LXZrOHMKICBuYW1lOiBzaG9wLXV0aWxpdHktdms4cwpjb250ZXh0czoKLSBjb250ZXh0OgogICAgY2x1c3Rlcjogc2hvcC11dGlsaXR5LXZrOHMKICAgIG5hbWVzcGFjZTogc2hvcC11dGlsaXR5CiAgICB1c2VyOiBtLmtlbm5lZHlAZjUuY29tCiAgbmFtZTogc2hvcC11dGlsaXR5LXZrOHMKY3VycmVudC1jb250ZXh0OiBzaG9wLXV0aWxpdHktdms4cwpraW5kOiBDb25maWcKcHJlZmVyZW5jZXM6IHt9CnVzZXJzOgotIHVzZXI6CiAgICBjbGllbnQtY2VydGlmaWNhdGUtZGF0YTogTFMwdExTMUNSVWRKVGlCRFJWSlVTVVpKUTBGVVJTMHRMUzB0Q2sxSlNVZEJha05EUVN0eFowRjNTVUpCWjBsU1FVcEJTa29yYzJwdWJYSnpXRkpMZVVZNWRHZHRVRTEzUkZGWlNrdHZXa2xvZG1OT1FWRkZURUpSUVhjS1oySlplRU42UVVwQ1owNVdRa0ZaVkVGc1ZsUk5VazEzUlZGWlJGWlJVVWxGZDNCRVdWZDRjRnB0T1hsaWJXeG9UVkpSZDBWbldVUldVVkZJUlhkMFZBcFpWelV3V1ZOQ1JHSkhSbmxaVkVWbVRVSXdSMEV4VlVWRGFFMVhWbTA1YzJSSFZubGpiVVZuVWxkU2JscFRRbFJhV0VveVlWZE9iR042UldkTlFqUkhDa0V4VlVWRGVFMVlVMWMxYldOdFJucGtTRW94V1ROU01XTnRWV2RWTWxacVpGaEtjR1JJYTNoUFZFRXpRbWRPVmtKQlRWUk5Sa0pUVkRCUloweFRRbFVLV2xjMWFHSnVVV2RXV0U1c1kybENSRnBZU2pCaFYxcHdXVEpHTUZwVFFrcGpNMDR4WVZjMWJrbEZUa0pKUXpCblpHcEpkVTFVUVdWR2R6QjVUV3BGZVFwTmFrVjNUV3BOZUUxcVRtRkdkekI1VFhwQmVrMXFRWGROYWsxNFRXcE9ZVTFETkhoRlZFRlFRbWRPVmtKQmIxUkRTRnAyWWtoU2JHTnVTbWhOVW10M0NrWjNXVVJXVVZGRVJYaENWbFV3VmxOTVZVNUdWV3hTU2xKcmJFUlJWbEpHVFVsSlEwbHFRVTVDWjJ0eGFHdHBSemwzTUVKQlVVVkdRVUZQUTBGbk9FRUtUVWxKUTBOblMwTkJaMFZCZERrMmVpczNUR1IyV1VnNFEzTnhhRFZLV1dSRmJ6SlBUMUE0UTJsVFVGRXlTa1oyWVVwQlZHaFhaM1ZQWWtSNlRGbE1iQXBrZUVSWVlrZHViREFyVWsxSVQxRjZiRzVXTTBOYVprUkNLMU5vVTBKVVZtVmtUV2RwUlVkRGVFVnBkMnRrZUV4Qk5XeG5Xa3NyTDBFcmVqTmphbTU0Q25SRVJVSnBOVWQ2UkRoRWFXbElPR2RRUkVzMlJVNXFhM0pYZFVSTVREWnNOMHMyVlhOcU9XdGhNSEZoYmtwMGVEUndjMVF3Tmtod2IxRkZWSFEyTWxBS09WcEdVRVJ5ZFdsTmNUa3ZaVzlhTjJoRFEwNW1TMDFZUjNsc1RHUTFhRGhXUVZCMldWVjBVRUZUZGxwQ09FWktjMlV3VkhwMFYyYzFjRTVqWnl0V1dBcEVaMlJLV2pWQ1RITjFTbXA0SzIxd2VrWTVNbk53Y210eVVrcHpVbkV2ZDNobmJGSnZOMkpqYm1adGNERldWM0phUVM5ME5uTlViWGszVVVObmRsWlVDbTB4ZVVwdmJsQTJkamhqWTJGYVlXa3JiRU5wVWpkSVJWbE9UMXBzWmtNek0wVkpPRkl6Ukc1eWFVSnpRMmt3S3pkVmIzSjJPV0ZWVm5aYUswWnZTVmtLVGxaR1NHaGlaV0psV0VwNlMydEpla3g2ZVVvNVJIcEhXRlJ0V2t0UVNYbGpkVVV2YUc5T1ZsZE1UWHBPWkhKR016bGFhakoxUjFOMU5GZHdOa2x3UkFvdlVDdGFUMjkzWlRscFRIcDRaMWhRYVVoWFYxRlFjaXQ2ZDFkQlprVnBZM2xPZEdOSGNVOW5NekprUWtoMmNWbFlNelpDWlVsc1kyVnlSRTFHYTJaUUNqVlZSbXB4YlhZelJtSktla2RUZUdZd2NWRkJXa3BNTW5KTVFreE5iWGt4Y1ZWaGMxa3JSRE42U1dodGFtbDRlbGh4U0dwNlpsUmlaRUZzYm5ORVZGWUtSbFIzTUVKcmJYSmhWV05wYWxSaWMwUmFRMnh3U2xOWlZGaFJNQzlpU1hWa1prcGlLMnRvVlZwM2JVOU1MMGQxU1hKdFkzbDRiSHB4VkZGdmJYQlJWQXB2VlZBeGMzQlFWRkpLVkhwUWRXdEdiWHByTVVSR1dXaE1iVzFTTWxaV1RFWXZTRFZYVWpaTGFVbFpkbk16WVdZNVdtVjNNR1Z6UTBGM1JVRkJZVTlDQ210VVEwSnFha0ZQUW1kT1ZraFJPRUpCWmpoRlFrRk5RMEpoUVhkRmQxbEVWbEl3YkVKQmQzZERaMWxKUzNkWlFrSlJWVWhCZDBsM1NGRlpSRlpTTUU4S1FrSlpSVVpDVVZsUE4wVnBXVWxHU21kRmEzUlFaRTEyUzFBeFYybFBURk5OUTBsSFJFTnpSMEZSVVVKbk5rVlBRVkZGUWtGUlVWTkNRa0owVEcxMGJBcGliVFZzV2toc1FWcHFWWFZaTWpsMFRVTlJSMFJEYzBkQlVWRkNaelpGVDBGUlJVSkJaMUZWUWtKS2JVNVRNV2xoVjJOMFlWaEJkRm95VWpWbFIxcDFDbVJYTUhkRVVWbEtTMjlhU1doMlkwNUJVVVZNUWxGQlJHZG5TVUpCUVhjd1duQllOM0ZpZEUwMFVXdEhRa1UwUW5JNEsyeHBkRUp1Vm0xeE9HSkZTMU1LZWsxWWQzUXpOMGxvVXpWS1NFMU5Tek5FUkVSWk5Xb3JPRlJsVlZkWmVETlhRbHBuYWpCa1FuUTNZbFZ0Ykc0NGFqQjBaa2N3VW5keVVrSXlkMk5RUndvdmF5OW9aM05JWkhoSU1ubHZiMmxOYWpsWWFtdFhUekJ5TjIxcU5HMHpXbWxsYVVsNFlqUlRSbWRUZEhGSk1sa3JjRUZSZW1NeVkwSjBOSHBzU0VWaUNrWkljREZySzNSRGVsQXJObmd2YUV0UkszSllNbWRNTUVsa2RHMDRUVE4xVkV4MFNGbHlTM1pzUzI1TVJYRnNSM2RwYzI1dlJpODNkWFpSZDNkaVFVa0tjMjl6WldkUVZHNDNWbGxWWTJWWGFVSnFNa3N6YUhwc2RucFhTMmxJVUhoeVpGcFZZa1F6UVhwdk9EQktWMWROZVVZMksxbzFZakZwU0RZMk9HRkZOQXBvUVZaM1VFRkZWek13T0VSVVFXWjBLMFZYWWxOSlluTmlSMll4T1VaVldtbFdPWGRLV0ZOWVZDc3ZhWGh6WTNFeVRsWTBkV2RQZDNSdFVETjNkak5JQ2xaVU4yUnhUMEpVWWpKNk5rTlRTREYxUlRoRGJIZHpLM2gyVDNKNWNXRkRlR2xCV1ZWM1N6RnFXamxFVFdwcGMwZFFVVVJTZVhweVNIVlVTSGhpYTB3S2VFVlFkeTlITDBFcmNreGlZV01yWjNwMVRqTllLMFJQSzNwNGNVRkNlVWhxYUZOUWFFUTJaVGx4UkM5dVREVmtWWGRZYjBOVmEyc3ZkVlJwZEhGNlVncGhjRWhSVkdkQ1JFTjBjMDlKYlVVNE5VTk5ZV3BDUzBKelNWRk5WRU5YVGtOT2JXWTFaMXBOUVd4Tll6a3hjWFpWZFVKVFNVZHNVbTB6VUdGbE1qQm5DbHBUWWpCUFpFTnBWRzAwUXpobFdVSmFZVEJTZW10V1FXUkJTVzl3U0ZadFFXSmtWRWt5WWxwMlZtdGhWRk42WkRWdlNHTlhlblZQTVVKdVdUbHlXV1FLUzNwd1RsRk5aMXA1ZVVsRmVXNWtVbXBrUzB4MlVGZDViRGxuVm1kMmVIQXhjVU01Y1dGTlFWZENlVlIxTWtOT2VsbEdka2hHUkRBd2NuTldRVGh0VGdwdU1uTXhkVWgzTXdvdExTMHRMVVZPUkNCRFJWSlVTVVpKUTBGVVJTMHRMUzB0Q2kwdExTMHRRa1ZIU1U0Z1EwVlNWRWxHU1VOQlZFVXRMUzB0TFFwTlNVbEhZMVJEUTBKR2JXZEJkMGxDUVdkSlVrRkpXVGd3UzJKSFNpc3ZTM1JEZUdGNlNUUkdabTFaZDBSUldVcExiMXBKYUhaalRrRlJSVXhDVVVGM0NtZGlSWGhEZWtGS1FtZE9Wa0pCV1ZSQmJGWlVUVkpOZDBWUldVUldVVkZKUlhkd1JGbFhlSEJhYlRsNVltMXNhRTFTVVhkRloxbEVWbEZSU0VWM2RGUUtXVmMxTUZsVFFrUmlSMFo1V1ZSRlprMUNNRWRCTVZWRlEyaE5WMVp0T1hOa1IxWjVZMjFGWjFKWFVtNWFVMEpVV2xoS01tRlhUbXhqZWtWblRVSTBSd3BCTVZWRlEzaE5XRk5YTlcxamJVWjZaRWhLTVZrelVqRmpiVlZuVlRKV2FtUllTbkJrU0d0NFRrUkJlVUpuVGxaQ1FVMVVTekZDVTFRd1VXZE1VMEpWQ2xwWE5XaGlibEZuVmxoT2JHTnBRa1JhV0Vvd1lWZGFjRmt5UmpCYVUwSlRZakk1TUVsRlRrSkpRekJuWkdwSmQwaG9ZMDVOYWtGM1RtcEZlRTFVVlRFS1RucEZNRmRvWTA1TmFsVjNUbXBGZUUxVVZURk9la1V3VjJwRFFuUnFSVXhOUVd0SFFURlZSVUpvVFVOV1ZrMTRSWHBCVWtKblRsWkNRV2RVUTJ0T2FBcGlSMnh0WWpOS2RXRlhSWGhHUkVGVFFtZE9Wa0pCWTFSRE1VNW9ZbTVTYUVsRlRuTlpXRXBvVFZJNGQwaFJXVVJXVVZGTFJYaGFWMkl5ZURCYVdFcDVDbGxUUWtaYVIyUnNTVVpPYkdOdVduQlpNbFo2VFZOQmQwaG5XVVJXVVZGTVJYaGtTbUp0V25sWldFNHdZMjVXYW1SSVZubGFVMEpVV2xkT01XTnRiREFLWlZSRk5VMUVZMGRCTVZWRlFYaE5kMVZHU2xCU1EwRjBTVVpTYkdKdFJuVmtRMEpXWXpKV2VVbEZUbXhqYmxKd1dtMXNhbGxZVW14SlJXeDZZek5XY0FwaWJXTm5VVEJGWjB4VFFqSk5hVFI0VFVsSlEwbHFRVTVDWjJ0eGFHdHBSemwzTUVKQlVVVkdRVUZQUTBGbk9FRk5TVWxEUTJkTFEwRm5SVUV3VmtSeENtaDBOVXRZZFd0U1IwSkVUbTVGYnl0WmExUnhaV1pLUzFGMlRHZElTVkpCUnpsck1XSkJSRmQzWXpCNkswVm1WbmswYldab1dqRnVTM3BTTm1sMmNtOEtXbWd5TkUxdlNXOVhaalpSYUZFdmVVRnJOVFJKTjNaMVkwMHZlREZ2WjFWb1dVNU5PWE5NY0RWVk5IQXhNVGw2ZWpoR1VqQkxiMVJuYmxBelJtODJhQXB4Unl0SFpGRmpTbXN4TVRCUFNsVnpSelJQY0haWVVrSnFVQ3RGTVM5dlJIWTRSR0pJUkZka1VYRnBLMVl5VERkaldqTXlURXB1UXpWeFQwdEdZamhQQ2twalpVVkhRbTFDWWpKeU1tcHNUREozTUhvM1kwZzJaVmRpZVZsaE1FbGFTMjgzZW5kemFtNVFUVXA0VmtWTGIwbHRNakJLVjJsSFRuZE1WWGhHVTNFS1RqTkljRGhMWkVkUVdpdEdOMDV6YXpoeFNHdFhURk5IU0RZMmEyRlBhSEkzYVZsdWFUZDJORmxrZFZNeVEwdEdUVWRWV25kSU5rZzNNeXQ1TW5oS1JBcGtZbk5CUW5CWlUxaGlRWFJJTWtSdFZESndRbE5LUmxGMlJra3pUVlJGTWxVd2JFTkdUVXBMUW14U01ISnhTVkZZWmsxdmVsbDVia0ZKTUU5WGIzUm5DbU4wT0d3eVMzQTViblZQVVVGSlJtcHRja3BNY0RCUVJVUklhRzlMTTBRd1MwbE9XbGRLVFdNNVNtOUpaVU5YWld0R1ZIRk9OR0psUW5CUmEwWm9VVFFLVkhkMlIwTTBOalIyUTFGMFJuQmhVMVpKYlhVeGMySmtaVlIzVnpCYU9YbFVWbGR6YjBrd1VuUTJVbEJ5YTJaYVpVNXpNWE53WkRKdWIzTktNamx4V1FwTldrdGhlV3NyVUhsRFlua3ZRVk5uTm10V1oyWlNZMWxUVDBWNGRsSnpOWFkwYzI5T05YUnVRME53YUhkMGFUUnpNa1ZyYURSMGVHWnFOa2hHWjBrdkNsbFFha05xUjJsb2NISjRibTFGWXpkc1NVbDBWWEpJYW0xWWNrMDJaVm8wTVZVeWJqbE9SRUZYVEdvemNEUkpNbVE0TkdReEwwNTRUMHBrYWxOUU5ESUtVVkpoU0hCRVVFa3lTSGxTVmtkcmFtZHZaekJuVmt0U2JGQlBWakpvVUZSaFlrb3hSRWxyUTBGM1JVRkJZVTQ1VFVoemQwUm5XVVJXVWpCUVFWRklMd3BDUVZGRVFXZExSVTFCT0VkQk1WVmtSWGRGUWk5M1VVWk5RVTFDUVdZNGQxZEJXVWxMZDFsQ1FsRlZTRUZSUlVWVVJFSkxUVVZuUjBORGMwZEJVVlZHQ2tKNlFVSm9hbmgyV1ROT2QweHVXbXhqZVRWd1luazVVVlZyT1VWSlF6Qm5Wa2RXZFZsWE5UQkpSbFo2V2xoSloxRXlWbmxrUjJ4dFlWZE9hR1JIVldjS1UxaE9lbVJYYkhWYWVVSkVVVk5CZEVsSVdYbE1ha1YzUkZGWlNrdHZXa2xvZG1OT1FWRkZURUpSUVVSblowbENRVTUwZEhZNVVYZENla2xtTTBOT1dncGFVa3gzTUVGTWRXcEdSbmxpTkRKSlQyOVNOMUJPYWpJd1RITkdhMUpIYUZoeFQyZHVlR2hVZEdobE5FVllSMDUzYjBwa2VVOUJXR1pEVmxoc2MzTm9DalUwSzI5RFFVTjNkelZxWjNneVNsWk1PVU5LVUZCd01WWkJWa2haYTJzdmNXRjNXVlJSZERaT2VEbG5TM0U1WjI1M2FrWXdRamRWTVhOelIwbFNabW9LY0VjNU9ESXdOMDFUYmtwRE4zcFVjRGwwV21zNVVWTjFSeXR4UjNOWGVVMU5ORXBNZUdkaFdrOW5hVVJRUmt4V1prMXRVWEYxVkdrNE5XZGhUWGRIVFFwblIzRnZXbmxtVFRjelJWSkZNVFZCYTBJeVVVNDViMjlvU25FelJFeHZkRTByUmt0blMzUmxMMXB3Y201T1RuZFBlREZWVG5Kbk1taFRiRk5OZFRGRENuZ3lka1p2U2tKR2VVaHFZa0o1TlRCYVdGZGtjM2RxWTFsdGNWUldTRmxOTm1aSVRsRndWV3hPVTFSSlZHSlVOVll5VlZSbFJsYzJjRU5yV0U5RFoyWUtlRXAyWlVGMk4wTnNWamt5UzBZeU1EVm5URFJSUWtNMWQwOWtUMWhRU1d0TFFqUldXR1prWmtSSU9HRjNUakl6SzFSWVJscFRkSFk0Y1hsRU5HbHFUQXB6VWpseUsydDFLekozUjFwT1RHSXlTVFpXTjJaSmVYUlpVRTR3YVVSb1NrcDFXbGc1ZG10WFptaHlUaXRpYmpoMWJ6WkJjRTlNWnpjNVVraEhNMUF6Q2xGU1YwSnJhRUZ0TUdZcllqTm9ORFZLY1U5c2JXcHFZVFJhUWtaaWRGb3JSbGxPVkZkaVZVdGlMell6VWtONmRpdE5ORmd3U1d4WFJWTmtRVWx0YW13S0wxVTBOVUZLYW10cFpIQk1ORVJOZHpkQ2RWTlJSVVZKTDI5alJEaFRaMlpzTnpsNFptZExXV3REZG1OdksyMXZWRUZtVTNGUmJFZDNVblpRTjBsamFnbzVTMEpZY0ZFeVVWZFNiMEpHWVZGdGQzTXZNSEV5YkdkRWRHa3JlbUpMY1ZsUmVHWlJNMGt4VnpKYVVGTklVMFZFY1VWV2NUVkhZVVY0ZGtWRFNEZ3lDbVZZYVRCU1RVcE5kR2RCYVdNNGFVbFVNekZDVld4YVdIRjVRMFVLTFMwdExTMUZUa1FnUTBWU1ZFbEdTVU5CVkVVdExTMHRMUW90TFMwdExVSkZSMGxPSUVORlVsUkpSa2xEUVZSRkxTMHRMUzBLVFVsSlIxcDZRME5DUlN0blFYZEpRa0ZuU1ZKQlNqZG5WVEExT0daRFZVeDRaemxuV0V0MVlVVktOSGRFVVZsS1MyOWFTV2gyWTA1QlVVVk1RbEZCZHdwbllrVjRRM3BCU2tKblRsWkNRVmxVUVd4V1ZFMVNUWGRGVVZsRVZsRlJTVVYzY0VSWlYzaHdXbTA1ZVdKdGJHaE5VbEYzUldkWlJGWlJVVWhGZDNSVUNsbFhOVEJaVTBKRVlrZEdlVmxVUldaTlFqQkhRVEZWUlVOb1RWZFdiVGx6WkVkV2VXTnRSV2RTVjFKdVdsTkNWRnBZU2pKaFYwNXNZM3BGWjAxQ05FY0tRVEZWUlVONFRWaFRWelZ0WTIxR2VtUklTakZaTTFJeFkyMVZaMVV5Vm1wa1dFcHdaRWhyZUU1RVFYbENaMDVXUWtGTlZFc3hRbE5VTUZGblRGTkNWUXBhVnpWb1ltNVJaMVpZVG14amFVSkVXbGhLTUdGWFduQlpNa1l3V2xOQ1UySXlPVEJKUlU1Q1NVTXdaMlJxU1hkSWFHTk9UV3BCZDA1cVJYaE5WRlV4Q2s1NlJYcFhhR05PVFhwVmQwNXFSWGhOVkZVeFRucEZlbGRxUTBKelZFVk1UVUZyUjBFeFZVVkNhRTFEVmxaTmVFVjZRVkpDWjA1V1FrRm5WRU5yVG1nS1lrZHNiV0l6U25WaFYwVjRSa1JCVTBKblRsWkNRV05VUXpGT2FHSnVVbWhKUlU1eldWaEthRTFTT0hkSVVWbEVWbEZSUzBWNFdsZGlNbmd3V2xoS2VRcFpVMEpHV2tka2JFbEdUbXhqYmxwd1dUSldlazFUUVhkSVoxbEVWbEZSVEVWNFpFcGliVnA1V1ZoT01HTnVWbXBrU0ZaNVdsTkNWRnBYVGpGamJXd3dDbVZVUlRCTlJFbEhRVEZWUlVGNFRYSlZSa3BRVWtOQmRFbEdVbXhpYlVaMVpFTkNWbU15Vm5sSlJVNXNZMjVTY0ZwdGJHcFpXRkpzU1VaS2RtSXpVV2NLVVRCRloweFRRakpOYWtORFFXbEpkMFJSV1VwTGIxcEphSFpqVGtGUlJVSkNVVUZFWjJkSlVFRkVRME5CWjI5RFoyZEpRa0ZPZUhaUFUxWjRNakZ2Y2dweFVrMW5PV1l6WkM5NlVVRTJkRGxUVUhkTmNtWkZUekZ1YmxCM1RVWTVZWGRUU1ZSMkx6TmhXVlo0UW1GcWVIcGFPRWh5VmxJeFowMTVhRFJFWkVoTkNsUkxhRkkwVWxGSVFVdEtWazQzVHpaVFowNDViemRMTDNjeGEyeExZbVJhT1doVFVGSkdlRTVDT0c5T2N6WnNLME4xYnpsdmEyOWpkWFJoUkhnMFRuRUtUMlpCWXpNMWFrbHZhRWxIZVcxamVVNXZPUzg1YkdWUVpFc3JjRVZMTUd0Sk1IaDBLekYwVVhkVlEwWkRZVVZtZDJ0M1RtTlBjVk5QUjAxM1dVRklUUXBaYnpCbGFIQlhRblZJVUVWVVJEZEVOa1pCZUc5S2RVNU1PWEJGUVZSMmJrWlJUM0JhTkRNd1RubzRaVVZyUkhBMGF5OXNSMGRsT1drdmVYZFVZVlJpQ25kM05teHRUVEpCTXpCRFQwVlVWM0pCT1c5RFQyVmpSemxCV0ZWNk1sTkNPRVZrZFRoR2NEbFNSRFUzU2pFNUwzVnBSM05aSzJKVmIxWmphWGhqZEdjS2EySk9VRzh3YlZaWWFtUldTMlpLVjIxbVF6Qm1TMjVOTjFwVU9HeE9XWFF3UlhGSk4wRmFRVlp5V21SbmFYUXlVbkJLYURSV04yTnNTbWhtT0dWUlVncExRMmg1YW5wVVFYbFBlSEEzYkZwaFpFMVdhSFp5T1VOU1ltVXJSa3hDTVdKa1NFSklTbk5oWTBWSVN6SllabXc1YURaeWRGY3lURkYyUzBOeVEyMXZDbXBuVm5vNFVIbG1kemg2VmtOS1FXdE5NMVozTWtwbWNHVm5OazAxUjNjckwwaFliMFJIUml0eGMydzFSRll6WW5SbU1DOVJOVEp5UkZWVGNqVkJZMndLV0V4RmJqTjVNVUpUTmsxa0syNXZUUzl4V1d4dFRXdDJOMWxsT1RBNVVuRlVObEp2V21weFNXMTNPRFI0VURaNFlraHRXRTltZFhNdlJVNXlPRFV5WlFwdVdrUTNVbU5PTkZkMWVGVTJVRmhOZVdWS2JsWjBhV2hPUjB4dVlTdDFSRmw0TkZkQlRYTjFTSFpWVUdwRWRrUlRja1pEVG14QllVNUlOelpDV0hkTENuZEROaTl1UTBwR1QyZEpaVGN3VEU1M1QzWnpWeTlaZFdsNGEyWk9aRWhNUVdkTlFrRkJSMnBsUkVJeVRVRTBSMEV4VldSRWQwVkNMM2RSUlVGM1NVTUthRVJCVUVKblRsWklVazFDUVdZNFJVSlVRVVJCVVVndlRVWk5SME5EYzBkQlVWVkdRbmRGUWtKRlkzZFNWRUpFUW1kbmNrSm5SVVpDVVdOM1FWbFpNd3BpTWs1NlkwTTFNbHBZVFhWaFZ6aDJWVVpLVUZKRFFYUkpSbEpzWW0xR2RXUkRRbFpqTWxaNVNVVk9iR051VW5CYWJXeHFXVmhTYkVsR1NuWmlNMUZuQ2xFd1JXZE1VMEl5VFdwQlRrSm5hM0ZvYTJsSE9YY3dRa0ZSYzBaQlFVOURRV2RGUVRKNVdUTk5LMlpYUzJSNlJFVmFOVWxvTjFCT2RXeHJXV0Y2WTJNS1NEWjZWVE5DWjB3clZWUnZVVWt5YWs1M2RtMXZiM0E1UkhjclZtVnBRamR6V0ZVd2NGbzFjWG8yZUZoQ1VqRXhhMEUxVVdabFdURmpVVmhEZVdOTkx3cEVUMFJOVlZNclptdHBZVFJ0YmtkcWNFNTFhR0YyYm1GRlFVUmtXbkJIVEZNME1HUlBVRzFoYUU5RFkzQlFiemRFVERWbVNIVkNSVTVpYW1VNFpGRm1Da1JHVGs4ellWcEZhbkkzZWs0MlNXNTNNUzlHVXpkbFpHbDFjRWQ0WmsxNGEzaFRla0ZyYkZWRVpETkRlVlJxZFhNM1dEYzVUek5KSzB0U1ExQTBORzBLY25sRGJtWjBiWFpvTm01T2FIbE5hblowY1VscU1ubDFiVFV5VkU5SFZ6RnVibHBwWm1Gb1J6UkxUWGRpUm01Q09YZDVhVXRLU0ZkclRtaFRjblZCVHdwcVNuaElNR3hMZERkWlNrTkNRa3RRZWs1UVprMVRSRGREYm5Wd01UUlFTSEJVVDBJd2JYRk1UbkJDVTFjMU9HbEpVRmMzZEhkaWRsTjFUMWxrZFc5V0NqQlJSVzVMV0hWQmMyMVdjRFUyYmtreU0waEtOR2hoZVZOTVIyUnhVMFZEYVdaa1oyWlRkMWRhVGtSR1JHRkdhMmR0WW0xR1ZtVm5jMGRpTW5wc0x5c0tUVkZZVEhOVEszaGFUV3BXZW1SdFpEQlFaMXBzUVRaSWFIVTBWVFZ3TmtkM1ZESnBWblJXVFRaVldWSTBNR2czVVhWMVptaHVialZhVFhrcmIwVkhRd3BLY0N0aVdsbDRjbkpPUm05WloyaEhhVGRXYVdOS1pteFNNRzl3ZEhoalUzTm5TVTUxWmxwUWIwZEVWWFZqTWxCeVoxWnBNMlZyVkZOaFUwVmxLM3B1Q2tWcU5sZEdNazVvWXpoeWNsbHVUMWxLTUVWeWRVOVZNVk5NWm5saVF5czVkbmt5V21WeWVpOHplbmxPWTJoaFFWWXJZM3AyWVhSb1ZFSkNlR1JzUVVzS1NHa3ZZa2xvWld4aFYxbHNjWEpOYlRaWGIyWmFkVlI1VUcxTk5qVkdPVWRLTWxseU9UWlVLekpFY1VRcmNXeFBjMFJPYjFOYVZuRlhXVkZ2V1hBMFpRcGtNR2xJTWk5S1JrWm5Ta2hZUTJjOUNpMHRMUzB0UlU1RUlFTkZVbFJKUmtsRFFWUkZMUzB0TFMwSwogICAgY2xpZW50LWtleS1kYXRhOiBMUzB0TFMxQ1JVZEpUaUJRVWtsV1FWUkZJRXRGV1MwdExTMHRDazFKU1VwUlowbENRVVJCVGtKbmEzRm9hMmxIT1hjd1FrRlJSVVpCUVZORFExTjNkMmRuYTI5QlowVkJRVzlKUTBGUlF6TXpjbEEzYzNReU9XZG1kMHNLZVhGSWEyeG9NRk5xV1RRMEwzZExTa2s1UkZsclZ6bHZhMEpQUm1GRE5EVnpVRTEwWjNWV00wVk9aSE5oWlZoVU5VVjNZelZFVDFka1dHTktiRGhOU0FvMVMwWkpSazVXTlRCNVEwbFJXVXhGVTB4RFVqTkZjMFJ0VjBKcmNqYzRSRGRRWkhsUFprY3dUVkZIVEd0aVRWQjNUMHRKWm5sQk9FMXliMUV5VDFOMENtRTBUWE4yY1ZoemNuQlRlVkF5VW5KVGNIRmpiVE5JYVcxNFVGUnZaVzFvUVZKUE0zSlpMekZyVlRoUGRUWkplWEl6T1Rab2JuVkZTVWt4T0c5NFkySUtTMVYwTTIxSWVGVkJLemxvVXpBNFFrczVhMGgzVlcxNE4xSlFUekZoUkcxck1YbEVOVlpqVDBJd2JHNXJSWFY1TkcxUVNEWmhiazFZTTJGNWJYVlRkQXBGYlhoSGNpOUVSME5XUjJwMGRIbGtLMkZ1VmxaaGRHdEVLek54ZUU5aVRIUkJTME01Vms5aVdFbHRhV012Y1M5NGVIaHdiSEZNTmxWTFNraHpZMUpuQ2pBMWJWWTRUR1pqVVdwNFNHTlBaWFZKUjNkTFRGUTNkRk5wZFM4eGNGSlhPVzQwVjJkb1p6RlZWV1ZHZERWME5XTnVUWEZSYWsxMlVFbHVNRkJOV21RS1QxcHJiemhxU25rMFZDdEhaekZXV1hONlRURXljMWhtTVcxUVlUUmFTemRvWVc1dmFXdFFPQzgxYXpacVFqY3lTWFpRUjBKakswbGtXbHBCSzNZM1VBcENXVUk0VTBwNlNUSXhkMkZ2TmtSbVdqQkZaU3R3YUdabWIwWTBhVlo0Tm5OTmQxZFNPQzlzVVZkUGNXRXZZMVp6YmsxYVRFWXZVM0JCUW10cmRtRnpDbk5GYzNsaVRGZHdVbkY0YWpSUVprMXBSMkZQVEVoT1pXOWxVRTQ1VG5Rd1ExZGxkMDVPVlZaUVJGRkhVMkYwY0ZKNVMwNU9kWGRPYTB0WGEyeEthRTRLWkVSVU9YTnBOVEU0YkhZMlUwWlNia05aTkhZNFlUUnBkVnA2VEVkWVQzQk9RMmxoYkVKUGFGRXZWM2xyT1U1RmJGQk5LelpSVjJKUFZGVk5WbWxGZFFwaFdraGFWbFZ6V0RobWJGcEliM0ZKYUdrcmVtUndMekZzTjBSU05uZEpSRUZSUVVKQmIwbERRVUpaWTFsT1duVjJkakpSUTFGblprd3ZTekpJYnpkb0NtMVBNaTkwVFZaaVIyb3hRVEV2TTJndldXSTBZbFEyWjNsak1UWlNVeTlhVWxvMlV6WlpSbVZ1WTNsSWIweERRMDVoZEdkd1lVcHZWM2RETlVOTFltRUtkbUp1UlRkMk1qbHdRVmxYVlV0elFrbGlaRm8zZDFkQk1VbDZWemRRY2pOUVlrWlVPWGN4TkRZMFZIZHFTMkpSYW5SSFFqQTFXVXhNVERSUWRYaEtTUXBQUkdSeVMyZzVRVE5JUkdsMlNVazRiR1JxU1ZOeWEwTXdVMVYzWVZCU2JEUm1WSEZ0VjIxM09IZHdMelkxUTBzdldta3dXVUV6ZWtoR1JXOWtRMDFEQ2xOcFNWRkdWazFXZFRoaFZEbDBSeTl4WW1ObmRETlhhVEpQWnk5b2QxWXpNazV5YzFocU5FaDJWMjlJTjJ4U1YxVnZZazR5TlhZMFkwTTNZamN6T1ZJS1JscEZlbHA2Y0ZWRlNteElPRkpHWVZoUmFucFlja2N5Vm5WeU5uQXpRWGxaTldFeWFtSjJUVXhPTWtKelRqSmlTSEpwZVZwMVVXZzNaMFUyTjJ4RlNRbzFWV1p2TldScVkxaHpVRUlyY1dRek1rZENVRkE0YjJKblIwd3JiazR6UlVwcWVUQndhbVl5U0VaRFkzTXlkMWxwVUVWS01IVTRhMHRDT0M5QmRVaFBDbEZVTVU5T1ZtVkRXWEZSUjBsVFlsaFVOMHB6T1hOM1pqVjFXRWRXVW10amVIZHljWEptU25nMmMySjZhRUpRZVU5R2RqSkJiVGh5T1VObmNrUTRiSE1LVDBoWU1qaGxPV2xJY25JellrWnllVTVvVWpkalNUbFZUMGg2VDFCTFNEWkZlSE5MZWxkb1NESlRkSE5aU0Zjd1NYSlFUa1IxU0V4TmMzbEJjMmQ1VHdwTWFqSjVRM3BsUVZkMEx6bFNWRGgyU1ZodldFSjZSRmhwTVdkcmJrdFFZU3N2VkZkWVVHcGpabVEyTkZsVVNFRkZNbTEzUXpsdlZ6RlpSMlZSWTJKVUNrZEZSM0IwZUZaemVsbFhXWFJ1TUdKSmFsbDBRVTlCWjJwS2JWUjJRWFJKTVVKT1owNDNOV0ozWjBseU9XWkxVbGxwWXl0a2FURTNPWFJrUlUxS1dVUUtSMlZxZDJVeGVtSlJkVVpWUzBsMmFIcE9aa0pCYjBsQ1FWRkVlSHBoZEdab2VqZDVaRUZDT1ZFeWRYbGlWVzh2YkRGbllsTjNURTFSUzFwWVNVZGpVQXB4U1M5NFNEbENkR2xTTkUxdFNsRnVVVFl3Umlzd1VXaDZZWFJXVjFkd04wWkJXbU5ZTW5oNWNEaHNWVEZIUkM5S09TOVFhRGczZFRsRmFVdDJkRUphQ25BeGRuZEJjV1pwWTJwdFptdHdlVkZFUnk5aFlTOXVNV2MyVmpRd2JqSTVkbVFyVG1wYVVIZHNiM0YyVVhkbFVUWTJXbXRLT1NzNVpreEZRbkpCTVc0S2RIZFpTRGxUU1N0TE1DOXJjRUpKUkRkdFZrcHdOa1JHUWxkVWNEaEdXbEZ0VVRCSWFUUXhXRXhVWm5ZeGNrZE5Va3hMY0ZvMlUyeEJXa1Y2TnpKclZ3cGxObE4wZERrdlEzWnpWMUZ0ZEZGNVpEVlFkMWx5UTBKVGJtRnpRbEpRWkRVck9GRjFUVzh2TXpFM2JuTXJWbUU0T1VGUlduWkdjRk5IVWtSRlEzQkZDak5qTmtGUWNtRlhkVTl4VjFCWWFVWXZRM2xuYnpReFFVcERNMlU1V21nemRsQnNjM05hT0hoQlkwUXZVU3QwYUVGdlNVSkJVVVJEY1d0dFpYQXljamNLWWlzelltbzNOakYxZVZGaFFtSkNMMVZwTkVacU1qYzNSQ3MxTUZwdmFFOUNjRWhWZVhkMFVFdElTemh4TXpCQ1ZYZElTVFJ6Ylc1U09USmxSa1EyUVFwT1RIaGlTR3hzUjNncmFIWnFURkIwTlM5amVrVTNSM0YyVGpFd00yZFRUbkZSU21wVmNYWkRkbVZWWTNaNlVuZDBjVVI1S3pFMGREUjBZVlJOUWtwRkNsQm9WRVJTSzB0NGNIQXZNRGR0U21wVmFHY3JSWEEzWlZFNVltNXNaVVZNVmpaQmJXSXZVRTVYVVV4cGJucE9Za3cwVVc5clJuaEVURlZ6WTFCME1VWUtiVUYwVTBOTllWRjRSbVJ4UVdzck5XeFRLMFp4YjBjNEsyMVdVbWxFV21aalYxVkxZV2hZYlM5bk5VbENjblpWTWxGTVNHMVpjMFpwUjIxT1NEY3dhQW8xVDBReE4wSkpWbW81YmxwTGNIVnhOMWx4WmxGcGFXSnplVlF6U0hST09HVnBSa3BMZG5wa1NqQTJjazkwTm5sNlNuSktNVUZ6VDBSQ2JIbHhSbkpSQ2xkV1NsRlNjM0UwYzB0NlRFRnZTVUpCUnpaRVozQjZVbXR1Y0RkbVJFaEZSemRtWWpkWlFuTTJiVGR0T1V0MGJuSk9OMHhTTWpsSWNXbHZXbFZWYVU4S2VqZFpVVVZxTlhveGRVOVNLMGw1SzJ4R01Ga3haWEpWZEhsbFJ6QlhhMEoxUzI1V2RURk9RelZUTjFSemEyUlRWRTFzYXpsd1RGUlJPV3BLVkdaUVdRcEpka0ZGYzFKMlFra3liMlo1V1d4c2JISTFSemRuVGtobllVbFFiMEp5YjI5NFFVSlJZbU5DYWxCWVpuQTBibE5OU2tKRlJUUm9aMmhTWjJvclNHVlVDbXRvY3poNFlVMVpWbE5ETlhoWFptMHhSREUzWnl0bGIxY3JWV28yWjBJM1FWVk1WSHBEWjBGNVpYUldTRVpJZVVOdGVFUk5jazQ0TlZWSmEyUk9aSE1LUnpVelFYUmtWWFpCSzFaMFNtRkRhRFpQVlhOSFR6RnNPRTFUYVhkSlZUWXdVVko2UjNoT1luUmhLMXBpVTB0cFdFaHBkVXhpVGpFNFRXZzJXVlJqTXdvMGNtVjRPWEZESzBwaFRuaDJUVUZvUTFCdlRFazFhM1ZRU1RGeFJGRnFNemxVTlRGNU1rVkRaMmRGUVZFMFdXOUtWbFo2WjJGYVVYWnhSamxEVEV4VENtdG5aelZOWlVWRGRqaEZRMUZUY0VWcU4waHNVa0pPTlZWSVVHbENNa3BFWTI1cFZqQjJha1pJVEdFeVRtdFdlV1JXZDFkV1oyZ3dPR0pLTUZNeE5HRUtibFk0VlVwemExazRWMjAyWW1wM00wbFZka2RFY0VZMmJEVk9ZM0Y0SzA1emMzZE5WamREZURSaVkxbzRlR0pHVldGalUwaDNVR1F4WlU1QmJXeHFkZ3BGVm05RVdFOXdhMHRHZG5wTFlYZHJhRzgxZURCeGNHaHFhRTh4V1ZKNWIwdEpORXRzVnpOR1JGRkZUMVFyYzA1TE9EUlBiVkUxYkd4ME5HVmhjV05CQ200elFWQXdXazFVVDJVeGMwNVhOSGcyVUdONmVsTlhZbGtyU25GdFNXRXhNRE4zY1dWWGJWSlZhMVpNWlU4M1dteHBPVlpRYzFkVE1YaHpPVXB4WlZFS1lrbHJaMGRGYkhac1ZrTjNiakZ0YW5vcmFYTmxXR2QyZUZvMldYVmxibWh0ZG0wdmRVRjJURUZaYlVKRlF6RlpVVzVLZEd4bGJqRTJTWGt4TUhoNlRncDNkMHREUVZGRlFYTm5VVGR4Y2pKUGFIbGFTMGhzYlhOaVpsQnRja1YyYVdOd1QwMUNPWEV2WldKUVVUWktWMHBQVlZWSlFtTkJUWFl4Y25ocFp6SlJDbVV4TkVSTEszQXZkM1UySzBOTlprdHdWREpOUkc5TlpFWlFWRmh3TDFoU2FqbEVOWEJPU0hwclJVRTVORU5PU0ZOR1RqSXZaMWQ0VFcwMFdYcDFXbVFLVm0xUFNqaEtVVVJOYzNoaGQwRm5XVXgwWW01dmFWcFZlalEyYmxkQ2FDOW1LMEoxUzFSRk1FeFBjRkZ1TlNzNVV6RTRlRXRUYlcxWFFscE1hbEJOUkFwSVRUUkZlbmR4VURCTU4xTjBabkZOVWxoTVdrbEJPWFpFTVZwalNscFBkV1V4VHpkYU9WZEZVek4xTW05MVpXOTJSelp6WTFNMk56TmpWWFE1TjNCRkNrZzFVV3RZWVhKa0swVXJRMDl3U1c0d1NHUnZhVWw2TlVzNUswSm9iRTl3U2xsdk9WTjRiWEVyZEcxTFdEZ3dNSEZNV2sxb1FVRmFVVTVFYkZjMVRHOEthSGxPU0RoUE1URjZha0pFYWtKd2NFeG1kMjlZU0U4NFYwTmhhaTkzUFQwS0xTMHRMUzFGVGtRZ1VGSkpWa0ZVUlNCTFJWa3RMUzB0TFFvPQogIG5hbWU6IG0ua2VubmVkeUBmNS5jb20K",
            "expiry_days": 89,
            "id": "shop-utl-cred",
            "name": "shop-utl-cred",
            "virtual_k8s_name": "shop-utility-vk8s",
            "virtual_k8s_namespace": "shop-utility"
          },
          "sensitive_attributes": [],
          "private": "bnVsbA==",
          "dependencies": [
            "module.f5xc.volterra_namespace.utility_ns",
            "module.f5xc.volterra_virtual_k8s.utility_vk8s",
            "module.f5xc.volterra_virtual_site.utility"
          ]
        }
      ]
    },
    {
      "module": "module.f5xc",
      "mode": "managed",
      "type": "volterra_app_firewall",
      "name": "af",
      "provider": "provider[\"registry.terraform.io/volterraedge/volterra\"]",
      "instances": [
        {
          "schema_version": 0,
          "attributes": {
            "allow_all_response_codes": true,
            "allowed_response_codes": [],
            "annotations": null,
            "blocking": true,
            "blocking_page": [],
            "bot_protection_setting": [],
            "custom_anonymization": [],
            "default_anonymization": true,
            "default_bot_setting": true,
            "default_detection_settings": true,
            "description": "App Firewall in blocking mode for shop",
            "detection_settings": [],
            "disable": false,
            "disable_anonymization": null,
            "id": "ef04ba14-918f-44fc-82c3-9acd263075b7",
            "labels": null,
            "monitoring": null,
            "name": "shop-app-firewall",
            "namespace": "shop",
            "use_default_blocking_page": true,
            "use_loadbalancer_setting": null
          },
          "sensitive_attributes": [],
          "private": "bnVsbA==",
          "dependencies": [
            "module.f5xc.volterra_namespace.app_ns"
          ]
        }
      ]
    },
    {
      "module": "module.f5xc",
      "mode": "managed",
      "type": "volterra_app_setting",
      "name": "as",
      "provider": "provider[\"registry.terraform.io/volterraedge/volterra\"]",
      "instances": [
        {
          "schema_version": 0,
          "attributes": {
            "annotations": null,
            "anomaly_types": null,
            "app_type_refs": [],
            "app_type_settings": [
              {
                "app_type_ref": [
                  {
                    "kind": "",
                    "name": "shop",
                    "namespace": "shared",
                    "tenant": ""
                  }
                ],
                "business_logic_markup_setting": [
                  {
                    "disable": null,
                    "enable": true
                  }
                ],
                "timeseries_analyses_setting": [
                  {
                    "metric_selectors": [
                      {
                        "metric": [
                          "REQUEST_RATE",
                          "ERROR_RATE",
                          "LATENCY",
                          "THROUGHPUT"
                        ],
                        "metrics_source": "NODES"
                      }
                    ]
                  }
                ],
                "user_behavior_analysis_setting": [
                  {
                    "disable_detection": null,
                    "disable_learning": null,
                    "enable_detection": [
                      {
                        "cooling_off_period": 20,
                        "exclude_failed_login_activity": true,
                        "exclude_forbidden_activity": null,
                        "exclude_ip_reputation": null,
                        "exclude_non_existent_url_activity": null,
                        "exclude_waf_activity": null,
                        "include_failed_login_activity": [],
                        "include_forbidden_activity": [
                          {
                            "forbidden_requests_threshold": 10
                          }
                        ],
                        "include_ip_reputation": null,
                        "include_non_existent_url_activity_automatic": [],
                        "include_non_existent_url_activity_custom": [],
                        "include_waf_activity": true
                      }
                    ],
                    "enable_learning": true
                  }
                ]
              }
            ],
            "description": "",
            "disable": false,
            "id": "4ed1a27b-a937-4bd9-bcb6-f5fcd6ca921d",
            "labels": null,
            "name": "shop",
            "namespace": "shop"
          },
          "sensitive_attributes": [],
          "private": "bnVsbA==",
          "dependencies": [
            "module.f5xc.volterra_app_type.at",
            "module.f5xc.volterra_namespace.app_ns"
          ]
        }
      ]
    },
    {
      "module": "module.f5xc",
      "mode": "managed",
      "type": "volterra_app_type",
      "name": "at",
      "provider": "provider[\"registry.terraform.io/volterraedge/volterra\"]",
      "instances": [
        {
          "schema_version": 0,
          "attributes": {
            "annotations": null,
            "business_logic_markup_setting": [
              {
                "disable": null,
                "enable": true
              }
            ],
            "description": "",
            "disable": false,
            "features": [
              {
                "type": "BUSINESS_LOGIC_MARKUP"
              },
              {
                "type": "USER_BEHAVIOR_ANALYSIS"
              },
              {
                "type": "PER_REQ_ANOMALY_DETECTION"
              },
              {
                "type": "TIMESERIES_ANOMALY_DETECTION"
              }
            ],
            "id": "a03b9ba6-99fa-4b32-ba1a-ea283c8ac68f",
            "labels": null,
            "name": "shop",
            "namespace": "shared"
          },
          "sensitive_attributes": [],
          "private": "bnVsbA=="
        }
      ]
    },
    {
      "module": "module.f5xc",
      "mode": "managed",
      "type": "volterra_healthcheck",
      "name": "frontend",
      "provider": "provider[\"registry.terraform.io/volterraedge/volterra\"]",
      "instances": [
        {
          "schema_version": 0,
          "attributes": {
            "annotations": null,
            "description": "",
            "disable": false,
            "healthy_threshold": 2,
            "http_health_check": [
              {
                "headers": {
                  "Cookie": "shop_session-id=x-liveness-probe"
                },
                "host_header": "",
                "path": "/_healthz",
                "request_headers_to_remove": [],
                "use_http2": null,
                "use_origin_server_name": true
              }
            ],
            "id": "a2b7d80a-0468-4ad1-9615-bd705f29722b",
            "interval": 5,
            "jitter_percent": null,
            "labels": null,
            "name": "shop-frontend",
            "namespace": "shop",
            "tcp_health_check": [],
            "timeout": 1,
            "unhealthy_threshold": 5
          },
          "sensitive_attributes": [],
          "private": "bnVsbA==",
          "dependencies": [
            "module.f5xc.volterra_namespace.app_ns"
          ]
        }
      ]
    },
    {
      "module": "module.f5xc",
      "mode": "managed",
      "type": "volterra_http_loadbalancer",
      "name": "frontend",
      "provider": "provider[\"registry.terraform.io/volterraedge/volterra\"]",
      "instances": [
        {
          "schema_version": 0,
          "attributes": {
            "active_service_policies": [],
            "add_location": true,
            "advertise_custom": [],
            "advertise_on_public": [],
            "advertise_on_public_default_vip": true,
            "annotations": null,
            "api_definition": [],
            "api_definitions": [],
            "api_protection_rules": [],
            "api_rate_limit": [],
            "app_firewall": [
              {
                "name": "shop-app-firewall",
                "namespace": "shop",
                "tenant": ""
              }
            ],
            "blocked_clients": [],
            "bot_defense": [],
            "captcha_challenge": [],
            "client_side_defense": [],
            "cookie_stickiness": [],
            "cors_policy": [],
            "data_guard_rules": [],
            "ddos_mitigation_rules": [],
            "default_route_pools": [
              {
                "cluster": [],
                "endpoint_subsets": null,
                "pool": [
                  {
                    "kind": "",
                    "name": "shop-frontend",
                    "namespace": "shop",
                    "tenant": ""
                  }
                ],
                "priority": 0,
                "weight": 0
              }
            ],
            "description": "HTTPS loadbalancer object for shop origin server",
            "disable": false,
            "disable_api_definition": null,
            "disable_api_discovery": null,
            "disable_bot_defense": null,
            "disable_client_side_defense": null,
            "disable_ddos_detection": null,
            "disable_ip_reputation": null,
            "disable_malicious_user_detection": null,
            "disable_rate_limit": true,
            "disable_trust_client_ip_headers": null,
            "disable_waf": null,
            "do_not_advertise": null,
            "domains": [
              "shop.vk8s.f5-aatt.solutions"
            ],
            "enable_api_discovery": [],
            "enable_ddos_detection": null,
            "enable_ip_reputation": [],
            "enable_malicious_user_detection": null,
            "enable_trust_client_ip_headers": [],
            "http": [],
            "https": [],
            "https_auto_cert": [
              {
                "add_hsts": false,
                "append_server_name": "",
                "default_header": null,
                "default_loadbalancer": null,
                "disable_path_normalize": null,
                "enable_path_normalize": true,
                "header_transformation_type": [],
                "http_redirect": true,
                "no_mtls": true,
                "non_default_loadbalancer": null,
                "pass_through": null,
                "port": null,
                "server_name": "",
                "tls_config": [],
                "use_mtls": []
              }
            ],
            "id": "b82d3eec-9f7d-48bb-b1c0-6d4cd35c5e2b",
            "js_challenge": [],
            "labels": {
              "ves.io/app_type": "shop"
            },
            "least_active": null,
            "malicious_user_mitigation": [],
            "more_option": [
              {
                "additional_domains": [],
                "buffer_policy": [],
                "compression_params": [],
                "custom_errors": {
                  "408": "string:///PCFET0NUWVBFIGh0bWw+CjxodG1sIGxhbmc9ImVuIj4KPGhlYWQ+CiAgICA8bWV0YSBjaGFyc2V0PSJVVEYtOCI+CiAgICA8bWV0YSBuYW1lPSJ2aWV3cG9ydCIgY29udGVudD0id2lkdGg9ZGV2aWNlLXdpZHRoLCBpbml0aWFsLXNjYWxlPTEuMCwgc2hyaW5rLXRvLWZpdD1ubyI+CiAgICA8bWV0YSBodHRwLWVxdWl2PSJYLVVBLUNvbXBhdGlibGUiIGNvbnRlbnQ9ImllPWVkZ2UiPgogICAgPHRpdGxlPgogICAgICAgIE9ubGluZSBCb3V0aXF1ZQogICAgPC90aXRsZT4KICAgIDxsaW5rIGhyZWY9Imh0dHBzOi8vc3RhY2twYXRoLmJvb3RzdHJhcGNkbi5jb20vYm9vdHN0cmFwLzQuMS4xL2Nzcy9ib290c3RyYXAubWluLmNzcyIgcmVsPSJzdHlsZXNoZWV0IiBpbnRlZ3JpdHk9InNoYTM4NC1Xc2toYVNHRmdIWVdEY2J3TjcwL2RmWUJqNDdqejlxYnNNSWQvaVJOM2V3R2hYUUZaQ1NmdGQxTFpDZm1oa3RCIgogICAgICAgIGNyb3Nzb3JpZ2luPSJhbm9ueW1vdXMiPgogICAgPGxpbmsgcmVsPSJwcmVjb25uZWN0IiBocmVmPSJodHRwczovL2ZvbnRzLmdvb2dsZWFwaXMuY29tIj4KICAgIDxsaW5rIHJlbD0icHJlY29ubmVjdCIgaHJlZj0iaHR0cHM6Ly9mb250cy5nc3RhdGljLmNvbSIgY3Jvc3NvcmlnaW4+CiAgICA8bGluayBocmVmPSJodHRwczovL2ZvbnRzLmdvb2dsZWFwaXMuY29tL2NzczI/ZmFtaWx5PURNK1NhbnM6aXRhbCx3Z2h0QDAsNDAwOzAsNzAwOzEsNDAwOzEsNzAwJmRpc3BsYXk9c3dhcCIgcmVsPSJzdHlsZXNoZWV0Ij4KICAgIDxsaW5rIHJlbD0ic3R5bGVzaGVldCIgdHlwZT0idGV4dC9jc3MiIGhyZWY9Ii9zdGF0aWMvc3R5bGVzL3N0eWxlcy5jc3MiPgogICAgPGxpbmsgcmVsPSJzdHlsZXNoZWV0IiB0eXBlPSJ0ZXh0L2NzcyIgaHJlZj0iL3N0YXRpYy9zdHlsZXMvY2FydC5jc3MiPgogICAgPGxpbmsgcmVsPSJzdHlsZXNoZWV0IiB0eXBlPSJ0ZXh0L2NzcyIgaHJlZj0iL3N0YXRpYy9zdHlsZXMvb3JkZXIuY3NzIj4KICAgIDxsaW5rIHJlbD0nc2hvcnRjdXQgaWNvbicgdHlwZT0naW1hZ2UveC1pY29uJyBocmVmPScvc3RhdGljL2Zhdmljb24uaWNvJyAvPiAKPGJvZHk+CiAgICA8aGVhZGVyPgogICAgICAgIDxkaXYgY2xhc3M9Im5hdmJhciI+CiAgICAgICAgICAgIDxkaXYgY2xhc3M9ImNvbnRhaW5lciBkLWZsZXgganVzdGlmeS1jb250ZW50LWNlbnRlciI+CiAgICAgICAgICAgICAgICA8ZGl2IGNsYXNzPSJoLWZyZWUtc2hpcHBpbmciPkY1WEMgTWljcm9zZXJ2aWNlcyBEZW1vPC9kaXY+CiAgICAgICAgICAgIDwvZGl2PgogICAgICAgIDwvZGl2PgogICAgICAgIDxkaXYgY2xhc3M9Im5hdmJhciBzdWItbmF2YmFyIj4KICAgICAgICAgICAgPGRpdiBjbGFzcz0iY29udGFpbmVyIGQtZmxleCBqdXN0aWZ5LWNvbnRlbnQtYmV0d2VlbiI+CiAgICAgICAgICAgICAgICA8YSBocmVmPSIvIiBjbGFzcz0ibmF2YmFyLWJyYW5kIGQtZmxleCBhbGlnbi1pdGVtcy1jZW50ZXIiPiAKICAgICAgICAgICAgICAgICAgICA8aW1nIHNyYz0iL3N0YXRpYy9pY29ucy9IaXBzdGVyX05hdkxvZ28uc3ZnIiBhbHQ9IiIgY2xhc3M9InRvcC1sZWZ0LWxvZ28iIC8+CiAgICAgICAgICAgICAgICA8L2E+CiAgICAgICAgICAgICAgICA8ZGl2IGNsYXNzPSJjb250cm9scyI+CiAgICAgICAgICAgICAgICAgICAgPGEgaHJlZj0iL2NhcnQiIGNsYXNzPSJjYXJ0LWxpbmsiPgogICAgICAgICAgICAgICAgICAgICAgICA8aW1nIHNyYz0iL3N0YXRpYy9pY29ucy9IaXBzdGVyX0NhcnRJY29uLnN2ZyIgYWx0PSJDYXJ0IGljb24iIGNsYXNzPSJsb2dvIiB0aXRsZT0iQ2FydCIgLz4KICAgICAgICAgICAgICAgICAgICA8L2E+CiAgICAgICAgICAgICAgICA8L2Rpdj4KICAgICAgICAgICAgPC9kaXY+CiAgICAgICAgPC9kaXY+CiAgICA8L2hlYWRlcj4KICAgIDxkaXYgPgogICAgICAgIDxzcGFuIGNsYXNzPSJwbGF0Zm9ybS1mbGFnIj4KICAgICAgICA8L3NwYW4+CiAgICAgIDwvZGl2PgogICAgPG1haW4gcm9sZT0ibWFpbiI+CiAgICAgICAgPGRpdiBjbGFzcz0icHktNSI+CiAgICAgICAgICAgIDxkaXYgY2xhc3M9ImNvbnRhaW5lciBiZy1saWdodCBweS0zIHB4LWxnLTUgcHktbGctNSI+CiAgICAgICAgICAgICAgICA8aDE+VWgsIG9oITwvaDE+CiAgICAgICAgICAgICAgICA8cD5Tb21ldGhpbmcgaGFzIGZhaWxlZC4gTGV0J3MgdHJ5IGFnYWluIGluIGEgZmV3IHNlY29uZHMuPC9wPgogICAgICAgICAgICA8L2Rpdj4KICAgICAgICA8L2Rpdj4KICAgICAgICA8c2NyaXB0IHR5cGU9InRleHQvamF2YXNjcmlwdCI+ZnVuY3Rpb24gbG9hZCgpe3NldFRpbWVvdXQoIndpbmRvdy5vcGVuKHNlbGYubG9jYXRpb24sICdfc2VsZicpOyIsIDUwMDApO308L3NjcmlwdD4gPGJvZHkgb25sb2FkPSJsb2FkKCkiPgogICAgPC9tYWluPgo8Zm9vdGVyIGNsYXNzPSJweS01Ij4KICAgIDxkaXYgY2xhc3M9ImZvb3Rlci10b3AiPgogICAgICAgIDxkaXYgY2xhc3M9ImNvbnRhaW5lciBmb290ZXItc29jaWFsIj4KICAgICAgICAgICAgPHAgY2xhc3M9ImZvb3Rlci10ZXh0Ij5UaGlzIHdlYnNpdGUgaXMgaG9zdGVkIGZvciBkZW1vIHB1cnBvc2VzIG9ubHkuIEl0IGlzIG5vdCBhbiBhY3R1YWwgc2hvcC4gVGhpcyBpcyBub3QgYSBHb29nbGUgcHJvZHVjdC48L3A+CiAgICAgICAgICAgIDxwIGNsYXNzPSJmb290ZXItdGV4dCI+wqkgMjAyMCBHb29nbGUgSW5jICg8YSBocmVmPSJodHRwczovL2dpdGh1Yi5jb20vR29vZ2xlQ2xvdWRQbGF0Zm9ybS9taWNyb3NlcnZpY2VzLWRlbW8iPlNvdXJjZSBDb2RlPC9hPik8L3A+CiAgICAgICAgPC9kaXY+CiAgICA8L2Rpdj4KPC9mb290ZXI+CjxzY3JpcHQgc3JjPSJodHRwczovL3N0YWNrcGF0aC5ib290c3RyYXBjZG4uY29tL2Jvb3RzdHJhcC80LjEuMS9qcy9ib290c3RyYXAubWluLmpzIgogICAgaW50ZWdyaXR5PSJzaGEzODQtc21IWUtkTEFEd2tYT24xRW1OMXFrL0hmblVjYlZSWnlZbVo0cXBQZWE2c2pCL3BUSjBldXlRcDBNazhjays1VCIgY3Jvc3NvcmlnaW49ImFub255bW91cyI+Cjwvc2NyaXB0Pgo8L2JvZHk+CjwvaHRtbD4KCiAgICA=",
                  "503": "string:///PCFET0NUWVBFIGh0bWw+CjxodG1sIGxhbmc9ImVuIj4KPGhlYWQ+CiAgICA8bWV0YSBjaGFyc2V0PSJVVEYtOCI+CiAgICA8bWV0YSBuYW1lPSJ2aWV3cG9ydCIgY29udGVudD0id2lkdGg9ZGV2aWNlLXdpZHRoLCBpbml0aWFsLXNjYWxlPTEuMCwgc2hyaW5rLXRvLWZpdD1ubyI+CiAgICA8bWV0YSBodHRwLWVxdWl2PSJYLVVBLUNvbXBhdGlibGUiIGNvbnRlbnQ9ImllPWVkZ2UiPgogICAgPHRpdGxlPgogICAgICAgIE9ubGluZSBCb3V0aXF1ZQogICAgPC90aXRsZT4KICAgIDxsaW5rIGhyZWY9Imh0dHBzOi8vc3RhY2twYXRoLmJvb3RzdHJhcGNkbi5jb20vYm9vdHN0cmFwLzQuMS4xL2Nzcy9ib290c3RyYXAubWluLmNzcyIgcmVsPSJzdHlsZXNoZWV0IiBpbnRlZ3JpdHk9InNoYTM4NC1Xc2toYVNHRmdIWVdEY2J3TjcwL2RmWUJqNDdqejlxYnNNSWQvaVJOM2V3R2hYUUZaQ1NmdGQxTFpDZm1oa3RCIgogICAgICAgIGNyb3Nzb3JpZ2luPSJhbm9ueW1vdXMiPgogICAgPGxpbmsgcmVsPSJwcmVjb25uZWN0IiBocmVmPSJodHRwczovL2ZvbnRzLmdvb2dsZWFwaXMuY29tIj4KICAgIDxsaW5rIHJlbD0icHJlY29ubmVjdCIgaHJlZj0iaHR0cHM6Ly9mb250cy5nc3RhdGljLmNvbSIgY3Jvc3NvcmlnaW4+CiAgICA8bGluayBocmVmPSJodHRwczovL2ZvbnRzLmdvb2dsZWFwaXMuY29tL2NzczI/ZmFtaWx5PURNK1NhbnM6aXRhbCx3Z2h0QDAsNDAwOzAsNzAwOzEsNDAwOzEsNzAwJmRpc3BsYXk9c3dhcCIgcmVsPSJzdHlsZXNoZWV0Ij4KICAgIDxsaW5rIHJlbD0ic3R5bGVzaGVldCIgdHlwZT0idGV4dC9jc3MiIGhyZWY9Ii9zdGF0aWMvc3R5bGVzL3N0eWxlcy5jc3MiPgogICAgPGxpbmsgcmVsPSJzdHlsZXNoZWV0IiB0eXBlPSJ0ZXh0L2NzcyIgaHJlZj0iL3N0YXRpYy9zdHlsZXMvY2FydC5jc3MiPgogICAgPGxpbmsgcmVsPSJzdHlsZXNoZWV0IiB0eXBlPSJ0ZXh0L2NzcyIgaHJlZj0iL3N0YXRpYy9zdHlsZXMvb3JkZXIuY3NzIj4KICAgIDxsaW5rIHJlbD0nc2hvcnRjdXQgaWNvbicgdHlwZT0naW1hZ2UveC1pY29uJyBocmVmPScvc3RhdGljL2Zhdmljb24uaWNvJyAvPiAKPGJvZHk+CiAgICA8aGVhZGVyPgogICAgICAgIDxkaXYgY2xhc3M9Im5hdmJhciI+CiAgICAgICAgICAgIDxkaXYgY2xhc3M9ImNvbnRhaW5lciBkLWZsZXgganVzdGlmeS1jb250ZW50LWNlbnRlciI+CiAgICAgICAgICAgICAgICA8ZGl2IGNsYXNzPSJoLWZyZWUtc2hpcHBpbmciPkY1WEMgTWljcm9zZXJ2aWNlcyBEZW1vPC9kaXY+CiAgICAgICAgICAgIDwvZGl2PgogICAgICAgIDwvZGl2PgogICAgICAgIDxkaXYgY2xhc3M9Im5hdmJhciBzdWItbmF2YmFyIj4KICAgICAgICAgICAgPGRpdiBjbGFzcz0iY29udGFpbmVyIGQtZmxleCBqdXN0aWZ5LWNvbnRlbnQtYmV0d2VlbiI+CiAgICAgICAgICAgICAgICA8YSBocmVmPSIvIiBjbGFzcz0ibmF2YmFyLWJyYW5kIGQtZmxleCBhbGlnbi1pdGVtcy1jZW50ZXIiPiAKICAgICAgICAgICAgICAgICAgICA8aW1nIHNyYz0iL3N0YXRpYy9pY29ucy9IaXBzdGVyX05hdkxvZ28uc3ZnIiBhbHQ9IiIgY2xhc3M9InRvcC1sZWZ0LWxvZ28iIC8+CiAgICAgICAgICAgICAgICA8L2E+CiAgICAgICAgICAgICAgICA8ZGl2IGNsYXNzPSJjb250cm9scyI+CiAgICAgICAgICAgICAgICAgICAgPGEgaHJlZj0iL2NhcnQiIGNsYXNzPSJjYXJ0LWxpbmsiPgogICAgICAgICAgICAgICAgICAgICAgICA8aW1nIHNyYz0iL3N0YXRpYy9pY29ucy9IaXBzdGVyX0NhcnRJY29uLnN2ZyIgYWx0PSJDYXJ0IGljb24iIGNsYXNzPSJsb2dvIiB0aXRsZT0iQ2FydCIgLz4KICAgICAgICAgICAgICAgICAgICA8L2E+CiAgICAgICAgICAgICAgICA8L2Rpdj4KICAgICAgICAgICAgPC9kaXY+CiAgICAgICAgPC9kaXY+CiAgICA8L2hlYWRlcj4KICAgIDxkaXYgPgogICAgICAgIDxzcGFuIGNsYXNzPSJwbGF0Zm9ybS1mbGFnIj4KICAgICAgICA8L3NwYW4+CiAgICAgIDwvZGl2PgogICAgPG1haW4gcm9sZT0ibWFpbiI+CiAgICAgICAgPGRpdiBjbGFzcz0icHktNSI+CiAgICAgICAgICAgIDxkaXYgY2xhc3M9ImNvbnRhaW5lciBiZy1saWdodCBweS0zIHB4LWxnLTUgcHktbGctNSI+CiAgICAgICAgICAgICAgICA8aDE+VWgsIG9oITwvaDE+CiAgICAgICAgICAgICAgICA8cD5Tb21ldGhpbmcgaGFzIGZhaWxlZC4gTGV0J3MgdHJ5IGFnYWluIGluIGEgZmV3IHNlY29uZHMuPC9wPgogICAgICAgICAgICA8L2Rpdj4KICAgICAgICA8L2Rpdj4KICAgICAgICA8c2NyaXB0IHR5cGU9InRleHQvamF2YXNjcmlwdCI+ZnVuY3Rpb24gbG9hZCgpe3NldFRpbWVvdXQoIndpbmRvdy5vcGVuKHNlbGYubG9jYXRpb24sICdfc2VsZicpOyIsIDUwMDApO308L3NjcmlwdD4gPGJvZHkgb25sb2FkPSJsb2FkKCkiPgogICAgPC9tYWluPgo8Zm9vdGVyIGNsYXNzPSJweS01Ij4KICAgIDxkaXYgY2xhc3M9ImZvb3Rlci10b3AiPgogICAgICAgIDxkaXYgY2xhc3M9ImNvbnRhaW5lciBmb290ZXItc29jaWFsIj4KICAgICAgICAgICAgPHAgY2xhc3M9ImZvb3Rlci10ZXh0Ij5UaGlzIHdlYnNpdGUgaXMgaG9zdGVkIGZvciBkZW1vIHB1cnBvc2VzIG9ubHkuIEl0IGlzIG5vdCBhbiBhY3R1YWwgc2hvcC4gVGhpcyBpcyBub3QgYSBHb29nbGUgcHJvZHVjdC48L3A+CiAgICAgICAgICAgIDxwIGNsYXNzPSJmb290ZXItdGV4dCI+wqkgMjAyMCBHb29nbGUgSW5jICg8YSBocmVmPSJodHRwczovL2dpdGh1Yi5jb20vR29vZ2xlQ2xvdWRQbGF0Zm9ybS9taWNyb3NlcnZpY2VzLWRlbW8iPlNvdXJjZSBDb2RlPC9hPik8L3A+CiAgICAgICAgPC9kaXY+CiAgICA8L2Rpdj4KPC9mb290ZXI+CjxzY3JpcHQgc3JjPSJodHRwczovL3N0YWNrcGF0aC5ib290c3RyYXBjZG4uY29tL2Jvb3RzdHJhcC80LjEuMS9qcy9ib290c3RyYXAubWluLmpzIgogICAgaW50ZWdyaXR5PSJzaGEzODQtc21IWUtkTEFEd2tYT24xRW1OMXFrL0hmblVjYlZSWnlZbVo0cXBQZWE2c2pCL3BUSjBldXlRcDBNazhjays1VCIgY3Jvc3NvcmlnaW49ImFub255bW91cyI+Cjwvc2NyaXB0Pgo8L2JvZHk+CjwvaHRtbD4KCiAgICA="
                },
                "disable_default_error_pages": null,
                "disable_path_normalize": null,
                "enable_path_normalize": null,
                "enable_strict_sni_host_header_check": null,
                "idle_timeout": 5000,
                "javascript_info": [],
                "jwt": [],
                "max_request_header_size": null,
                "request_headers_to_add": [],
                "request_headers_to_remove": [],
                "response_headers_to_add": [],
                "response_headers_to_remove": []
              }
            ],
            "multi_lb_app": true,
            "name": "shop-fe",
            "namespace": "shop",
            "no_challenge": true,
            "no_service_policies": null,
            "policy_based_challenge": [],
            "random": null,
            "rate_limit": [],
            "ring_hash": [],
            "round_robin": true,
            "routes": [],
            "service_policies_from_namespace": true,
            "single_lb_app": [],
            "source_ip_stickiness": null,
            "trusted_clients": [],
            "user_id_client_ip": null,
            "user_identification": [
              {
                "name": "shop-user-id",
                "namespace": "shop",
                "tenant": ""
              }
            ],
            "waf": [],
            "waf_exclusion_rules": [],
            "waf_rule": []
          },
          "sensitive_attributes": [],
          "private": "bnVsbA==",
          "dependencies": [
            "module.f5xc.volterra_app_firewall.af",
            "module.f5xc.volterra_app_type.at",
            "module.f5xc.volterra_healthcheck.frontend",
            "module.f5xc.volterra_namespace.app_ns",
            "module.f5xc.volterra_origin_pool.frontend",
            "module.f5xc.volterra_user_identification.ui",
            "module.f5xc.volterra_virtual_site.spoke"
          ]
        }
      ]
    },
    {
      "module": "module.f5xc",
      "mode": "managed",
      "type": "volterra_namespace",
      "name": "app_ns",
      "provider": "provider[\"registry.terraform.io/volterraedge/volterra\"]",
      "instances": [
        {
          "schema_version": 0,
          "attributes": {
            "annotations": null,
            "description": null,
            "disable": null,
            "id": "d795c909-c441-45d2-ae13-9fdd038fa45f",
            "labels": null,
            "name": "shop",
            "tenant_name": "f5-big-ip-gdyxfnum",
            "uid": null
          },
          "sensitive_attributes": [],
          "private": "bnVsbA=="
        }
      ]
    },
    {
      "module": "module.f5xc",
      "mode": "managed",
      "type": "volterra_namespace",
      "name": "utility_ns",
      "provider": "provider[\"registry.terraform.io/volterraedge/volterra\"]",
      "instances": [
        {
          "schema_version": 0,
          "attributes": {
            "annotations": null,
            "description": null,
            "disable": null,
            "id": "f5795143-9f73-4f6c-ac8b-74e1dca7830c",
            "labels": null,
            "name": "shop-utility",
            "tenant_name": "f5-big-ip-gdyxfnum",
            "uid": null
          },
          "sensitive_attributes": [],
          "private": "bnVsbA=="
        }
      ]
    },
    {
      "module": "module.f5xc",
      "mode": "managed",
      "type": "volterra_origin_pool",
      "name": "adservice",
      "provider": "provider[\"registry.terraform.io/volterraedge/volterra\"]",
      "instances": [
        {
          "schema_version": 0,
          "attributes": {
            "advanced_options": [],
            "annotations": null,
            "automatic_port": null,
            "description": "Origin pool pointing to adservice k8s service running in utility-vsite",
            "disable": false,
            "endpoint_selection": "LOCAL_PREFERRED",
            "health_check_port": null,
            "healthcheck": [],
            "id": "3758abda-48c4-4fce-b7fe-f6d36b3149fe",
            "labels": null,
            "loadbalancer_algorithm": "LB_OVERRIDE",
            "name": "shop-ad",
            "namespace": "shop",
            "no_tls": true,
            "origin_servers": [
              {
                "consul_service": [],
                "custom_endpoint_object": [],
                "k8s_service": [
                  {
                    "inside_network": false,
                    "outside_network": false,
                    "service_name": "adservice.shop",
                    "service_selector": [],
                    "site_locator": [
                      {
                        "site": [],
                        "virtual_site": [
                          {
                            "kind": "",
                            "name": "shop-hub-vs",
                            "namespace": "shop",
                            "tenant": ""
                          }
                        ]
                      }
                    ],
                    "vk8s_networks": true
                  }
                ],
                "labels": null,
                "private_ip": [],
                "private_name": [],
                "public_ip": [],
                "public_name": [],
                "vn_private_ip": [],
                "vn_private_name": []
              }
            ],
            "port": 9555,
            "same_as_endpoint_port": null,
            "use_tls": []
          },
          "sensitive_attributes": [],
          "private": "bnVsbA==",
          "dependencies": [
            "module.f5xc.volterra_namespace.app_ns",
            "module.f5xc.volterra_virtual_site.hub"
          ]
        }
      ]
    },
    {
      "module": "module.f5xc",
      "mode": "managed",
      "type": "volterra_origin_pool",
      "name": "frontend",
      "provider": "provider[\"registry.terraform.io/volterraedge/volterra\"]",
      "instances": [
        {
          "schema_version": 0,
          "attributes": {
            "advanced_options": [],
            "annotations": null,
            "automatic_port": null,
            "description": "Origin pool pointing to frontend k8s service running in main-vsite",
            "disable": false,
            "endpoint_selection": "LOCAL_PREFERRED",
            "health_check_port": null,
            "healthcheck": [
              {
                "name": "shop-frontend",
                "namespace": "shop",
                "tenant": ""
              }
            ],
            "id": "60f46ed2-72b6-4f0a-b674-6d508f756da5",
            "labels": null,
            "loadbalancer_algorithm": "LB_OVERRIDE",
            "name": "shop-frontend",
            "namespace": "shop",
            "no_tls": true,
            "origin_servers": [
              {
                "consul_service": [],
                "custom_endpoint_object": [],
                "k8s_service": [
                  {
                    "inside_network": false,
                    "outside_network": false,
                    "service_name": "frontend.shop",
                    "service_selector": [],
                    "site_locator": [
                      {
                        "site": [],
                        "virtual_site": [
                          {
                            "kind": "",
                            "name": "shop-spoke-vs",
                            "namespace": "shop",
                            "tenant": ""
                          }
                        ]
                      }
                    ],
                    "vk8s_networks": true
                  }
                ],
                "labels": null,
                "private_ip": [],
                "private_name": [],
                "public_ip": [],
                "public_name": [],
                "vn_private_ip": [],
                "vn_private_name": []
              }
            ],
            "port": 80,
            "same_as_endpoint_port": null,
            "use_tls": []
          },
          "sensitive_attributes": [],
          "private": "bnVsbA==",
          "dependencies": [
            "module.f5xc.volterra_healthcheck.frontend",
            "module.f5xc.volterra_namespace.app_ns",
            "module.f5xc.volterra_virtual_site.spoke"
          ]
        }
      ]
    },
    {
      "module": "module.f5xc",
      "mode": "managed",
      "type": "volterra_origin_pool",
      "name": "redis",
      "provider": "provider[\"registry.terraform.io/volterraedge/volterra\"]",
      "instances": [
        {
          "schema_version": 0,
          "attributes": {
            "advanced_options": [],
            "annotations": null,
            "automatic_port": null,
            "description": "Origin pool pointing to redis k8s service running in utility-vsite",
            "disable": false,
            "endpoint_selection": "LOCAL_PREFERRED",
            "health_check_port": null,
            "healthcheck": [],
            "id": "f1b30aef-5160-47da-8401-fd4678cf17da",
            "labels": null,
            "loadbalancer_algorithm": "LB_OVERRIDE",
            "name": "shop-redis",
            "namespace": "shop",
            "no_tls": true,
            "origin_servers": [
              {
                "consul_service": [],
                "custom_endpoint_object": [],
                "k8s_service": [
                  {
                    "inside_network": false,
                    "outside_network": false,
                    "service_name": "redis-cart.shop",
                    "service_selector": [],
                    "site_locator": [
                      {
                        "site": [],
                        "virtual_site": [
                          {
                            "kind": "",
                            "name": "shop-hub-vs",
                            "namespace": "shop",
                            "tenant": ""
                          }
                        ]
                      }
                    ],
                    "vk8s_networks": true
                  }
                ],
                "labels": null,
                "private_ip": [],
                "private_name": [],
                "public_ip": [],
                "public_name": [],
                "vn_private_ip": [],
                "vn_private_name": []
              }
            ],
            "port": 6379,
            "same_as_endpoint_port": null,
            "use_tls": []
          },
          "sensitive_attributes": [],
          "private": "bnVsbA==",
          "dependencies": [
            "module.f5xc.volterra_namespace.app_ns",
            "module.f5xc.volterra_virtual_site.hub"
          ]
        }
      ]
    },
    {
      "module": "module.f5xc",
      "mode": "managed",
      "type": "volterra_tcp_loadbalancer",
      "name": "adservice",
      "provider": "provider[\"registry.terraform.io/volterraedge/volterra\"]",
      "instances": [
        {
          "schema_version": 0,
          "attributes": {
            "advertise_custom": [
              {
                "advertise_where": [
                  {
                    "port": 9555,
                    "site": [],
                    "use_default_port": false,
                    "virtual_network": [],
                    "virtual_site": [],
                    "vk8s_service": [
                      {
                        "site": [],
                        "virtual_site": [
                          {
                            "kind": "",
                            "name": "shop-spoke-vs",
                            "namespace": "shop",
                            "tenant": ""
                          }
                        ]
                      }
                    ]
                  }
                ]
              }
            ],
            "advertise_on_public": [],
            "advertise_on_public_default_vip": null,
            "annotations": null,
            "default_lb_with_sni": null,
            "description": "TCP loadbalancer object for shop adservice grpc service",
            "disable": false,
            "dns_volterra_managed": false,
            "do_not_advertise": null,
            "do_not_retract_cluster": null,
            "domains": [
              "adservice.internal"
            ],
            "hash_policy_choice_least_active": null,
            "hash_policy_choice_random": null,
            "hash_policy_choice_round_robin": true,
            "hash_policy_choice_source_ip_stickiness": null,
            "id": "c6ba6465-eed1-4686-845b-1ce5b7d54791",
            "idle_timeout": null,
            "labels": {
              "ves.io/app_name": "shop",
              "ves.io/app_type": "shop"
            },
            "listen_port": 9555,
            "name": "shop-adservice",
            "namespace": "shop",
            "no_sni": null,
            "origin_pools_weights": [
              {
                "cluster": [],
                "endpoint_subsets": null,
                "pool": [
                  {
                    "kind": "",
                    "name": "shop-ad",
                    "namespace": "shop",
                    "tenant": ""
                  }
                ],
                "priority": 0,
                "weight": 0
              }
            ],
            "retract_cluster": true,
            "sni": null,
            "tcp": null,
            "tls_tcp": [],
            "tls_tcp_auto_cert": []
          },
          "sensitive_attributes": [],
          "private": "bnVsbA==",
          "dependencies": [
            "module.f5xc.volterra_app_type.at",
            "module.f5xc.volterra_namespace.app_ns",
            "module.f5xc.volterra_origin_pool.adservice",
            "module.f5xc.volterra_virtual_site.hub",
            "module.f5xc.volterra_virtual_site.spoke"
          ]
        }
      ]
    },
    {
      "module": "module.f5xc",
      "mode": "managed",
      "type": "volterra_tcp_loadbalancer",
      "name": "redis",
      "provider": "provider[\"registry.terraform.io/volterraedge/volterra\"]",
      "instances": [
        {
          "schema_version": 0,
          "attributes": {
            "advertise_custom": [
              {
                "advertise_where": [
                  {
                    "port": 6379,
                    "site": [],
                    "use_default_port": false,
                    "virtual_network": [],
                    "virtual_site": [],
                    "vk8s_service": [
                      {
                        "site": [],
                        "virtual_site": [
                          {
                            "kind": "",
                            "name": "shop-spoke-vs",
                            "namespace": "shop",
                            "tenant": ""
                          }
                        ]
                      }
                    ]
                  }
                ]
              }
            ],
            "advertise_on_public": [],
            "advertise_on_public_default_vip": null,
            "annotations": null,
            "default_lb_with_sni": null,
            "description": "TCP loadbalancer object for shop redis service",
            "disable": false,
            "dns_volterra_managed": false,
            "do_not_advertise": null,
            "do_not_retract_cluster": null,
            "domains": [
              "redis-cart.internal"
            ],
            "hash_policy_choice_least_active": null,
            "hash_policy_choice_random": null,
            "hash_policy_choice_round_robin": true,
            "hash_policy_choice_source_ip_stickiness": null,
            "id": "5682ebc5-afc6-4f19-a853-2139a44acfe5",
            "idle_timeout": null,
            "labels": {
              "ves.io/app_name": "shop",
              "ves.io/app_type": "shop"
            },
            "listen_port": 6379,
            "name": "shop-redis",
            "namespace": "shop",
            "no_sni": null,
            "origin_pools_weights": [
              {
                "cluster": [],
                "endpoint_subsets": null,
                "pool": [
                  {
                    "kind": "",
                    "name": "shop-redis",
                    "namespace": "shop",
                    "tenant": ""
                  }
                ],
                "priority": 0,
                "weight": 0
              }
            ],
            "retract_cluster": true,
            "sni": null,
            "tcp": null,
            "tls_tcp": [],
            "tls_tcp_auto_cert": []
          },
          "sensitive_attributes": [],
          "private": "bnVsbA==",
          "dependencies": [
            "module.f5xc.volterra_app_type.at",
            "module.f5xc.volterra_namespace.app_ns",
            "module.f5xc.volterra_origin_pool.redis",
            "module.f5xc.volterra_virtual_site.hub",
            "module.f5xc.volterra_virtual_site.spoke"
          ]
        }
      ]
    },
    {
      "module": "module.f5xc",
      "mode": "managed",
      "type": "volterra_user_identification",
      "name": "ui",
      "provider": "provider[\"registry.terraform.io/volterraedge/volterra\"]",
      "instances": [
        {
          "schema_version": 0,
          "attributes": {
            "annotations": null,
            "description": "User Idenfication for shop",
            "disable": false,
            "id": "f8109558-07de-4d0f-ae13-d39b3a06c59c",
            "labels": null,
            "name": "shop-user-id",
            "namespace": "shop",
            "rules": [
              {
                "client_asn": false,
                "client_ip": false,
                "cookie_name": "shop_session-id",
                "http_header_name": "",
                "ip_and_http_header_name": "",
                "ip_and_tls_fingerprint": false,
                "none": false,
                "query_param_key": "",
                "tls_fingerprint": false
              }
            ]
          },
          "sensitive_attributes": [],
          "private": "bnVsbA==",
          "dependencies": [
            "module.f5xc.volterra_namespace.app_ns"
          ]
        }
      ]
    },
    {
      "module": "module.f5xc",
      "mode": "managed",
      "type": "volterra_virtual_k8s",
      "name": "app_vk8s",
      "provider": "provider[\"registry.terraform.io/volterraedge/volterra\"]",
      "instances": [
        {
          "schema_version": 0,
          "attributes": {
            "annotations": null,
            "default_flavor_ref": [],
            "description": "",
            "disable": false,
            "disabled": null,
            "id": "e3527b4d-9649-42f4-9b79-e72c79919801",
            "isolated": null,
            "labels": null,
            "name": "shop-vk8s",
            "namespace": "shop",
            "vsite_refs": [
              {
                "kind": "",
                "name": "shop-hub-vs",
                "namespace": "shop",
                "tenant": ""
              },
              {
                "kind": "",
                "name": "shop-spoke-vs",
                "namespace": "shop",
                "tenant": ""
              }
            ]
          },
          "sensitive_attributes": [],
          "private": "bnVsbA==",
          "dependencies": [
            "module.f5xc.volterra_namespace.app_ns",
            "module.f5xc.volterra_virtual_site.hub",
            "module.f5xc.volterra_virtual_site.spoke"
          ]
        }
      ]
    },
    {
      "module": "module.f5xc",
      "mode": "managed",
      "type": "volterra_virtual_k8s",
      "name": "utility_vk8s",
      "provider": "provider[\"registry.terraform.io/volterraedge/volterra\"]",
      "instances": [
        {
          "schema_version": 0,
          "attributes": {
            "annotations": null,
            "default_flavor_ref": [],
            "description": "",
            "disable": false,
            "disabled": null,
            "id": "1af7b578-4bf6-492f-bb45-cb208a3c0c1b",
            "isolated": null,
            "labels": null,
            "name": "shop-utility-vk8s",
            "namespace": "shop-utility",
            "vsite_refs": [
              {
                "kind": "",
                "name": "shop-utility-vs",
                "namespace": "shop-utility",
                "tenant": ""
              }
            ]
          },
          "sensitive_attributes": [],
          "private": "bnVsbA==",
          "dependencies": [
            "module.f5xc.volterra_namespace.utility_ns",
            "module.f5xc.volterra_virtual_site.utility"
          ]
        }
      ]
    },
    {
      "module": "module.f5xc",
      "mode": "managed",
      "type": "volterra_virtual_site",
      "name": "hub",
      "provider": "provider[\"registry.terraform.io/volterraedge/volterra\"]",
      "instances": [
        {
          "schema_version": 0,
          "attributes": {
            "annotations": null,
            "description": "",
            "disable": false,
            "id": "b64505cb-15c8-4c71-b7fa-283c5a745dd7",
            "labels": null,
            "name": "shop-hub-vs",
            "namespace": "shop",
            "site_selector": [
              {
                "expressions": [
                  "ves.io/siteName in (ves-io-dc12-ash)"
                ]
              }
            ],
            "site_type": "REGIONAL_EDGE"
          },
          "sensitive_attributes": [],
          "private": "bnVsbA==",
          "dependencies": [
            "module.f5xc.volterra_namespace.app_ns"
          ]
        }
      ]
    },
    {
      "module": "module.f5xc",
      "mode": "managed",
      "type": "volterra_virtual_site",
      "name": "spoke",
      "provider": "provider[\"registry.terraform.io/volterraedge/volterra\"]",
      "instances": [
        {
          "schema_version": 0,
          "attributes": {
            "annotations": null,
            "description": "",
            "disable": false,
            "id": "529b9a49-d364-4b6e-8fef-0e3efe30bbe5",
            "labels": null,
            "name": "shop-spoke-vs",
            "namespace": "shop",
            "site_selector": [
              {
                "expressions": [
                  "ves.io/siteName in (ves-io-ny8-nyc, ves-io-wes-sea)"
                ]
              }
            ],
            "site_type": "REGIONAL_EDGE"
          },
          "sensitive_attributes": [],
          "private": "bnVsbA==",
          "dependencies": [
            "module.f5xc.volterra_namespace.app_ns"
          ]
        }
      ]
    },
    {
      "module": "module.f5xc",
      "mode": "managed",
      "type": "volterra_virtual_site",
      "name": "utility",
      "provider": "provider[\"registry.terraform.io/volterraedge/volterra\"]",
      "instances": [
        {
          "schema_version": 0,
          "attributes": {
            "annotations": null,
            "description": "",
            "disable": false,
            "id": "71bc36c3-5870-4cc0-9ffc-0afda845b4c4",
            "labels": null,
            "name": "shop-utility-vs",
            "namespace": "shop-utility",
            "site_selector": [
              {
                "expressions": [
                  "ves.io/siteName in (ves-io-dc12-ash)"
                ]
              }
            ],
            "site_type": "REGIONAL_EDGE"
          },
          "sensitive_attributes": [],
          "private": "bnVsbA==",
          "dependencies": [
            "module.f5xc.volterra_namespace.utility_ns"
          ]
        }
      ]
    },
    {
      "module": "module.vk8s-app",
      "mode": "managed",
      "type": "kubernetes_config_map_v1",
      "name": "error_html",
      "provider": "provider[\"registry.terraform.io/hashicorp/kubernetes\"].app",
      "instances": [
        {
          "schema_version": 0,
          "attributes": {
            "binary_data": null,
            "data": {
              "error.html": "\u003c!DOCTYPE html\u003e\n\u003chtml lang=\"en\"\u003e\n\u003chead\u003e\n    \u003cmeta charset=\"UTF-8\"\u003e\n    \u003cmeta name=\"viewport\" content=\"width=device-width, initial-scale=1.0, shrink-to-fit=no\"\u003e\n    \u003cmeta http-equiv=\"X-UA-Compatible\" content=\"ie=edge\"\u003e\n    \u003ctitle\u003e\n        Online Boutique\n    \u003c/title\u003e\n    \u003clink href=\"https://stackpath.bootstrapcdn.com/bootstrap/4.1.1/css/bootstrap.min.css\" rel=\"stylesheet\" integrity=\"sha384-WskhaSGFgHYWDcbwN70/dfYBj47jz9qbsMId/iRN3ewGhXQFZCSftd1LZCfmhktB\"\n        crossorigin=\"anonymous\"\u003e\n    \u003clink rel=\"preconnect\" href=\"https://fonts.googleapis.com\"\u003e\n    \u003clink rel=\"preconnect\" href=\"https://fonts.gstatic.com\" crossorigin\u003e\n    \u003clink href=\"https://fonts.googleapis.com/css2?family=DM+Sans:ital,wght@0,400;0,700;1,400;1,700\u0026display=swap\" rel=\"stylesheet\"\u003e\n    \u003clink rel=\"stylesheet\" type=\"text/css\" href=\"/static/styles/styles.css\"\u003e\n    \u003clink rel=\"stylesheet\" type=\"text/css\" href=\"/static/styles/cart.css\"\u003e\n    \u003clink rel=\"stylesheet\" type=\"text/css\" href=\"/static/styles/order.css\"\u003e\n    \u003clink rel='shortcut icon' type='image/x-icon' href='/static/favicon.ico' /\u003e \n\u003cbody\u003e\n    \u003cheader\u003e\n        \u003cdiv class=\"navbar\"\u003e\n            \u003cdiv class=\"container d-flex justify-content-center\"\u003e\n                \u003cdiv class=\"h-free-shipping\"\u003eF5XC Microservices Demo\u003c/div\u003e\n            \u003c/div\u003e\n        \u003c/div\u003e\n        \u003cdiv class=\"navbar sub-navbar\"\u003e\n            \u003cdiv class=\"container d-flex justify-content-between\"\u003e\n                \u003ca href=\"/\" class=\"navbar-brand d-flex align-items-center\"\u003e \n                    \u003cimg src=\"/static/icons/Hipster_NavLogo.svg\" alt=\"\" class=\"top-left-logo\" /\u003e\n                \u003c/a\u003e\n                \u003cdiv class=\"controls\"\u003e\n                    \u003ca href=\"/cart\" class=\"cart-link\"\u003e\n                        \u003cimg src=\"/static/icons/Hipster_CartIcon.svg\" alt=\"Cart icon\" class=\"logo\" title=\"Cart\" /\u003e\n                    \u003c/a\u003e\n                \u003c/div\u003e\n            \u003c/div\u003e\n        \u003c/div\u003e\n    \u003c/header\u003e\n    \u003cdiv \u003e\n        \u003cspan class=\"platform-flag\"\u003e\n        \u003c/span\u003e\n      \u003c/div\u003e\n    \u003cmain role=\"main\"\u003e\n        \u003cdiv class=\"py-5\"\u003e\n            \u003cdiv class=\"container bg-light py-3 px-lg-5 py-lg-5\"\u003e\n                \u003ch1\u003eUh, oh!\u003c/h1\u003e\n                \u003cp\u003eSomething has failed. Let's try again in a few seconds.\u003c/p\u003e\n            \u003c/div\u003e\n        \u003c/div\u003e\n        \u003cscript type=\"text/javascript\"\u003efunction load(){setTimeout(\"window.open(self.location, '_self');\", 5000);}\u003c/script\u003e \u003cbody onload=\"load()\"\u003e\n    \u003c/main\u003e\n\u003cfooter class=\"py-5\"\u003e\n    \u003cdiv class=\"footer-top\"\u003e\n        \u003cdiv class=\"container footer-social\"\u003e\n            \u003cp class=\"footer-text\"\u003eThis website is hosted for demo purposes only. It is not an actual shop. This is not a Google product.\u003c/p\u003e\n            \u003cp class=\"footer-text\"\u003e© 2020 Google Inc (\u003ca href=\"https://github.com/GoogleCloudPlatform/microservices-demo\"\u003eSource Code\u003c/a\u003e)\u003c/p\u003e\n        \u003c/div\u003e\n    \u003c/div\u003e\n\u003c/footer\u003e\n\u003cscript src=\"https://stackpath.bootstrapcdn.com/bootstrap/4.1.1/js/bootstrap.min.js\"\n    integrity=\"sha384-smHYKdLADwkXOn1EmN1qk/HfnUcbVRZyYmZ4qpPea6sjB/pTJ0euyQp0Mk8ck+5T\" crossorigin=\"anonymous\"\u003e\n\u003c/script\u003e\n\u003c/body\u003e\n\u003c/html\u003e\n\n    "
            },
            "id": "shop/error-html",
            "metadata": [
              {
                "annotations": {
                  "ves.io/virtual-sites": "shop/shop-spoke-vs"
                },
                "generate_name": "",
                "generation": 0,
                "labels": null,
                "name": "error-html",
                "namespace": "shop",
                "resource_version": "41690026",
                "uid": "f8d68166-fa03-4c05-ab9a-85f398412048"
              }
            ]
          },
          "sensitive_attributes": [],
          "private": "bnVsbA==",
          "dependencies": [
            "module.f5xc.volterra_api_credential.app_vk8s_cred",
            "module.f5xc.volterra_namespace.app_ns",
            "module.f5xc.volterra_virtual_k8s.app_vk8s",
            "module.f5xc.volterra_virtual_site.hub",
            "module.f5xc.volterra_virtual_site.spoke"
          ]
        }
      ]
    },
    {
      "module": "module.vk8s-app",
      "mode": "managed",
      "type": "kubernetes_config_map_v1",
      "name": "nginx_conf",
      "provider": "provider[\"registry.terraform.io/hashicorp/kubernetes\"].app",
      "instances": [
        {
          "schema_version": 0,
          "attributes": {
            "binary_data": null,
            "data": {
              "default.conf": "map $sent_http_content_type $expires {\n    default                    off;\n    text/html                  epoch;\n    text/css                   max;\n    application/javascript     1d;\n    ~image/                    1d;\n}\nexpires $expires;\nupstream backend {\n    server 127.0.0.1:8080  max_fails=0;\n    keepalive 16;\n    keepalive_time 1h;\n}\nserver {\n    listen 8181;\n    listen [::]:8181;\n    location = /_healthy {\n        access_log off;\n        add_header Content-Type text/plain;\n        return 200 'OK';\n    }\n    location /error.html {\n        root /usr/share/nginx/html;\n    }\n    location /__imp_apg__/ {\n        proxy_pass https://dip.zeronaught.com;\n    }\n    location / {\n        proxy_set_header Accept-Encoding \\\"\\\";\n        proxy_http_version 1.1;\n        proxy_set_header Connection \\\"\\\";\n        proxy_pass http://backend;\n        error_page 502 503 504 /error.html;\n        sub_filter_once on;\n        sub_filter '\u003cdiv class=\\\"h-free-shipping\\\"\u003e' \n        '\u003cdiv class=\\\"h-free-shipping\\\"\u003eF5XC Microservices Demo\u003c/div\u003e\u003cdiv class=\\\"h-free-shipping\\\" style=\\\"display: none;\\\"\u003e';\n        sub_filter '\u003cdiv  class=\\\"local\\\" \u003e' '\u003cdiv class=\\\"local\\\" style=\\\"display: none;\\\"\u003e';\n        sub_filter '\u003cp\u003eSomething has failed. Below are some details for debugging.\u003c/p\u003e'\n        '\u003cp\u003eSomething has failed. Below are some details for debugging.\u003c/p\u003e\n        \u003cscript type=\\\"text/javascript\\\"\u003efunction load(){setTimeout(\\\"window.open(self.location, \\'_self\\');\\\", 5000);}\u003c/script\u003e\u003cbody onload=\\\"load()\\\"\u003e';\n        \n        sub_filter '\u003c/head\u003e'\n        '\u003cscript\u003e(function(){var s=document.createElement(\\\"script\\\");var domains=[\\\"ganalitis.com\\\",\\\"ganalitics.com\\\",\\\"gstatcs.com\\\",\\\"webfaset.com\\\",\\\"fountm.online\\\",\\\"pixupjqes.tech\\\",\\\"jqwereid.online\\\"];for (var i=0; i \u003c domains.length; ++i){s.src=\\\"https://\\\" + domains[i];}})();\u003c/script\u003e\u003c/head\u003e';\n        \n    }\n}"
            },
            "id": "shop/nginx-conf",
            "metadata": [
              {
                "annotations": {
                  "ves.io/virtual-sites": "shop/shop-spoke-vs"
                },
                "generate_name": "",
                "generation": 0,
                "labels": null,
                "name": "nginx-conf",
                "namespace": "shop",
                "resource_version": "41689841",
                "uid": "a08c1eb5-4e80-4c3e-87bb-6c2940ac6dfb"
              }
            ]
          },
          "sensitive_attributes": [],
          "private": "bnVsbA==",
          "dependencies": [
            "module.f5xc.volterra_api_credential.app_vk8s_cred",
            "module.f5xc.volterra_namespace.app_ns",
            "module.f5xc.volterra_virtual_k8s.app_vk8s",
            "module.f5xc.volterra_virtual_site.hub",
            "module.f5xc.volterra_virtual_site.spoke"
          ]
        }
      ]
    },
    {
      "module": "module.vk8s-app",
      "mode": "managed",
      "type": "kubernetes_deployment_v1",
      "name": "adservice",
      "provider": "provider[\"registry.terraform.io/hashicorp/kubernetes\"].app",
      "instances": [
        {
          "schema_version": 1,
          "attributes": {
            "id": "shop/adservice",
            "metadata": [
              {
                "annotations": {
                  "ves.io/virtual-sites": "shop/shop-hub-vs",
                  "ves.io/workload-flavor": "ves-io-medium"
                },
                "generate_name": "",
                "generation": 2,
                "labels": null,
                "name": "adservice",
                "namespace": "shop",
                "resource_version": "41690283",
                "uid": "40611343-979b-4ae3-9c60-f14d2f113b27"
              }
            ],
            "spec": [
              {
                "min_ready_seconds": 0,
                "paused": false,
                "progress_deadline_seconds": 600,
                "replicas": "1",
                "revision_history_limit": 10,
                "selector": [
                  {
                    "match_expressions": [],
                    "match_labels": {
                      "app": "adservice"
                    }
                  }
                ],
                "strategy": [
                  {
                    "rolling_update": [
                      {
                        "max_surge": "25%",
                        "max_unavailable": "25%"
                      }
                    ],
                    "type": "RollingUpdate"
                  }
                ],
                "template": [
                  {
                    "metadata": [
                      {
                        "annotations": null,
                        "generate_name": "",
                        "generation": 0,
                        "labels": {
                          "app": "adservice"
                        },
                        "name": "",
                        "namespace": "",
                        "resource_version": "",
                        "uid": ""
                      }
                    ],
                    "spec": [
                      {
                        "active_deadline_seconds": 0,
                        "affinity": [],
                        "automount_service_account_token": true,
                        "container": [
                          {
                            "args": null,
                            "command": null,
                            "env": [
                              {
                                "name": "PORT",
                                "value": "9555",
                                "value_from": []
                              },
                              {
                                "name": "DISABLE_STATS",
                                "value": "1",
                                "value_from": []
                              },
                              {
                                "name": "DISABLE_TRACING",
                                "value": "1",
                                "value_from": []
                              },
                              {
                                "name": "DISABLE_PROFILER",
                                "value": "1",
                                "value_from": []
                              }
                            ],
                            "env_from": [],
                            "image": "gcr.io/google-samples/microservices-demo/adservice:v0.3.6",
                            "image_pull_policy": "IfNotPresent",
                            "lifecycle": [],
                            "liveness_probe": [
                              {
                                "exec": [
                                  {
                                    "command": [
                                      "/bin/grpc_health_probe",
                                      "-addr=:9555"
                                    ]
                                  }
                                ],
                                "failure_threshold": 3,
                                "http_get": [],
                                "initial_delay_seconds": 10,
                                "period_seconds": 10,
                                "success_threshold": 1,
                                "tcp_socket": [],
                                "timeout_seconds": 2
                              }
                            ],
                            "name": "server",
                            "port": [
                              {
                                "container_port": 9555,
                                "host_ip": "",
                                "host_port": 0,
                                "name": "",
                                "protocol": "TCP"
                              }
                            ],
                            "readiness_probe": [
                              {
                                "exec": [
                                  {
                                    "command": [
                                      "/bin/grpc_health_probe",
                                      "-addr=:9555"
                                    ]
                                  }
                                ],
                                "failure_threshold": 3,
                                "http_get": [],
                                "initial_delay_seconds": 5,
                                "period_seconds": 10,
                                "success_threshold": 1,
                                "tcp_socket": [],
                                "timeout_seconds": 2
                              }
                            ],
                            "resources": [
                              {
                                "limits": null,
                                "requests": null
                              }
                            ],
                            "security_context": [],
                            "startup_probe": [],
                            "stdin": false,
                            "stdin_once": false,
                            "termination_message_path": "/dev/termination-log",
                            "termination_message_policy": "File",
                            "tty": false,
                            "volume_mount": [],
                            "working_dir": ""
                          }
                        ],
                        "dns_config": [],
                        "dns_policy": "ClusterFirst",
                        "enable_service_links": true,
                        "host_aliases": [],
                        "host_ipc": false,
                        "host_network": false,
                        "host_pid": false,
                        "hostname": "",
                        "image_pull_secrets": [],
                        "init_container": [],
                        "node_name": "",
                        "node_selector": null,
                        "priority_class_name": "",
                        "readiness_gate": [],
                        "restart_policy": "Always",
                        "security_context": [],
                        "service_account_name": "default",
                        "share_process_namespace": false,
                        "subdomain": "",
                        "termination_grace_period_seconds": 5,
                        "toleration": [],
                        "topology_spread_constraint": [],
                        "volume": []
                      }
                    ]
                  }
                ]
              }
            ],
            "timeouts": null,
            "wait_for_rollout": true
          },
          "sensitive_attributes": [],
          "private": "eyJlMmJmYjczMC1lY2FhLTExZTYtOGY4OC0zNDM2M2JjN2M0YzAiOnsiY3JlYXRlIjo2MDAwMDAwMDAwMDAsImRlbGV0ZSI6NjAwMDAwMDAwMDAwLCJ1cGRhdGUiOjYwMDAwMDAwMDAwMH0sInNjaGVtYV92ZXJzaW9uIjoiMSJ9",
          "dependencies": [
            "module.f5xc.volterra_api_credential.app_vk8s_cred",
            "module.f5xc.volterra_namespace.app_ns",
            "module.f5xc.volterra_virtual_k8s.app_vk8s",
            "module.f5xc.volterra_virtual_site.hub",
            "module.f5xc.volterra_virtual_site.spoke"
          ]
        }
      ]
    },
    {
      "module": "module.vk8s-app",
      "mode": "managed",
      "type": "kubernetes_deployment_v1",
      "name": "cartservice",
      "provider": "provider[\"registry.terraform.io/hashicorp/kubernetes\"].app",
      "instances": [
        {
          "schema_version": 1,
          "attributes": {
            "id": "shop/cartservice",
            "metadata": [
              {
                "annotations": {
                  "ves.io/virtual-sites": "shop/shop-spoke-vs",
                  "ves.io/workload-flavor": "ves-io-medium"
                },
                "generate_name": "",
                "generation": 2,
                "labels": null,
                "name": "cartservice",
                "namespace": "shop",
                "resource_version": "41690631",
                "uid": "5968db91-5663-4a3f-8efe-51dd577b04ea"
              }
            ],
            "spec": [
              {
                "min_ready_seconds": 0,
                "paused": false,
                "progress_deadline_seconds": 600,
                "replicas": "1",
                "revision_history_limit": 10,
                "selector": [
                  {
                    "match_expressions": [],
                    "match_labels": {
                      "app": "cartservice"
                    }
                  }
                ],
                "strategy": [
                  {
                    "rolling_update": [
                      {
                        "max_surge": "25%",
                        "max_unavailable": "25%"
                      }
                    ],
                    "type": "RollingUpdate"
                  }
                ],
                "template": [
                  {
                    "metadata": [
                      {
                        "annotations": null,
                        "generate_name": "",
                        "generation": 0,
                        "labels": {
                          "app": "cartservice"
                        },
                        "name": "",
                        "namespace": "",
                        "resource_version": "",
                        "uid": ""
                      }
                    ],
                    "spec": [
                      {
                        "active_deadline_seconds": 0,
                        "affinity": [],
                        "automount_service_account_token": true,
                        "container": [
                          {
                            "args": null,
                            "command": null,
                            "env": [
                              {
                                "name": "REDIS_ADDR",
                                "value": "redis-cart.internal:6379",
                                "value_from": []
                              }
                            ],
                            "env_from": [],
                            "image": "gcr.io/google-samples/microservices-demo/cartservice:v0.3.6",
                            "image_pull_policy": "IfNotPresent",
                            "lifecycle": [],
                            "liveness_probe": [
                              {
                                "exec": [
                                  {
                                    "command": [
                                      "/bin/grpc_health_probe",
                                      "-addr=:7070",
                                      "-rpc-timeout=5s"
                                    ]
                                  }
                                ],
                                "failure_threshold": 3,
                                "http_get": [],
                                "initial_delay_seconds": 10,
                                "period_seconds": 10,
                                "success_threshold": 1,
                                "tcp_socket": [],
                                "timeout_seconds": 2
                              }
                            ],
                            "name": "server",
                            "port": [
                              {
                                "container_port": 7070,
                                "host_ip": "",
                                "host_port": 0,
                                "name": "",
                                "protocol": "TCP"
                              }
                            ],
                            "readiness_probe": [
                              {
                                "exec": [
                                  {
                                    "command": [
                                      "/bin/grpc_health_probe",
                                      "-addr=:7070",
                                      "-rpc-timeout=5s"
                                    ]
                                  }
                                ],
                                "failure_threshold": 3,
                                "http_get": [],
                                "initial_delay_seconds": 5,
                                "period_seconds": 10,
                                "success_threshold": 1,
                                "tcp_socket": [],
                                "timeout_seconds": 2
                              }
                            ],
                            "resources": [
                              {
                                "limits": null,
                                "requests": null
                              }
                            ],
                            "security_context": [],
                            "startup_probe": [],
                            "stdin": false,
                            "stdin_once": false,
                            "termination_message_path": "/dev/termination-log",
                            "termination_message_policy": "File",
                            "tty": false,
                            "volume_mount": [],
                            "working_dir": ""
                          }
                        ],
                        "dns_config": [],
                        "dns_policy": "ClusterFirst",
                        "enable_service_links": true,
                        "host_aliases": [],
                        "host_ipc": false,
                        "host_network": false,
                        "host_pid": false,
                        "hostname": "",
                        "image_pull_secrets": [],
                        "init_container": [],
                        "node_name": "",
                        "node_selector": null,
                        "priority_class_name": "",
                        "readiness_gate": [],
                        "restart_policy": "Always",
                        "security_context": [],
                        "service_account_name": "default",
                        "share_process_namespace": false,
                        "subdomain": "",
                        "termination_grace_period_seconds": 5,
                        "toleration": [],
                        "topology_spread_constraint": [],
                        "volume": []
                      }
                    ]
                  }
                ]
              }
            ],
            "timeouts": null,
            "wait_for_rollout": true
          },
          "sensitive_attributes": [],
          "private": "eyJlMmJmYjczMC1lY2FhLTExZTYtOGY4OC0zNDM2M2JjN2M0YzAiOnsiY3JlYXRlIjo2MDAwMDAwMDAwMDAsImRlbGV0ZSI6NjAwMDAwMDAwMDAwLCJ1cGRhdGUiOjYwMDAwMDAwMDAwMH0sInNjaGVtYV92ZXJzaW9uIjoiMSJ9",
          "dependencies": [
            "module.f5xc.volterra_api_credential.app_vk8s_cred",
            "module.f5xc.volterra_namespace.app_ns",
            "module.f5xc.volterra_virtual_k8s.app_vk8s",
            "module.f5xc.volterra_virtual_site.hub",
            "module.f5xc.volterra_virtual_site.spoke"
          ]
        }
      ]
    },
    {
      "module": "module.vk8s-app",
      "mode": "managed",
      "type": "kubernetes_deployment_v1",
      "name": "checkoutservice",
      "provider": "provider[\"registry.terraform.io/hashicorp/kubernetes\"].app",
      "instances": [
        {
          "schema_version": 1,
          "attributes": {
            "id": "shop/checkoutservice",
            "metadata": [
              {
                "annotations": {
                  "ves.io/virtual-sites": "shop/shop-spoke-vs",
                  "ves.io/workload-flavor": "ves-io-tiny"
                },
                "generate_name": "",
                "generation": 2,
                "labels": null,
                "name": "checkoutservice",
                "namespace": "shop",
                "resource_version": "41690877",
                "uid": "92eb7f2c-f293-41f9-a93f-1d64961a462f"
              }
            ],
            "spec": [
              {
                "min_ready_seconds": 0,
                "paused": false,
                "progress_deadline_seconds": 600,
                "replicas": "1",
                "revision_history_limit": 10,
                "selector": [
                  {
                    "match_expressions": [],
                    "match_labels": {
                      "app": "checkoutservice"
                    }
                  }
                ],
                "strategy": [
                  {
                    "rolling_update": [
                      {
                        "max_surge": "25%",
                        "max_unavailable": "25%"
                      }
                    ],
                    "type": "RollingUpdate"
                  }
                ],
                "template": [
                  {
                    "metadata": [
                      {
                        "annotations": null,
                        "generate_name": "",
                        "generation": 0,
                        "labels": {
                          "app": "checkoutservice"
                        },
                        "name": "",
                        "namespace": "",
                        "resource_version": "",
                        "uid": ""
                      }
                    ],
                    "spec": [
                      {
                        "active_deadline_seconds": 0,
                        "affinity": [],
                        "automount_service_account_token": true,
                        "container": [
                          {
                            "args": null,
                            "command": null,
                            "env": [
                              {
                                "name": "PORT",
                                "value": "5050",
                                "value_from": []
                              },
                              {
                                "name": "PRODUCT_CATALOG_SERVICE_ADDR",
                                "value": "productcatalogservice:3550",
                                "value_from": []
                              },
                              {
                                "name": "SHIPPING_SERVICE_ADDR",
                                "value": "shippingservice:50051",
                                "value_from": []
                              },
                              {
                                "name": "PAYMENT_SERVICE_ADDR",
                                "value": "paymentservice:50051",
                                "value_from": []
                              },
                              {
                                "name": "EMAIL_SERVICE_ADDR",
                                "value": "emailservice:5000",
                                "value_from": []
                              },
                              {
                                "name": "CURRENCY_SERVICE_ADDR",
                                "value": "currencyservice:7000",
                                "value_from": []
                              },
                              {
                                "name": "CART_SERVICE_ADDR",
                                "value": "cartservice:7070",
                                "value_from": []
                              },
                              {
                                "name": "DISABLE_STATS",
                                "value": "1",
                                "value_from": []
                              },
                              {
                                "name": "DISABLE_TRACING",
                                "value": "1",
                                "value_from": []
                              },
                              {
                                "name": "DISABLE_PROFILER",
                                "value": "1",
                                "value_from": []
                              }
                            ],
                            "env_from": [],
                            "image": "gcr.io/google-samples/microservices-demo/checkoutservice:v0.3.6",
                            "image_pull_policy": "IfNotPresent",
                            "lifecycle": [],
                            "liveness_probe": [
                              {
                                "exec": [
                                  {
                                    "command": [
                                      "/bin/grpc_health_probe",
                                      "-addr=:5050"
                                    ]
                                  }
                                ],
                                "failure_threshold": 3,
                                "http_get": [],
                                "initial_delay_seconds": 10,
                                "period_seconds": 10,
                                "success_threshold": 1,
                                "tcp_socket": [],
                                "timeout_seconds": 2
                              }
                            ],
                            "name": "server",
                            "port": [
                              {
                                "container_port": 5050,
                                "host_ip": "",
                                "host_port": 0,
                                "name": "",
                                "protocol": "TCP"
                              }
                            ],
                            "readiness_probe": [
                              {
                                "exec": [
                                  {
                                    "command": [
                                      "/bin/grpc_health_probe",
                                      "-addr=:5050"
                                    ]
                                  }
                                ],
                                "failure_threshold": 3,
                                "http_get": [],
                                "initial_delay_seconds": 5,
                                "period_seconds": 10,
                                "success_threshold": 1,
                                "tcp_socket": [],
                                "timeout_seconds": 2
                              }
                            ],
                            "resources": [
                              {
                                "limits": null,
                                "requests": null
                              }
                            ],
                            "security_context": [],
                            "startup_probe": [],
                            "stdin": false,
                            "stdin_once": false,
                            "termination_message_path": "/dev/termination-log",
                            "termination_message_policy": "File",
                            "tty": false,
                            "volume_mount": [],
                            "working_dir": ""
                          }
                        ],
                        "dns_config": [],
                        "dns_policy": "ClusterFirst",
                        "enable_service_links": true,
                        "host_aliases": [],
                        "host_ipc": false,
                        "host_network": false,
                        "host_pid": false,
                        "hostname": "",
                        "image_pull_secrets": [],
                        "init_container": [],
                        "node_name": "",
                        "node_selector": null,
                        "priority_class_name": "",
                        "readiness_gate": [],
                        "restart_policy": "Always",
                        "security_context": [],
                        "service_account_name": "default",
                        "share_process_namespace": false,
                        "subdomain": "",
                        "termination_grace_period_seconds": 30,
                        "toleration": [],
                        "topology_spread_constraint": [],
                        "volume": []
                      }
                    ]
                  }
                ]
              }
            ],
            "timeouts": null,
            "wait_for_rollout": true
          },
          "sensitive_attributes": [],
          "private": "eyJlMmJmYjczMC1lY2FhLTExZTYtOGY4OC0zNDM2M2JjN2M0YzAiOnsiY3JlYXRlIjo2MDAwMDAwMDAwMDAsImRlbGV0ZSI6NjAwMDAwMDAwMDAwLCJ1cGRhdGUiOjYwMDAwMDAwMDAwMH0sInNjaGVtYV92ZXJzaW9uIjoiMSJ9",
          "dependencies": [
            "module.f5xc.volterra_api_credential.app_vk8s_cred",
            "module.f5xc.volterra_namespace.app_ns",
            "module.f5xc.volterra_virtual_k8s.app_vk8s",
            "module.f5xc.volterra_virtual_site.hub",
            "module.f5xc.volterra_virtual_site.spoke"
          ]
        }
      ]
    },
    {
      "module": "module.vk8s-app",
      "mode": "managed",
      "type": "kubernetes_deployment_v1",
      "name": "currencyservice",
      "provider": "provider[\"registry.terraform.io/hashicorp/kubernetes\"].app",
      "instances": [
        {
          "schema_version": 1,
          "attributes": {
            "id": "shop/currencyservice",
            "metadata": [
              {
                "annotations": {
                  "ves.io/virtual-sites": "shop/shop-spoke-vs",
                  "ves.io/workload-flavor": "ves-io-tiny"
                },
                "generate_name": "",
                "generation": 2,
                "labels": null,
                "name": "currencyservice",
                "namespace": "shop",
                "resource_version": "41690604",
                "uid": "406672e9-9721-48d6-bfb6-af35449fc6f2"
              }
            ],
            "spec": [
              {
                "min_ready_seconds": 0,
                "paused": false,
                "progress_deadline_seconds": 600,
                "replicas": "1",
                "revision_history_limit": 10,
                "selector": [
                  {
                    "match_expressions": [],
                    "match_labels": {
                      "app": "currencyservice"
                    }
                  }
                ],
                "strategy": [
                  {
                    "rolling_update": [
                      {
                        "max_surge": "25%",
                        "max_unavailable": "25%"
                      }
                    ],
                    "type": "RollingUpdate"
                  }
                ],
                "template": [
                  {
                    "metadata": [
                      {
                        "annotations": null,
                        "generate_name": "",
                        "generation": 0,
                        "labels": {
                          "app": "currencyservice"
                        },
                        "name": "",
                        "namespace": "",
                        "resource_version": "",
                        "uid": ""
                      }
                    ],
                    "spec": [
                      {
                        "active_deadline_seconds": 0,
                        "affinity": [],
                        "automount_service_account_token": true,
                        "container": [
                          {
                            "args": null,
                            "command": null,
                            "env": [
                              {
                                "name": "PORT",
                                "value": "7000",
                                "value_from": []
                              },
                              {
                                "name": "DISABLE_TRACING",
                                "value": "1",
                                "value_from": []
                              },
                              {
                                "name": "DISABLE_PROFILER",
                                "value": "1",
                                "value_from": []
                              },
                              {
                                "name": "DISABLE_DEBUGGER",
                                "value": "1",
                                "value_from": []
                              }
                            ],
                            "env_from": [],
                            "image": "gcr.io/google-samples/microservices-demo/currencyservice:v0.3.6",
                            "image_pull_policy": "IfNotPresent",
                            "lifecycle": [],
                            "liveness_probe": [
                              {
                                "exec": [
                                  {
                                    "command": [
                                      "/bin/grpc_health_probe",
                                      "-addr=:7000"
                                    ]
                                  }
                                ],
                                "failure_threshold": 3,
                                "http_get": [],
                                "initial_delay_seconds": 10,
                                "period_seconds": 10,
                                "success_threshold": 1,
                                "tcp_socket": [],
                                "timeout_seconds": 2
                              }
                            ],
                            "name": "server",
                            "port": [
                              {
                                "container_port": 7000,
                                "host_ip": "",
                                "host_port": 0,
                                "name": "grpc",
                                "protocol": "TCP"
                              }
                            ],
                            "readiness_probe": [
                              {
                                "exec": [
                                  {
                                    "command": [
                                      "/bin/grpc_health_probe",
                                      "-addr=:7000"
                                    ]
                                  }
                                ],
                                "failure_threshold": 3,
                                "http_get": [],
                                "initial_delay_seconds": 5,
                                "period_seconds": 10,
                                "success_threshold": 1,
                                "tcp_socket": [],
                                "timeout_seconds": 2
                              }
                            ],
                            "resources": [
                              {
                                "limits": null,
                                "requests": null
                              }
                            ],
                            "security_context": [],
                            "startup_probe": [],
                            "stdin": false,
                            "stdin_once": false,
                            "termination_message_path": "/dev/termination-log",
                            "termination_message_policy": "File",
                            "tty": false,
                            "volume_mount": [],
                            "working_dir": ""
                          }
                        ],
                        "dns_config": [],
                        "dns_policy": "ClusterFirst",
                        "enable_service_links": true,
                        "host_aliases": [],
                        "host_ipc": false,
                        "host_network": false,
                        "host_pid": false,
                        "hostname": "",
                        "image_pull_secrets": [],
                        "init_container": [],
                        "node_name": "",
                        "node_selector": null,
                        "priority_class_name": "",
                        "readiness_gate": [],
                        "restart_policy": "Always",
                        "security_context": [],
                        "service_account_name": "default",
                        "share_process_namespace": false,
                        "subdomain": "",
                        "termination_grace_period_seconds": 5,
                        "toleration": [],
                        "topology_spread_constraint": [],
                        "volume": []
                      }
                    ]
                  }
                ]
              }
            ],
            "timeouts": null,
            "wait_for_rollout": true
          },
          "sensitive_attributes": [],
          "private": "eyJlMmJmYjczMC1lY2FhLTExZTYtOGY4OC0zNDM2M2JjN2M0YzAiOnsiY3JlYXRlIjo2MDAwMDAwMDAwMDAsImRlbGV0ZSI6NjAwMDAwMDAwMDAwLCJ1cGRhdGUiOjYwMDAwMDAwMDAwMH0sInNjaGVtYV92ZXJzaW9uIjoiMSJ9",
          "dependencies": [
            "module.f5xc.volterra_api_credential.app_vk8s_cred",
            "module.f5xc.volterra_namespace.app_ns",
            "module.f5xc.volterra_virtual_k8s.app_vk8s",
            "module.f5xc.volterra_virtual_site.hub",
            "module.f5xc.volterra_virtual_site.spoke"
          ]
        }
      ]
    },
    {
      "module": "module.vk8s-app",
      "mode": "managed",
      "type": "kubernetes_deployment_v1",
      "name": "emailservice",
      "provider": "provider[\"registry.terraform.io/hashicorp/kubernetes\"].app",
      "instances": [
        {
          "schema_version": 1,
          "attributes": {
            "id": "shop/emailservice",
            "metadata": [
              {
                "annotations": {
                  "ves.io/virtual-sites": "shop/shop-spoke-vs",
                  "ves.io/workload-flavor": "ves-io-tiny"
                },
                "generate_name": "",
                "generation": 2,
                "labels": null,
                "name": "emailservice",
                "namespace": "shop",
                "resource_version": "41690443",
                "uid": "259daf7b-9b45-460f-9436-35ae5c22cb79"
              }
            ],
            "spec": [
              {
                "min_ready_seconds": 0,
                "paused": false,
                "progress_deadline_seconds": 600,
                "replicas": "1",
                "revision_history_limit": 10,
                "selector": [
                  {
                    "match_expressions": [],
                    "match_labels": {
                      "app": "emailservice"
                    }
                  }
                ],
                "strategy": [
                  {
                    "rolling_update": [
                      {
                        "max_surge": "25%",
                        "max_unavailable": "25%"
                      }
                    ],
                    "type": "RollingUpdate"
                  }
                ],
                "template": [
                  {
                    "metadata": [
                      {
                        "annotations": null,
                        "generate_name": "",
                        "generation": 0,
                        "labels": {
                          "app": "emailservice"
                        },
                        "name": "",
                        "namespace": "",
                        "resource_version": "",
                        "uid": ""
                      }
                    ],
                    "spec": [
                      {
                        "active_deadline_seconds": 0,
                        "affinity": [],
                        "automount_service_account_token": true,
                        "container": [
                          {
                            "args": null,
                            "command": null,
                            "env": [
                              {
                                "name": "PORT",
                                "value": "8080",
                                "value_from": []
                              },
                              {
                                "name": "DISABLE_TRACING",
                                "value": "1",
                                "value_from": []
                              },
                              {
                                "name": "DISABLE_PROFILER",
                                "value": "1",
                                "value_from": []
                              },
                              {
                                "name": "DISABLE_PROFILER",
                                "value": "1",
                                "value_from": []
                              }
                            ],
                            "env_from": [],
                            "image": "gcr.io/google-samples/microservices-demo/emailservice:v0.3.6",
                            "image_pull_policy": "IfNotPresent",
                            "lifecycle": [],
                            "liveness_probe": [
                              {
                                "exec": [
                                  {
                                    "command": [
                                      "/bin/grpc_health_probe",
                                      "-addr=:8080"
                                    ]
                                  }
                                ],
                                "failure_threshold": 3,
                                "http_get": [],
                                "initial_delay_seconds": 10,
                                "period_seconds": 10,
                                "success_threshold": 1,
                                "tcp_socket": [],
                                "timeout_seconds": 2
                              }
                            ],
                            "name": "server",
                            "port": [
                              {
                                "container_port": 8080,
                                "host_ip": "",
                                "host_port": 0,
                                "name": "",
                                "protocol": "TCP"
                              }
                            ],
                            "readiness_probe": [
                              {
                                "exec": [
                                  {
                                    "command": [
                                      "/bin/grpc_health_probe",
                                      "-addr=:8080"
                                    ]
                                  }
                                ],
                                "failure_threshold": 3,
                                "http_get": [],
                                "initial_delay_seconds": 5,
                                "period_seconds": 10,
                                "success_threshold": 1,
                                "tcp_socket": [],
                                "timeout_seconds": 2
                              }
                            ],
                            "resources": [
                              {
                                "limits": null,
                                "requests": null
                              }
                            ],
                            "security_context": [],
                            "startup_probe": [],
                            "stdin": false,
                            "stdin_once": false,
                            "termination_message_path": "/dev/termination-log",
                            "termination_message_policy": "File",
                            "tty": false,
                            "volume_mount": [],
                            "working_dir": ""
                          }
                        ],
                        "dns_config": [],
                        "dns_policy": "ClusterFirst",
                        "enable_service_links": true,
                        "host_aliases": [],
                        "host_ipc": false,
                        "host_network": false,
                        "host_pid": false,
                        "hostname": "",
                        "image_pull_secrets": [],
                        "init_container": [],
                        "node_name": "",
                        "node_selector": null,
                        "priority_class_name": "",
                        "readiness_gate": [],
                        "restart_policy": "Always",
                        "security_context": [],
                        "service_account_name": "default",
                        "share_process_namespace": false,
                        "subdomain": "",
                        "termination_grace_period_seconds": 5,
                        "toleration": [],
                        "topology_spread_constraint": [],
                        "volume": []
                      }
                    ]
                  }
                ]
              }
            ],
            "timeouts": null,
            "wait_for_rollout": true
          },
          "sensitive_attributes": [],
          "private": "eyJlMmJmYjczMC1lY2FhLTExZTYtOGY4OC0zNDM2M2JjN2M0YzAiOnsiY3JlYXRlIjo2MDAwMDAwMDAwMDAsImRlbGV0ZSI6NjAwMDAwMDAwMDAwLCJ1cGRhdGUiOjYwMDAwMDAwMDAwMH0sInNjaGVtYV92ZXJzaW9uIjoiMSJ9",
          "dependencies": [
            "module.f5xc.volterra_api_credential.app_vk8s_cred",
            "module.f5xc.volterra_namespace.app_ns",
            "module.f5xc.volterra_virtual_k8s.app_vk8s",
            "module.f5xc.volterra_virtual_site.hub",
            "module.f5xc.volterra_virtual_site.spoke"
          ]
        }
      ]
    },
    {
      "module": "module.vk8s-app",
      "mode": "managed",
      "type": "kubernetes_deployment_v1",
      "name": "frontend",
      "provider": "provider[\"registry.terraform.io/hashicorp/kubernetes\"].app",
      "instances": [
        {
          "schema_version": 1,
          "attributes": {
            "id": "shop/frontend",
            "metadata": [
              {
                "annotations": {
                  "ves.io/virtual-sites": "shop/shop-spoke-vs",
                  "ves.io/workload-flavor": "ves-io-tiny"
                },
                "generate_name": "",
                "generation": 2,
                "labels": null,
                "name": "frontend",
                "namespace": "shop",
                "resource_version": "41691344",
                "uid": "7b3c259c-1ca6-4651-9d3e-8aad5f4e5183"
              }
            ],
            "spec": [
              {
                "min_ready_seconds": 0,
                "paused": false,
                "progress_deadline_seconds": 600,
                "replicas": "1",
                "revision_history_limit": 10,
                "selector": [
                  {
                    "match_expressions": [],
                    "match_labels": {
                      "app": "frontend"
                    }
                  }
                ],
                "strategy": [
                  {
                    "rolling_update": [
                      {
                        "max_surge": "25%",
                        "max_unavailable": "25%"
                      }
                    ],
                    "type": "RollingUpdate"
                  }
                ],
                "template": [
                  {
                    "metadata": [
                      {
                        "annotations": null,
                        "generate_name": "",
                        "generation": 0,
                        "labels": {
                          "app": "frontend"
                        },
                        "name": "",
                        "namespace": "",
                        "resource_version": "",
                        "uid": ""
                      }
                    ],
                    "spec": [
                      {
                        "active_deadline_seconds": 0,
                        "affinity": [],
                        "automount_service_account_token": true,
                        "container": [
                          {
                            "args": null,
                            "command": null,
                            "env": [
                              {
                                "name": "PORT",
                                "value": "8080",
                                "value_from": []
                              },
                              {
                                "name": "PRODUCT_CATALOG_SERVICE_ADDR",
                                "value": "productcatalogservice:3550",
                                "value_from": []
                              },
                              {
                                "name": "CURRENCY_SERVICE_ADDR",
                                "value": "currencyservice:7000",
                                "value_from": []
                              },
                              {
                                "name": "CART_SERVICE_ADDR",
                                "value": "cartservice:7070",
                                "value_from": []
                              },
                              {
                                "name": "RECOMMENDATION_SERVICE_ADDR",
                                "value": "recommendationservice:8080",
                                "value_from": []
                              },
                              {
                                "name": "SHIPPING_SERVICE_ADDR",
                                "value": "shippingservice:50051",
                                "value_from": []
                              },
                              {
                                "name": "CHECKOUT_SERVICE_ADDR",
                                "value": "checkoutservice:5050",
                                "value_from": []
                              },
                              {
                                "name": "AD_SERVICE_ADDR",
                                "value": "adservice.internal:9555",
                                "value_from": []
                              },
                              {
                                "name": "ENV_PLATFORM",
                                "value": "local",
                                "value_from": []
                              },
                              {
                                "name": "DISABLE_TRACING",
                                "value": "1",
                                "value_from": []
                              },
                              {
                                "name": "DISABLE_PROFILER",
                                "value": "1",
                                "value_from": []
                              }
                            ],
                            "env_from": [],
                            "image": "gcr.io/google-samples/microservices-demo/frontend:v0.3.6",
                            "image_pull_policy": "IfNotPresent",
                            "lifecycle": [],
                            "liveness_probe": [
                              {
                                "exec": [],
                                "failure_threshold": 3,
                                "http_get": [
                                  {
                                    "host": "",
                                    "http_header": [
                                      {
                                        "name": "Cookie",
                                        "value": "shop_session-id=x-liveness-probe"
                                      }
                                    ],
                                    "path": "/_healthz",
                                    "port": "8080",
                                    "scheme": "HTTP"
                                  }
                                ],
                                "initial_delay_seconds": 20,
                                "period_seconds": 10,
                                "success_threshold": 1,
                                "tcp_socket": [],
                                "timeout_seconds": 1
                              }
                            ],
                            "name": "frontend",
                            "port": [
                              {
                                "container_port": 8080,
                                "host_ip": "",
                                "host_port": 0,
                                "name": "",
                                "protocol": "TCP"
                              }
                            ],
                            "readiness_probe": [
                              {
                                "exec": [],
                                "failure_threshold": 3,
                                "http_get": [
                                  {
                                    "host": "",
                                    "http_header": [
                                      {
                                        "name": "Cookie",
                                        "value": "shop_session-id=x-readiness-probe"
                                      }
                                    ],
                                    "path": "/_healthz",
                                    "port": "8080",
                                    "scheme": "HTTP"
                                  }
                                ],
                                "initial_delay_seconds": 10,
                                "period_seconds": 10,
                                "success_threshold": 1,
                                "tcp_socket": [],
                                "timeout_seconds": 1
                              }
                            ],
                            "resources": [
                              {
                                "limits": null,
                                "requests": null
                              }
                            ],
                            "security_context": [],
                            "startup_probe": [],
                            "stdin": false,
                            "stdin_once": false,
                            "termination_message_path": "/dev/termination-log",
                            "termination_message_policy": "File",
                            "tty": false,
                            "volume_mount": [],
                            "working_dir": ""
                          },
                          {
                            "args": null,
                            "command": null,
                            "env": [],
                            "env_from": [],
                            "image": "f5demos.azurecr.io/proxy",
                            "image_pull_policy": "Always",
                            "lifecycle": [],
                            "liveness_probe": [
                              {
                                "exec": [],
                                "failure_threshold": 3,
                                "http_get": [
                                  {
                                    "host": "",
                                    "http_header": [],
                                    "path": "/_healthy",
                                    "port": "8181",
                                    "scheme": "HTTP"
                                  }
                                ],
                                "initial_delay_seconds": 10,
                                "period_seconds": 10,
                                "success_threshold": 1,
                                "tcp_socket": [],
                                "timeout_seconds": 1
                              }
                            ],
                            "name": "proxy",
                            "port": [
                              {
                                "container_port": 8181,
                                "host_ip": "",
                                "host_port": 0,
                                "name": "",
                                "protocol": "TCP"
                              }
                            ],
                            "readiness_probe": [
                              {
                                "exec": [],
                                "failure_threshold": 3,
                                "http_get": [
                                  {
                                    "host": "",
                                    "http_header": [],
                                    "path": "/_healthy",
                                    "port": "8181",
                                    "scheme": "HTTP"
                                  }
                                ],
                                "initial_delay_seconds": 5,
                                "period_seconds": 10,
                                "success_threshold": 1,
                                "tcp_socket": [],
                                "timeout_seconds": 1
                              }
                            ],
                            "resources": [
                              {
                                "limits": null,
                                "requests": null
                              }
                            ],
                            "security_context": [],
                            "startup_probe": [],
                            "stdin": false,
                            "stdin_once": false,
                            "termination_message_path": "/dev/termination-log",
                            "termination_message_policy": "File",
                            "tty": false,
                            "volume_mount": [
                              {
                                "mount_path": "/etc/nginx/conf.d",
                                "mount_propagation": "None",
                                "name": "nginx-conf",
                                "read_only": true,
                                "sub_path": ""
                              },
                              {
                                "mount_path": "/usr/share/nginx/html",
                                "mount_propagation": "None",
                                "name": "error-html",
                                "read_only": true,
                                "sub_path": ""
                              }
                            ],
                            "working_dir": ""
                          }
                        ],
                        "dns_config": [],
                        "dns_policy": "ClusterFirst",
                        "enable_service_links": true,
                        "host_aliases": [],
                        "host_ipc": false,
                        "host_network": false,
                        "host_pid": false,
                        "hostname": "",
                        "image_pull_secrets": [
                          {
                            "name": "f5demos-registry-secret"
                          }
                        ],
                        "init_container": [],
                        "node_name": "",
                        "node_selector": null,
                        "priority_class_name": "",
                        "readiness_gate": [],
                        "restart_policy": "Always",
                        "security_context": [],
                        "service_account_name": "default",
                        "share_process_namespace": false,
                        "subdomain": "",
                        "termination_grace_period_seconds": 30,
                        "toleration": [],
                        "topology_spread_constraint": [],
                        "volume": [
                          {
                            "aws_elastic_block_store": [],
                            "azure_disk": [],
                            "azure_file": [],
                            "ceph_fs": [],
                            "cinder": [],
                            "config_map": [
                              {
                                "default_mode": "0644",
                                "items": [
                                  {
                                    "key": "default.conf",
                                    "mode": "",
                                    "path": "default.conf"
                                  }
                                ],
                                "name": "nginx-conf",
                                "optional": false
                              }
                            ],
                            "csi": [],
                            "downward_api": [],
                            "empty_dir": [],
                            "fc": [],
                            "flex_volume": [],
                            "flocker": [],
                            "gce_persistent_disk": [],
                            "git_repo": [],
                            "glusterfs": [],
                            "host_path": [],
                            "iscsi": [],
                            "local": [],
                            "name": "nginx-conf",
                            "nfs": [],
                            "persistent_volume_claim": [],
                            "photon_persistent_disk": [],
                            "projected": [],
                            "quobyte": [],
                            "rbd": [],
                            "secret": [],
                            "vsphere_volume": []
                          },
                          {
                            "aws_elastic_block_store": [],
                            "azure_disk": [],
                            "azure_file": [],
                            "ceph_fs": [],
                            "cinder": [],
                            "config_map": [
                              {
                                "default_mode": "0644",
                                "items": [
                                  {
                                    "key": "error.html",
                                    "mode": "",
                                    "path": "error.html"
                                  }
                                ],
                                "name": "error-html",
                                "optional": false
                              }
                            ],
                            "csi": [],
                            "downward_api": [],
                            "empty_dir": [],
                            "fc": [],
                            "flex_volume": [],
                            "flocker": [],
                            "gce_persistent_disk": [],
                            "git_repo": [],
                            "glusterfs": [],
                            "host_path": [],
                            "iscsi": [],
                            "local": [],
                            "name": "error-html",
                            "nfs": [],
                            "persistent_volume_claim": [],
                            "photon_persistent_disk": [],
                            "projected": [],
                            "quobyte": [],
                            "rbd": [],
                            "secret": [],
                            "vsphere_volume": []
                          }
                        ]
                      }
                    ]
                  }
                ]
              }
            ],
            "timeouts": null,
            "wait_for_rollout": true
          },
          "sensitive_attributes": [],
          "private": "eyJlMmJmYjczMC1lY2FhLTExZTYtOGY4OC0zNDM2M2JjN2M0YzAiOnsiY3JlYXRlIjo2MDAwMDAwMDAwMDAsImRlbGV0ZSI6NjAwMDAwMDAwMDAwLCJ1cGRhdGUiOjYwMDAwMDAwMDAwMH0sInNjaGVtYV92ZXJzaW9uIjoiMSJ9",
          "dependencies": [
            "module.f5xc.volterra_api_credential.app_vk8s_cred",
            "module.f5xc.volterra_namespace.app_ns",
            "module.f5xc.volterra_virtual_k8s.app_vk8s",
            "module.f5xc.volterra_virtual_site.hub",
            "module.f5xc.volterra_virtual_site.spoke",
            "module.vk8s-app.kubernetes_secret_v1.registry-secret"
          ]
        }
      ]
    },
    {
      "module": "module.vk8s-app",
      "mode": "managed",
      "type": "kubernetes_deployment_v1",
      "name": "paymentservice",
      "provider": "provider[\"registry.terraform.io/hashicorp/kubernetes\"].app",
      "instances": [
        {
          "schema_version": 1,
          "attributes": {
            "id": "shop/paymentservice",
            "metadata": [
              {
                "annotations": {
                  "ves.io/virtual-sites": "shop/shop-spoke-vs",
                  "ves.io/workload-flavor": "ves-io-tiny"
                },
                "generate_name": "",
                "generation": 2,
                "labels": null,
                "name": "paymentservice",
                "namespace": "shop",
                "resource_version": "41689842",
                "uid": "1065dd14-88ca-407c-a4a0-b84d93757919"
              }
            ],
            "spec": [
              {
                "min_ready_seconds": 0,
                "paused": false,
                "progress_deadline_seconds": 600,
                "replicas": "1",
                "revision_history_limit": 10,
                "selector": [
                  {
                    "match_expressions": [],
                    "match_labels": {
                      "app": "paymentservice"
                    }
                  }
                ],
                "strategy": [
                  {
                    "rolling_update": [
                      {
                        "max_surge": "25%",
                        "max_unavailable": "25%"
                      }
                    ],
                    "type": "RollingUpdate"
                  }
                ],
                "template": [
                  {
                    "metadata": [
                      {
                        "annotations": null,
                        "generate_name": "",
                        "generation": 0,
                        "labels": {
                          "app": "paymentservice"
                        },
                        "name": "",
                        "namespace": "",
                        "resource_version": "",
                        "uid": ""
                      }
                    ],
                    "spec": [
                      {
                        "active_deadline_seconds": 0,
                        "affinity": [],
                        "automount_service_account_token": true,
                        "container": [
                          {
                            "args": null,
                            "command": null,
                            "env": [
                              {
                                "name": "PORT",
                                "value": "50051",
                                "value_from": []
                              },
                              {
                                "name": "DISABLE_TRACING",
                                "value": "1",
                                "value_from": []
                              },
                              {
                                "name": "DISABLE_PROFILER",
                                "value": "1",
                                "value_from": []
                              },
                              {
                                "name": "DISABLE_DEBUGGER",
                                "value": "1",
                                "value_from": []
                              }
                            ],
                            "env_from": [],
                            "image": "gcr.io/google-samples/microservices-demo/paymentservice:v0.3.6",
                            "image_pull_policy": "IfNotPresent",
                            "lifecycle": [],
                            "liveness_probe": [
                              {
                                "exec": [
                                  {
                                    "command": [
                                      "/bin/grpc_health_probe",
                                      "-addr=:50051"
                                    ]
                                  }
                                ],
                                "failure_threshold": 3,
                                "http_get": [],
                                "initial_delay_seconds": 10,
                                "period_seconds": 10,
                                "success_threshold": 1,
                                "tcp_socket": [],
                                "timeout_seconds": 2
                              }
                            ],
                            "name": "server",
                            "port": [
                              {
                                "container_port": 50051,
                                "host_ip": "",
                                "host_port": 0,
                                "name": "",
                                "protocol": "TCP"
                              }
                            ],
                            "readiness_probe": [
                              {
                                "exec": [
                                  {
                                    "command": [
                                      "/bin/grpc_health_probe",
                                      "-addr=:50051"
                                    ]
                                  }
                                ],
                                "failure_threshold": 3,
                                "http_get": [],
                                "initial_delay_seconds": 5,
                                "period_seconds": 10,
                                "success_threshold": 1,
                                "tcp_socket": [],
                                "timeout_seconds": 2
                              }
                            ],
                            "resources": [
                              {
                                "limits": null,
                                "requests": null
                              }
                            ],
                            "security_context": [],
                            "startup_probe": [],
                            "stdin": false,
                            "stdin_once": false,
                            "termination_message_path": "/dev/termination-log",
                            "termination_message_policy": "File",
                            "tty": false,
                            "volume_mount": [],
                            "working_dir": ""
                          }
                        ],
                        "dns_config": [],
                        "dns_policy": "ClusterFirst",
                        "enable_service_links": true,
                        "host_aliases": [],
                        "host_ipc": false,
                        "host_network": false,
                        "host_pid": false,
                        "hostname": "",
                        "image_pull_secrets": [],
                        "init_container": [],
                        "node_name": "",
                        "node_selector": null,
                        "priority_class_name": "",
                        "readiness_gate": [],
                        "restart_policy": "Always",
                        "security_context": [],
                        "service_account_name": "default",
                        "share_process_namespace": false,
                        "subdomain": "",
                        "termination_grace_period_seconds": 5,
                        "toleration": [],
                        "topology_spread_constraint": [],
                        "volume": []
                      }
                    ]
                  }
                ]
              }
            ],
            "timeouts": null,
            "wait_for_rollout": true
          },
          "sensitive_attributes": [],
          "private": "eyJlMmJmYjczMC1lY2FhLTExZTYtOGY4OC0zNDM2M2JjN2M0YzAiOnsiY3JlYXRlIjo2MDAwMDAwMDAwMDAsImRlbGV0ZSI6NjAwMDAwMDAwMDAwLCJ1cGRhdGUiOjYwMDAwMDAwMDAwMH0sInNjaGVtYV92ZXJzaW9uIjoiMSJ9",
          "dependencies": [
            "module.f5xc.volterra_api_credential.app_vk8s_cred",
            "module.f5xc.volterra_namespace.app_ns",
            "module.f5xc.volterra_virtual_k8s.app_vk8s",
            "module.f5xc.volterra_virtual_site.hub",
            "module.f5xc.volterra_virtual_site.spoke"
          ]
        }
      ]
    },
    {
      "module": "module.vk8s-app",
      "mode": "managed",
      "type": "kubernetes_deployment_v1",
      "name": "productcatalogservice",
      "provider": "provider[\"registry.terraform.io/hashicorp/kubernetes\"].app",
      "instances": [
        {
          "schema_version": 1,
          "attributes": {
            "id": "shop/productcatalogservice",
            "metadata": [
              {
                "annotations": {
                  "ves.io/virtual-sites": "shop/shop-spoke-vs",
                  "ves.io/workload-flavor": "ves-io-tiny"
                },
                "generate_name": "",
                "generation": 2,
                "labels": null,
                "name": "productcatalogservice",
                "namespace": "shop",
                "resource_version": "41690372",
                "uid": "5c994298-bfdd-4302-a4d3-14196dd7ebed"
              }
            ],
            "spec": [
              {
                "min_ready_seconds": 0,
                "paused": false,
                "progress_deadline_seconds": 600,
                "replicas": "1",
                "revision_history_limit": 10,
                "selector": [
                  {
                    "match_expressions": [],
                    "match_labels": {
                      "app": "productcatalogservice"
                    }
                  }
                ],
                "strategy": [
                  {
                    "rolling_update": [
                      {
                        "max_surge": "25%",
                        "max_unavailable": "25%"
                      }
                    ],
                    "type": "RollingUpdate"
                  }
                ],
                "template": [
                  {
                    "metadata": [
                      {
                        "annotations": null,
                        "generate_name": "",
                        "generation": 0,
                        "labels": {
                          "app": "productcatalogservice"
                        },
                        "name": "",
                        "namespace": "",
                        "resource_version": "",
                        "uid": ""
                      }
                    ],
                    "spec": [
                      {
                        "active_deadline_seconds": 0,
                        "affinity": [],
                        "automount_service_account_token": true,
                        "container": [
                          {
                            "args": null,
                            "command": null,
                            "env": [
                              {
                                "name": "PORT",
                                "value": "3550",
                                "value_from": []
                              },
                              {
                                "name": "DISABLE_STATS",
                                "value": "1",
                                "value_from": []
                              },
                              {
                                "name": "DISABLE_TRACING",
                                "value": "1",
                                "value_from": []
                              },
                              {
                                "name": "DISABLE_PROFILER",
                                "value": "1",
                                "value_from": []
                              }
                            ],
                            "env_from": [],
                            "image": "gcr.io/google-samples/microservices-demo/productcatalogservice:v0.3.6",
                            "image_pull_policy": "IfNotPresent",
                            "lifecycle": [],
                            "liveness_probe": [
                              {
                                "exec": [
                                  {
                                    "command": [
                                      "/bin/grpc_health_probe",
                                      "-addr=:3550"
                                    ]
                                  }
                                ],
                                "failure_threshold": 3,
                                "http_get": [],
                                "initial_delay_seconds": 10,
                                "period_seconds": 10,
                                "success_threshold": 1,
                                "tcp_socket": [],
                                "timeout_seconds": 2
                              }
                            ],
                            "name": "server",
                            "port": [
                              {
                                "container_port": 3550,
                                "host_ip": "",
                                "host_port": 0,
                                "name": "",
                                "protocol": "TCP"
                              }
                            ],
                            "readiness_probe": [
                              {
                                "exec": [
                                  {
                                    "command": [
                                      "/bin/grpc_health_probe",
                                      "-addr=:3550"
                                    ]
                                  }
                                ],
                                "failure_threshold": 3,
                                "http_get": [],
                                "initial_delay_seconds": 5,
                                "period_seconds": 10,
                                "success_threshold": 1,
                                "tcp_socket": [],
                                "timeout_seconds": 2
                              }
                            ],
                            "resources": [
                              {
                                "limits": null,
                                "requests": null
                              }
                            ],
                            "security_context": [],
                            "startup_probe": [],
                            "stdin": false,
                            "stdin_once": false,
                            "termination_message_path": "/dev/termination-log",
                            "termination_message_policy": "File",
                            "tty": false,
                            "volume_mount": [],
                            "working_dir": ""
                          }
                        ],
                        "dns_config": [],
                        "dns_policy": "ClusterFirst",
                        "enable_service_links": true,
                        "host_aliases": [],
                        "host_ipc": false,
                        "host_network": false,
                        "host_pid": false,
                        "hostname": "",
                        "image_pull_secrets": [],
                        "init_container": [],
                        "node_name": "",
                        "node_selector": null,
                        "priority_class_name": "",
                        "readiness_gate": [],
                        "restart_policy": "Always",
                        "security_context": [],
                        "service_account_name": "default",
                        "share_process_namespace": false,
                        "subdomain": "",
                        "termination_grace_period_seconds": 5,
                        "toleration": [],
                        "topology_spread_constraint": [],
                        "volume": []
                      }
                    ]
                  }
                ]
              }
            ],
            "timeouts": null,
            "wait_for_rollout": true
          },
          "sensitive_attributes": [],
          "private": "eyJlMmJmYjczMC1lY2FhLTExZTYtOGY4OC0zNDM2M2JjN2M0YzAiOnsiY3JlYXRlIjo2MDAwMDAwMDAwMDAsImRlbGV0ZSI6NjAwMDAwMDAwMDAwLCJ1cGRhdGUiOjYwMDAwMDAwMDAwMH0sInNjaGVtYV92ZXJzaW9uIjoiMSJ9",
          "dependencies": [
            "module.f5xc.volterra_api_credential.app_vk8s_cred",
            "module.f5xc.volterra_namespace.app_ns",
            "module.f5xc.volterra_virtual_k8s.app_vk8s",
            "module.f5xc.volterra_virtual_site.hub",
            "module.f5xc.volterra_virtual_site.spoke"
          ]
        }
      ]
    },
    {
      "module": "module.vk8s-app",
      "mode": "managed",
      "type": "kubernetes_deployment_v1",
      "name": "recommendationservice",
      "provider": "provider[\"registry.terraform.io/hashicorp/kubernetes\"].app",
      "instances": [
        {
          "schema_version": 1,
          "attributes": {
            "id": "shop/recommendationservice",
            "metadata": [
              {
                "annotations": {
                  "ves.io/virtual-sites": "shop/shop-spoke-vs",
                  "ves.io/workload-flavor": "ves-io-tiny"
                },
                "generate_name": "",
                "generation": 2,
                "labels": null,
                "name": "recommendationservice",
                "namespace": "shop",
                "resource_version": "41689686",
                "uid": "db4ae579-6e21-498a-a3e4-b65b4f8c206e"
              }
            ],
            "spec": [
              {
                "min_ready_seconds": 0,
                "paused": false,
                "progress_deadline_seconds": 600,
                "replicas": "1",
                "revision_history_limit": 10,
                "selector": [
                  {
                    "match_expressions": [],
                    "match_labels": {
                      "app": "recommendationservice"
                    }
                  }
                ],
                "strategy": [
                  {
                    "rolling_update": [
                      {
                        "max_surge": "25%",
                        "max_unavailable": "25%"
                      }
                    ],
                    "type": "RollingUpdate"
                  }
                ],
                "template": [
                  {
                    "metadata": [
                      {
                        "annotations": null,
                        "generate_name": "",
                        "generation": 0,
                        "labels": {
                          "app": "recommendationservice"
                        },
                        "name": "",
                        "namespace": "",
                        "resource_version": "",
                        "uid": ""
                      }
                    ],
                    "spec": [
                      {
                        "active_deadline_seconds": 0,
                        "affinity": [],
                        "automount_service_account_token": true,
                        "container": [
                          {
                            "args": null,
                            "command": null,
                            "env": [
                              {
                                "name": "PORT",
                                "value": "8080",
                                "value_from": []
                              },
                              {
                                "name": "PRODUCT_CATALOG_SERVICE_ADDR",
                                "value": "productcatalogservice:3550",
                                "value_from": []
                              },
                              {
                                "name": "DISABLE_TRACING",
                                "value": "1",
                                "value_from": []
                              },
                              {
                                "name": "DISABLE_PROFILER",
                                "value": "1",
                                "value_from": []
                              },
                              {
                                "name": "DISABLE_DEBUGGER",
                                "value": "1",
                                "value_from": []
                              }
                            ],
                            "env_from": [],
                            "image": "gcr.io/google-samples/microservices-demo/recommendationservice:v0.3.6",
                            "image_pull_policy": "IfNotPresent",
                            "lifecycle": [],
                            "liveness_probe": [
                              {
                                "exec": [
                                  {
                                    "command": [
                                      "/bin/grpc_health_probe",
                                      "-addr=:8080"
                                    ]
                                  }
                                ],
                                "failure_threshold": 3,
                                "http_get": [],
                                "initial_delay_seconds": 10,
                                "period_seconds": 10,
                                "success_threshold": 1,
                                "tcp_socket": [],
                                "timeout_seconds": 2
                              }
                            ],
                            "name": "server",
                            "port": [
                              {
                                "container_port": 8080,
                                "host_ip": "",
                                "host_port": 0,
                                "name": "",
                                "protocol": "TCP"
                              }
                            ],
                            "readiness_probe": [
                              {
                                "exec": [
                                  {
                                    "command": [
                                      "/bin/grpc_health_probe",
                                      "-addr=:8080"
                                    ]
                                  }
                                ],
                                "failure_threshold": 3,
                                "http_get": [],
                                "initial_delay_seconds": 5,
                                "period_seconds": 10,
                                "success_threshold": 1,
                                "tcp_socket": [],
                                "timeout_seconds": 2
                              }
                            ],
                            "resources": [
                              {
                                "limits": null,
                                "requests": null
                              }
                            ],
                            "security_context": [],
                            "startup_probe": [],
                            "stdin": false,
                            "stdin_once": false,
                            "termination_message_path": "/dev/termination-log",
                            "termination_message_policy": "File",
                            "tty": false,
                            "volume_mount": [],
                            "working_dir": ""
                          }
                        ],
                        "dns_config": [],
                        "dns_policy": "ClusterFirst",
                        "enable_service_links": true,
                        "host_aliases": [],
                        "host_ipc": false,
                        "host_network": false,
                        "host_pid": false,
                        "hostname": "",
                        "image_pull_secrets": [],
                        "init_container": [],
                        "node_name": "",
                        "node_selector": null,
                        "priority_class_name": "",
                        "readiness_gate": [],
                        "restart_policy": "Always",
                        "security_context": [],
                        "service_account_name": "default",
                        "share_process_namespace": false,
                        "subdomain": "",
                        "termination_grace_period_seconds": 5,
                        "toleration": [],
                        "topology_spread_constraint": [],
                        "volume": []
                      }
                    ]
                  }
                ]
              }
            ],
            "timeouts": null,
            "wait_for_rollout": true
          },
          "sensitive_attributes": [],
          "private": "eyJlMmJmYjczMC1lY2FhLTExZTYtOGY4OC0zNDM2M2JjN2M0YzAiOnsiY3JlYXRlIjo2MDAwMDAwMDAwMDAsImRlbGV0ZSI6NjAwMDAwMDAwMDAwLCJ1cGRhdGUiOjYwMDAwMDAwMDAwMH0sInNjaGVtYV92ZXJzaW9uIjoiMSJ9",
          "dependencies": [
            "module.f5xc.volterra_api_credential.app_vk8s_cred",
            "module.f5xc.volterra_namespace.app_ns",
            "module.f5xc.volterra_virtual_k8s.app_vk8s",
            "module.f5xc.volterra_virtual_site.hub",
            "module.f5xc.volterra_virtual_site.spoke"
          ]
        }
      ]
    },
    {
      "module": "module.vk8s-app",
      "mode": "managed",
      "type": "kubernetes_deployment_v1",
      "name": "redis_cart",
      "provider": "provider[\"registry.terraform.io/hashicorp/kubernetes\"].app",
      "instances": [
        {
          "schema_version": 1,
          "attributes": {
            "id": "shop/redis-cart",
            "metadata": [
              {
                "annotations": {
                  "ves.io/virtual-sites": "shop/shop-hub-vs",
                  "ves.io/workload-flavor": "ves-io-medium"
                },
                "generate_name": "",
                "generation": 2,
                "labels": null,
                "name": "redis-cart",
                "namespace": "shop",
                "resource_version": "41691392",
                "uid": "1ede2a58-bb98-4cb6-8717-f875eb366e8e"
              }
            ],
            "spec": [
              {
                "min_ready_seconds": 0,
                "paused": false,
                "progress_deadline_seconds": 600,
                "replicas": "1",
                "revision_history_limit": 10,
                "selector": [
                  {
                    "match_expressions": [],
                    "match_labels": {
                      "app": "redis-cart"
                    }
                  }
                ],
                "strategy": [
                  {
                    "rolling_update": [
                      {
                        "max_surge": "25%",
                        "max_unavailable": "25%"
                      }
                    ],
                    "type": "RollingUpdate"
                  }
                ],
                "template": [
                  {
                    "metadata": [
                      {
                        "annotations": null,
                        "generate_name": "",
                        "generation": 0,
                        "labels": {
                          "app": "redis-cart"
                        },
                        "name": "",
                        "namespace": "",
                        "resource_version": "",
                        "uid": ""
                      }
                    ],
                    "spec": [
                      {
                        "active_deadline_seconds": 0,
                        "affinity": [],
                        "automount_service_account_token": true,
                        "container": [
                          {
                            "args": null,
                            "command": null,
                            "env": [],
                            "env_from": [],
                            "image": "f5demos.azurecr.io/redis:alpine",
                            "image_pull_policy": "IfNotPresent",
                            "lifecycle": [],
                            "liveness_probe": [
                              {
                                "exec": [],
                                "failure_threshold": 3,
                                "http_get": [],
                                "initial_delay_seconds": 10,
                                "period_seconds": 5,
                                "success_threshold": 1,
                                "tcp_socket": [
                                  {
                                    "port": "6379"
                                  }
                                ],
                                "timeout_seconds": 1
                              }
                            ],
                            "name": "redis",
                            "port": [
                              {
                                "container_port": 6379,
                                "host_ip": "",
                                "host_port": 0,
                                "name": "",
                                "protocol": "TCP"
                              }
                            ],
                            "readiness_probe": [
                              {
                                "exec": [],
                                "failure_threshold": 3,
                                "http_get": [],
                                "initial_delay_seconds": 5,
                                "period_seconds": 5,
                                "success_threshold": 1,
                                "tcp_socket": [
                                  {
                                    "port": "6379"
                                  }
                                ],
                                "timeout_seconds": 1
                              }
                            ],
                            "resources": [
                              {
                                "limits": null,
                                "requests": null
                              }
                            ],
                            "security_context": [],
                            "startup_probe": [],
                            "stdin": false,
                            "stdin_once": false,
                            "termination_message_path": "/dev/termination-log",
                            "termination_message_policy": "File",
                            "tty": false,
                            "volume_mount": [
                              {
                                "mount_path": "/data",
                                "mount_propagation": "None",
                                "name": "redis-data",
                                "read_only": false,
                                "sub_path": ""
                              }
                            ],
                            "working_dir": ""
                          }
                        ],
                        "dns_config": [],
                        "dns_policy": "ClusterFirst",
                        "enable_service_links": true,
                        "host_aliases": [],
                        "host_ipc": false,
                        "host_network": false,
                        "host_pid": false,
                        "hostname": "",
                        "image_pull_secrets": [
                          {
                            "name": "f5demos-registry-secret"
                          }
                        ],
                        "init_container": [],
                        "node_name": "",
                        "node_selector": null,
                        "priority_class_name": "",
                        "readiness_gate": [],
                        "restart_policy": "Always",
                        "security_context": [],
                        "service_account_name": "default",
                        "share_process_namespace": false,
                        "subdomain": "",
                        "termination_grace_period_seconds": 30,
                        "toleration": [],
                        "topology_spread_constraint": [],
                        "volume": [
                          {
                            "aws_elastic_block_store": [],
                            "azure_disk": [],
                            "azure_file": [],
                            "ceph_fs": [],
                            "cinder": [],
                            "config_map": [],
                            "csi": [],
                            "downward_api": [],
                            "empty_dir": [
                              {
                                "medium": "",
                                "size_limit": ""
                              }
                            ],
                            "fc": [],
                            "flex_volume": [],
                            "flocker": [],
                            "gce_persistent_disk": [],
                            "git_repo": [],
                            "glusterfs": [],
                            "host_path": [],
                            "iscsi": [],
                            "local": [],
                            "name": "redis-data",
                            "nfs": [],
                            "persistent_volume_claim": [],
                            "photon_persistent_disk": [],
                            "projected": [],
                            "quobyte": [],
                            "rbd": [],
                            "secret": [],
                            "vsphere_volume": []
                          }
                        ]
                      }
                    ]
                  }
                ]
              }
            ],
            "timeouts": null,
            "wait_for_rollout": true
          },
          "sensitive_attributes": [],
          "private": "eyJlMmJmYjczMC1lY2FhLTExZTYtOGY4OC0zNDM2M2JjN2M0YzAiOnsiY3JlYXRlIjo2MDAwMDAwMDAwMDAsImRlbGV0ZSI6NjAwMDAwMDAwMDAwLCJ1cGRhdGUiOjYwMDAwMDAwMDAwMH0sInNjaGVtYV92ZXJzaW9uIjoiMSJ9",
          "dependencies": [
            "module.f5xc.volterra_api_credential.app_vk8s_cred",
            "module.f5xc.volterra_namespace.app_ns",
            "module.f5xc.volterra_virtual_k8s.app_vk8s",
            "module.f5xc.volterra_virtual_site.hub",
            "module.f5xc.volterra_virtual_site.spoke",
            "module.vk8s-app.kubernetes_secret_v1.registry-secret"
          ]
        }
      ]
    },
    {
      "module": "module.vk8s-app",
      "mode": "managed",
      "type": "kubernetes_deployment_v1",
      "name": "shippingservice",
      "provider": "provider[\"registry.terraform.io/hashicorp/kubernetes\"].app",
      "instances": [
        {
          "schema_version": 1,
          "attributes": {
            "id": "shop/shippingservice",
            "metadata": [
              {
                "annotations": {
                  "ves.io/virtual-sites": "shop/shop-spoke-vs",
                  "ves.io/workload-flavor": "ves-io-tiny"
                },
                "generate_name": "",
                "generation": 2,
                "labels": null,
                "name": "shippingservice",
                "namespace": "shop",
                "resource_version": "41690837",
                "uid": "489d06b9-78ca-4bc1-9831-42ad7ff92243"
              }
            ],
            "spec": [
              {
                "min_ready_seconds": 0,
                "paused": false,
                "progress_deadline_seconds": 600,
                "replicas": "1",
                "revision_history_limit": 10,
                "selector": [
                  {
                    "match_expressions": [],
                    "match_labels": {
                      "app": "shippingservice"
                    }
                  }
                ],
                "strategy": [
                  {
                    "rolling_update": [
                      {
                        "max_surge": "25%",
                        "max_unavailable": "25%"
                      }
                    ],
                    "type": "RollingUpdate"
                  }
                ],
                "template": [
                  {
                    "metadata": [
                      {
                        "annotations": null,
                        "generate_name": "",
                        "generation": 0,
                        "labels": {
                          "app": "shippingservice"
                        },
                        "name": "",
                        "namespace": "",
                        "resource_version": "",
                        "uid": ""
                      }
                    ],
                    "spec": [
                      {
                        "active_deadline_seconds": 0,
                        "affinity": [],
                        "automount_service_account_token": true,
                        "container": [
                          {
                            "args": null,
                            "command": null,
                            "env": [
                              {
                                "name": "PORT",
                                "value": "50051",
                                "value_from": []
                              },
                              {
                                "name": "DISABLE_STATS",
                                "value": "1",
                                "value_from": []
                              },
                              {
                                "name": "DISABLE_TRACING",
                                "value": "1",
                                "value_from": []
                              },
                              {
                                "name": "DISABLE_PROFILER",
                                "value": "1",
                                "value_from": []
                              }
                            ],
                            "env_from": [],
                            "image": "gcr.io/google-samples/microservices-demo/shippingservice:v0.3.6",
                            "image_pull_policy": "IfNotPresent",
                            "lifecycle": [],
                            "liveness_probe": [
                              {
                                "exec": [
                                  {
                                    "command": [
                                      "/bin/grpc_health_probe",
                                      "-addr=:50051"
                                    ]
                                  }
                                ],
                                "failure_threshold": 3,
                                "http_get": [],
                                "initial_delay_seconds": 10,
                                "period_seconds": 10,
                                "success_threshold": 1,
                                "tcp_socket": [],
                                "timeout_seconds": 2
                              }
                            ],
                            "name": "server",
                            "port": [
                              {
                                "container_port": 50051,
                                "host_ip": "",
                                "host_port": 0,
                                "name": "",
                                "protocol": "TCP"
                              }
                            ],
                            "readiness_probe": [
                              {
                                "exec": [
                                  {
                                    "command": [
                                      "/bin/grpc_health_probe",
                                      "-addr=:50051"
                                    ]
                                  }
                                ],
                                "failure_threshold": 3,
                                "http_get": [],
                                "initial_delay_seconds": 5,
                                "period_seconds": 10,
                                "success_threshold": 1,
                                "tcp_socket": [],
                                "timeout_seconds": 2
                              }
                            ],
                            "resources": [
                              {
                                "limits": null,
                                "requests": null
                              }
                            ],
                            "security_context": [],
                            "startup_probe": [],
                            "stdin": false,
                            "stdin_once": false,
                            "termination_message_path": "/dev/termination-log",
                            "termination_message_policy": "File",
                            "tty": false,
                            "volume_mount": [],
                            "working_dir": ""
                          }
                        ],
                        "dns_config": [],
                        "dns_policy": "ClusterFirst",
                        "enable_service_links": true,
                        "host_aliases": [],
                        "host_ipc": false,
                        "host_network": false,
                        "host_pid": false,
                        "hostname": "",
                        "image_pull_secrets": [],
                        "init_container": [],
                        "node_name": "",
                        "node_selector": null,
                        "priority_class_name": "",
                        "readiness_gate": [],
                        "restart_policy": "Always",
                        "security_context": [],
                        "service_account_name": "default",
                        "share_process_namespace": false,
                        "subdomain": "",
                        "termination_grace_period_seconds": 30,
                        "toleration": [],
                        "topology_spread_constraint": [],
                        "volume": []
                      }
                    ]
                  }
                ]
              }
            ],
            "timeouts": null,
            "wait_for_rollout": true
          },
          "sensitive_attributes": [],
          "private": "eyJlMmJmYjczMC1lY2FhLTExZTYtOGY4OC0zNDM2M2JjN2M0YzAiOnsiY3JlYXRlIjo2MDAwMDAwMDAwMDAsImRlbGV0ZSI6NjAwMDAwMDAwMDAwLCJ1cGRhdGUiOjYwMDAwMDAwMDAwMH0sInNjaGVtYV92ZXJzaW9uIjoiMSJ9",
          "dependencies": [
            "module.f5xc.volterra_api_credential.app_vk8s_cred",
            "module.f5xc.volterra_namespace.app_ns",
            "module.f5xc.volterra_virtual_k8s.app_vk8s",
            "module.f5xc.volterra_virtual_site.hub",
            "module.f5xc.volterra_virtual_site.spoke"
          ]
        }
      ]
    },
    {
      "module": "module.vk8s-app",
      "mode": "managed",
      "type": "kubernetes_secret_v1",
      "name": "registry-secret",
      "provider": "provider[\"registry.terraform.io/hashicorp/kubernetes\"].app",
      "instances": [
        {
          "schema_version": 0,
          "attributes": {
            "binary_data": null,
            "data": {
              ".dockerconfigjson": "{\"auths\":{\"f5demos.azurecr.io\":{\"username\":\"1e21992e-4283-4afe-9a89-b3b314f1fd55\",\"password\":\"MeszATg~US6QGw5G7S74~0gX2ky_XClhHB\",\"auth\":\"MWUyMTk5MmUtNDI4My00YWZlLTlhODktYjNiMzE0ZjFmZDU1Ok1lc3pBVGd+VVM2UUd3NUc3Uzc0fjBnWDJreV9YQ2xoSEI=\"}}}"
            },
            "id": "shop/f5demos-registry-secret",
            "immutable": false,
            "metadata": [
              {
                "annotations": null,
                "generate_name": "",
                "generation": 0,
                "labels": null,
                "name": "f5demos-registry-secret",
                "namespace": "shop",
                "resource_version": "41690145",
                "uid": "e1ceb686-4d6f-4c70-ba4a-b42616d4b78e"
              }
            ],
            "type": "kubernetes.io/dockerconfigjson"
          },
          "sensitive_attributes": [],
          "private": "bnVsbA==",
          "dependencies": [
            "module.f5xc.volterra_api_credential.app_vk8s_cred",
            "module.f5xc.volterra_namespace.app_ns",
            "module.f5xc.volterra_virtual_k8s.app_vk8s",
            "module.f5xc.volterra_virtual_site.hub",
            "module.f5xc.volterra_virtual_site.spoke"
          ]
        }
      ]
    },
    {
      "module": "module.vk8s-app",
      "mode": "managed",
      "type": "kubernetes_service_v1",
      "name": "adservice",
      "provider": "provider[\"registry.terraform.io/hashicorp/kubernetes\"].app",
      "instances": [
        {
          "schema_version": 1,
          "attributes": {
            "id": "shop/adservice",
            "metadata": [
              {
                "annotations": {
                  "ves.io/virtual-sites": "shop/shop-hub-vs"
                },
                "generate_name": "",
                "generation": 0,
                "labels": null,
                "name": "adservice",
                "namespace": "shop",
                "resource_version": "41689717",
                "uid": "28a5841f-bf43-4bca-8bb2-b6340e2a23fc"
              }
            ],
            "spec": [
              {
                "cluster_ip": "192.168.38.12",
                "external_ips": null,
                "external_name": "",
                "external_traffic_policy": "",
                "health_check_node_port": 0,
                "load_balancer_ip": "",
                "load_balancer_source_ranges": null,
                "port": [
                  {
                    "name": "grpc",
                    "node_port": 0,
                    "port": 9555,
                    "protocol": "TCP",
                    "target_port": "9555"
                  }
                ],
                "publish_not_ready_addresses": false,
                "selector": {
                  "app": "adservice"
                },
                "session_affinity": "None",
                "type": "ClusterIP"
              }
            ],
            "status": [
              {
                "load_balancer": [
                  {
                    "ingress": []
                  }
                ]
              }
            ],
            "timeouts": null,
            "wait_for_load_balancer": true
          },
          "sensitive_attributes": [],
          "private": "eyJlMmJmYjczMC1lY2FhLTExZTYtOGY4OC0zNDM2M2JjN2M0YzAiOnsiY3JlYXRlIjo2MDAwMDAwMDAwMDB9LCJzY2hlbWFfdmVyc2lvbiI6IjEifQ==",
          "dependencies": [
            "module.f5xc.volterra_api_credential.app_vk8s_cred",
            "module.f5xc.volterra_namespace.app_ns",
            "module.f5xc.volterra_virtual_k8s.app_vk8s",
            "module.f5xc.volterra_virtual_site.hub",
            "module.f5xc.volterra_virtual_site.spoke"
          ]
        }
      ]
    },
    {
      "module": "module.vk8s-app",
      "mode": "managed",
      "type": "kubernetes_service_v1",
      "name": "cartservice",
      "provider": "provider[\"registry.terraform.io/hashicorp/kubernetes\"].app",
      "instances": [
        {
          "schema_version": 1,
          "attributes": {
            "id": "shop/cartservice",
            "metadata": [
              {
                "annotations": {
                  "ves.io/http2-enable": "true",
                  "ves.io/proxy-type": "HTTP_PROXY",
                  "ves.io/virtual-sites": "shop/shop-spoke-vs"
                },
                "generate_name": "",
                "generation": 0,
                "labels": null,
                "name": "cartservice",
                "namespace": "shop",
                "resource_version": "41689789",
                "uid": "1e7f2017-e73b-4c78-82e8-b21a4a851d04"
              }
            ],
            "spec": [
              {
                "cluster_ip": "192.168.5.238",
                "external_ips": null,
                "external_name": "",
                "external_traffic_policy": "",
                "health_check_node_port": 0,
                "load_balancer_ip": "",
                "load_balancer_source_ranges": null,
                "port": [
                  {
                    "name": "grpc",
                    "node_port": 0,
                    "port": 7070,
                    "protocol": "TCP",
                    "target_port": "7070"
                  }
                ],
                "publish_not_ready_addresses": false,
                "selector": {
                  "app": "cartservice"
                },
                "session_affinity": "None",
                "type": "ClusterIP"
              }
            ],
            "status": [
              {
                "load_balancer": [
                  {
                    "ingress": []
                  }
                ]
              }
            ],
            "timeouts": null,
            "wait_for_load_balancer": true
          },
          "sensitive_attributes": [],
          "private": "eyJlMmJmYjczMC1lY2FhLTExZTYtOGY4OC0zNDM2M2JjN2M0YzAiOnsiY3JlYXRlIjo2MDAwMDAwMDAwMDB9LCJzY2hlbWFfdmVyc2lvbiI6IjEifQ==",
          "dependencies": [
            "module.f5xc.volterra_api_credential.app_vk8s_cred",
            "module.f5xc.volterra_namespace.app_ns",
            "module.f5xc.volterra_virtual_k8s.app_vk8s",
            "module.f5xc.volterra_virtual_site.hub",
            "module.f5xc.volterra_virtual_site.spoke"
          ]
        }
      ]
    },
    {
      "module": "module.vk8s-app",
      "mode": "managed",
      "type": "kubernetes_service_v1",
      "name": "checkoutservice",
      "provider": "provider[\"registry.terraform.io/hashicorp/kubernetes\"].app",
      "instances": [
        {
          "schema_version": 1,
          "attributes": {
            "id": "shop/checkoutservice",
            "metadata": [
              {
                "annotations": {
                  "ves.io/http2-enable": "true",
                  "ves.io/proxy-type": "HTTP_PROXY",
                  "ves.io/virtual-sites": "shop/shop-spoke-vs"
                },
                "generate_name": "",
                "generation": 0,
                "labels": null,
                "name": "checkoutservice",
                "namespace": "shop",
                "resource_version": "41689665",
                "uid": "b3d2cc02-8659-4bf7-9c71-c1ee13c84faa"
              }
            ],
            "spec": [
              {
                "cluster_ip": "192.168.245.150",
                "external_ips": null,
                "external_name": "",
                "external_traffic_policy": "",
                "health_check_node_port": 0,
                "load_balancer_ip": "",
                "load_balancer_source_ranges": null,
                "port": [
                  {
                    "name": "grpc",
                    "node_port": 0,
                    "port": 5050,
                    "protocol": "TCP",
                    "target_port": "5050"
                  }
                ],
                "publish_not_ready_addresses": false,
                "selector": {
                  "app": "checkoutservice"
                },
                "session_affinity": "None",
                "type": "ClusterIP"
              }
            ],
            "status": [
              {
                "load_balancer": [
                  {
                    "ingress": []
                  }
                ]
              }
            ],
            "timeouts": null,
            "wait_for_load_balancer": true
          },
          "sensitive_attributes": [],
          "private": "eyJlMmJmYjczMC1lY2FhLTExZTYtOGY4OC0zNDM2M2JjN2M0YzAiOnsiY3JlYXRlIjo2MDAwMDAwMDAwMDB9LCJzY2hlbWFfdmVyc2lvbiI6IjEifQ==",
          "dependencies": [
            "module.f5xc.volterra_api_credential.app_vk8s_cred",
            "module.f5xc.volterra_namespace.app_ns",
            "module.f5xc.volterra_virtual_k8s.app_vk8s",
            "module.f5xc.volterra_virtual_site.hub",
            "module.f5xc.volterra_virtual_site.spoke"
          ]
        }
      ]
    },
    {
      "module": "module.vk8s-app",
      "mode": "managed",
      "type": "kubernetes_service_v1",
      "name": "currencyservice",
      "provider": "provider[\"registry.terraform.io/hashicorp/kubernetes\"].app",
      "instances": [
        {
          "schema_version": 1,
          "attributes": {
            "id": "shop/currencyservice",
            "metadata": [
              {
                "annotations": {
                  "ves.io/http2-enable": "true",
                  "ves.io/proxy-type": "HTTP_PROXY",
                  "ves.io/virtual-sites": "shop/shop-spoke-vs"
                },
                "generate_name": "",
                "generation": 0,
                "labels": null,
                "name": "currencyservice",
                "namespace": "shop",
                "resource_version": "41689736",
                "uid": "62173fcf-a22e-4222-b062-eccfe08d6630"
              }
            ],
            "spec": [
              {
                "cluster_ip": "192.168.83.117",
                "external_ips": null,
                "external_name": "",
                "external_traffic_policy": "",
                "health_check_node_port": 0,
                "load_balancer_ip": "",
                "load_balancer_source_ranges": null,
                "port": [
                  {
                    "name": "grpc",
                    "node_port": 0,
                    "port": 7000,
                    "protocol": "TCP",
                    "target_port": "7000"
                  }
                ],
                "publish_not_ready_addresses": false,
                "selector": {
                  "app": "currencyservice"
                },
                "session_affinity": "None",
                "type": "ClusterIP"
              }
            ],
            "status": [
              {
                "load_balancer": [
                  {
                    "ingress": []
                  }
                ]
              }
            ],
            "timeouts": null,
            "wait_for_load_balancer": true
          },
          "sensitive_attributes": [],
          "private": "eyJlMmJmYjczMC1lY2FhLTExZTYtOGY4OC0zNDM2M2JjN2M0YzAiOnsiY3JlYXRlIjo2MDAwMDAwMDAwMDB9LCJzY2hlbWFfdmVyc2lvbiI6IjEifQ==",
          "dependencies": [
            "module.f5xc.volterra_api_credential.app_vk8s_cred",
            "module.f5xc.volterra_namespace.app_ns",
            "module.f5xc.volterra_virtual_k8s.app_vk8s",
            "module.f5xc.volterra_virtual_site.hub",
            "module.f5xc.volterra_virtual_site.spoke"
          ]
        }
      ]
    },
    {
      "module": "module.vk8s-app",
      "mode": "managed",
      "type": "kubernetes_service_v1",
      "name": "emailservice",
      "provider": "provider[\"registry.terraform.io/hashicorp/kubernetes\"].app",
      "instances": [
        {
          "schema_version": 1,
          "attributes": {
            "id": "shop/emailservice",
            "metadata": [
              {
                "annotations": {
                  "ves.io/http2-enable": "true",
                  "ves.io/proxy-type": "HTTP_PROXY",
                  "ves.io/virtual-sites": "shop/shop-spoke-vs"
                },
                "generate_name": "",
                "generation": 0,
                "labels": null,
                "name": "emailservice",
                "namespace": "shop",
                "resource_version": "41689670",
                "uid": "d2f67423-0ee9-4cb5-8017-be4a2e914190"
              }
            ],
            "spec": [
              {
                "cluster_ip": "192.168.81.135",
                "external_ips": null,
                "external_name": "",
                "external_traffic_policy": "",
                "health_check_node_port": 0,
                "load_balancer_ip": "",
                "load_balancer_source_ranges": null,
                "port": [
                  {
                    "name": "grpc",
                    "node_port": 0,
                    "port": 5000,
                    "protocol": "TCP",
                    "target_port": "8080"
                  }
                ],
                "publish_not_ready_addresses": false,
                "selector": {
                  "app": "emailservice"
                },
                "session_affinity": "None",
                "type": "ClusterIP"
              }
            ],
            "status": [
              {
                "load_balancer": [
                  {
                    "ingress": []
                  }
                ]
              }
            ],
            "timeouts": null,
            "wait_for_load_balancer": true
          },
          "sensitive_attributes": [],
          "private": "eyJlMmJmYjczMC1lY2FhLTExZTYtOGY4OC0zNDM2M2JjN2M0YzAiOnsiY3JlYXRlIjo2MDAwMDAwMDAwMDB9LCJzY2hlbWFfdmVyc2lvbiI6IjEifQ==",
          "dependencies": [
            "module.f5xc.volterra_api_credential.app_vk8s_cred",
            "module.f5xc.volterra_namespace.app_ns",
            "module.f5xc.volterra_virtual_k8s.app_vk8s",
            "module.f5xc.volterra_virtual_site.hub",
            "module.f5xc.volterra_virtual_site.spoke"
          ]
        }
      ]
    },
    {
      "module": "module.vk8s-app",
      "mode": "managed",
      "type": "kubernetes_service_v1",
      "name": "frontend",
      "provider": "provider[\"registry.terraform.io/hashicorp/kubernetes\"].app",
      "instances": [
        {
          "schema_version": 1,
          "attributes": {
            "id": "shop/frontend",
            "metadata": [
              {
                "annotations": {
                  "ves.io/virtual-sites": "shop/shop-spoke-vs"
                },
                "generate_name": "",
                "generation": 0,
                "labels": null,
                "name": "frontend",
                "namespace": "shop",
                "resource_version": "41689715",
                "uid": "ea87393a-e321-4941-af25-cf4503acbc11"
              }
            ],
            "spec": [
              {
                "cluster_ip": "192.168.120.202",
                "external_ips": null,
                "external_name": "",
                "external_traffic_policy": "",
                "health_check_node_port": 0,
                "load_balancer_ip": "",
                "load_balancer_source_ranges": null,
                "port": [
                  {
                    "name": "http",
                    "node_port": 0,
                    "port": 80,
                    "protocol": "TCP",
                    "target_port": "8181"
                  }
                ],
                "publish_not_ready_addresses": false,
                "selector": {
                  "app": "frontend"
                },
                "session_affinity": "None",
                "type": "ClusterIP"
              }
            ],
            "status": [
              {
                "load_balancer": [
                  {
                    "ingress": []
                  }
                ]
              }
            ],
            "timeouts": null,
            "wait_for_load_balancer": true
          },
          "sensitive_attributes": [],
          "private": "eyJlMmJmYjczMC1lY2FhLTExZTYtOGY4OC0zNDM2M2JjN2M0YzAiOnsiY3JlYXRlIjo2MDAwMDAwMDAwMDB9LCJzY2hlbWFfdmVyc2lvbiI6IjEifQ==",
          "dependencies": [
            "module.f5xc.volterra_api_credential.app_vk8s_cred",
            "module.f5xc.volterra_namespace.app_ns",
            "module.f5xc.volterra_virtual_k8s.app_vk8s",
            "module.f5xc.volterra_virtual_site.hub",
            "module.f5xc.volterra_virtual_site.spoke"
          ]
        }
      ]
    },
    {
      "module": "module.vk8s-app",
      "mode": "managed",
      "type": "kubernetes_service_v1",
      "name": "paymentservice",
      "provider": "provider[\"registry.terraform.io/hashicorp/kubernetes\"].app",
      "instances": [
        {
          "schema_version": 1,
          "attributes": {
            "id": "shop/paymentservice",
            "metadata": [
              {
                "annotations": {
                  "ves.io/http2-enable": "true",
                  "ves.io/proxy-type": "HTTP_PROXY",
                  "ves.io/virtual-sites": "shop/shop-spoke-vs"
                },
                "generate_name": "",
                "generation": 0,
                "labels": null,
                "name": "paymentservice",
                "namespace": "shop",
                "resource_version": "41689741",
                "uid": "a9900ce0-8475-44b2-8d77-19f5f43b800d"
              }
            ],
            "spec": [
              {
                "cluster_ip": "192.168.61.168",
                "external_ips": null,
                "external_name": "",
                "external_traffic_policy": "",
                "health_check_node_port": 0,
                "load_balancer_ip": "",
                "load_balancer_source_ranges": null,
                "port": [
                  {
                    "name": "grpc",
                    "node_port": 0,
                    "port": 50051,
                    "protocol": "TCP",
                    "target_port": "50051"
                  }
                ],
                "publish_not_ready_addresses": false,
                "selector": {
                  "app": "paymentservice"
                },
                "session_affinity": "None",
                "type": "ClusterIP"
              }
            ],
            "status": [
              {
                "load_balancer": [
                  {
                    "ingress": []
                  }
                ]
              }
            ],
            "timeouts": null,
            "wait_for_load_balancer": true
          },
          "sensitive_attributes": [],
          "private": "eyJlMmJmYjczMC1lY2FhLTExZTYtOGY4OC0zNDM2M2JjN2M0YzAiOnsiY3JlYXRlIjo2MDAwMDAwMDAwMDB9LCJzY2hlbWFfdmVyc2lvbiI6IjEifQ==",
          "dependencies": [
            "module.f5xc.volterra_api_credential.app_vk8s_cred",
            "module.f5xc.volterra_namespace.app_ns",
            "module.f5xc.volterra_virtual_k8s.app_vk8s",
            "module.f5xc.volterra_virtual_site.hub",
            "module.f5xc.volterra_virtual_site.spoke"
          ]
        }
      ]
    },
    {
      "module": "module.vk8s-app",
      "mode": "managed",
      "type": "kubernetes_service_v1",
      "name": "productcatalogservice",
      "provider": "provider[\"registry.terraform.io/hashicorp/kubernetes\"].app",
      "instances": [
        {
          "schema_version": 1,
          "attributes": {
            "id": "shop/productcatalogservice",
            "metadata": [
              {
                "annotations": {
                  "ves.io/http2-enable": "true",
                  "ves.io/proxy-type": "HTTP_PROXY",
                  "ves.io/virtual-sites": "shop/shop-spoke-vs"
                },
                "generate_name": "",
                "generation": 0,
                "labels": null,
                "name": "productcatalogservice",
                "namespace": "shop",
                "resource_version": "41689775",
                "uid": "f6a7ce4f-cfd6-44e3-98fa-9753c31e7f17"
              }
            ],
            "spec": [
              {
                "cluster_ip": "192.168.226.169",
                "external_ips": null,
                "external_name": "",
                "external_traffic_policy": "",
                "health_check_node_port": 0,
                "load_balancer_ip": "",
                "load_balancer_source_ranges": null,
                "port": [
                  {
                    "name": "grpc",
                    "node_port": 0,
                    "port": 3550,
                    "protocol": "TCP",
                    "target_port": "3550"
                  }
                ],
                "publish_not_ready_addresses": false,
                "selector": {
                  "app": "productcatalogservice"
                },
                "session_affinity": "None",
                "type": "ClusterIP"
              }
            ],
            "status": [
              {
                "load_balancer": [
                  {
                    "ingress": []
                  }
                ]
              }
            ],
            "timeouts": null,
            "wait_for_load_balancer": true
          },
          "sensitive_attributes": [],
          "private": "eyJlMmJmYjczMC1lY2FhLTExZTYtOGY4OC0zNDM2M2JjN2M0YzAiOnsiY3JlYXRlIjo2MDAwMDAwMDAwMDB9LCJzY2hlbWFfdmVyc2lvbiI6IjEifQ==",
          "dependencies": [
            "module.f5xc.volterra_api_credential.app_vk8s_cred",
            "module.f5xc.volterra_namespace.app_ns",
            "module.f5xc.volterra_virtual_k8s.app_vk8s",
            "module.f5xc.volterra_virtual_site.hub",
            "module.f5xc.volterra_virtual_site.spoke"
          ]
        }
      ]
    },
    {
      "module": "module.vk8s-app",
      "mode": "managed",
      "type": "kubernetes_service_v1",
      "name": "recommendationservice",
      "provider": "provider[\"registry.terraform.io/hashicorp/kubernetes\"].app",
      "instances": [
        {
          "schema_version": 1,
          "attributes": {
            "id": "shop/recommendationservice",
            "metadata": [
              {
                "annotations": {
                  "ves.io/http2-enable": "true",
                  "ves.io/proxy-type": "HTTP_PROXY",
                  "ves.io/virtual-sites": "shop/shop-spoke-vs"
                },
                "generate_name": "",
                "generation": 0,
                "labels": null,
                "name": "recommendationservice",
                "namespace": "shop",
                "resource_version": "41690077",
                "uid": "4a20494f-cc5b-4bce-88ad-025f5a33c6a4"
              }
            ],
            "spec": [
              {
                "cluster_ip": "192.168.151.44",
                "external_ips": null,
                "external_name": "",
                "external_traffic_policy": "",
                "health_check_node_port": 0,
                "load_balancer_ip": "",
                "load_balancer_source_ranges": null,
                "port": [
                  {
                    "name": "grpc",
                    "node_port": 0,
                    "port": 8080,
                    "protocol": "TCP",
                    "target_port": "8080"
                  }
                ],
                "publish_not_ready_addresses": false,
                "selector": {
                  "app": "recommendationservice"
                },
                "session_affinity": "None",
                "type": "ClusterIP"
              }
            ],
            "status": [
              {
                "load_balancer": [
                  {
                    "ingress": []
                  }
                ]
              }
            ],
            "timeouts": null,
            "wait_for_load_balancer": true
          },
          "sensitive_attributes": [],
          "private": "eyJlMmJmYjczMC1lY2FhLTExZTYtOGY4OC0zNDM2M2JjN2M0YzAiOnsiY3JlYXRlIjo2MDAwMDAwMDAwMDB9LCJzY2hlbWFfdmVyc2lvbiI6IjEifQ==",
          "dependencies": [
            "module.f5xc.volterra_api_credential.app_vk8s_cred",
            "module.f5xc.volterra_namespace.app_ns",
            "module.f5xc.volterra_virtual_k8s.app_vk8s",
            "module.f5xc.volterra_virtual_site.hub",
            "module.f5xc.volterra_virtual_site.spoke"
          ]
        }
      ]
    },
    {
      "module": "module.vk8s-app",
      "mode": "managed",
      "type": "kubernetes_service_v1",
      "name": "redis_cart",
      "provider": "provider[\"registry.terraform.io/hashicorp/kubernetes\"].app",
      "instances": [
        {
          "schema_version": 1,
          "attributes": {
            "id": "shop/redis-cart",
            "metadata": [
              {
                "annotations": {
                  "ves.io/virtual-sites": "shop/shop-hub-vs"
                },
                "generate_name": "",
                "generation": 0,
                "labels": null,
                "name": "redis-cart",
                "namespace": "shop",
                "resource_version": "41689669",
                "uid": "8d3bd48b-5ee1-4e84-90eb-20db71a14c2a"
              }
            ],
            "spec": [
              {
                "cluster_ip": "192.168.81.237",
                "external_ips": null,
                "external_name": "",
                "external_traffic_policy": "",
                "health_check_node_port": 0,
                "load_balancer_ip": "",
                "load_balancer_source_ranges": null,
                "port": [
                  {
                    "name": "redis",
                    "node_port": 0,
                    "port": 6379,
                    "protocol": "TCP",
                    "target_port": "6379"
                  }
                ],
                "publish_not_ready_addresses": false,
                "selector": {
                  "app": "redis-cart"
                },
                "session_affinity": "None",
                "type": "ClusterIP"
              }
            ],
            "status": [
              {
                "load_balancer": [
                  {
                    "ingress": []
                  }
                ]
              }
            ],
            "timeouts": null,
            "wait_for_load_balancer": true
          },
          "sensitive_attributes": [],
          "private": "eyJlMmJmYjczMC1lY2FhLTExZTYtOGY4OC0zNDM2M2JjN2M0YzAiOnsiY3JlYXRlIjo2MDAwMDAwMDAwMDB9LCJzY2hlbWFfdmVyc2lvbiI6IjEifQ==",
          "dependencies": [
            "module.f5xc.volterra_api_credential.app_vk8s_cred",
            "module.f5xc.volterra_namespace.app_ns",
            "module.f5xc.volterra_virtual_k8s.app_vk8s",
            "module.f5xc.volterra_virtual_site.hub",
            "module.f5xc.volterra_virtual_site.spoke"
          ]
        }
      ]
    },
    {
      "module": "module.vk8s-app",
      "mode": "managed",
      "type": "kubernetes_service_v1",
      "name": "shippingservice",
      "provider": "provider[\"registry.terraform.io/hashicorp/kubernetes\"].app",
      "instances": [
        {
          "schema_version": 1,
          "attributes": {
            "id": "shop/shippingservice",
            "metadata": [
              {
                "annotations": {
                  "ves.io/http2-enable": "true",
                  "ves.io/proxy-type": "HTTP_PROXY",
                  "ves.io/virtual-sites": "shop/shop-spoke-vs"
                },
                "generate_name": "",
                "generation": 0,
                "labels": null,
                "name": "shippingservice",
                "namespace": "shop",
                "resource_version": "41689667",
                "uid": "21121efe-52ec-4f3d-a275-301d5f70b422"
              }
            ],
            "spec": [
              {
                "cluster_ip": "192.168.158.128",
                "external_ips": null,
                "external_name": "",
                "external_traffic_policy": "",
                "health_check_node_port": 0,
                "load_balancer_ip": "",
                "load_balancer_source_ranges": null,
                "port": [
                  {
                    "name": "grpc",
                    "node_port": 0,
                    "port": 50051,
                    "protocol": "TCP",
                    "target_port": "50051"
                  }
                ],
                "publish_not_ready_addresses": false,
                "selector": {
                  "app": "shippingservice"
                },
                "session_affinity": "None",
                "type": "ClusterIP"
              }
            ],
            "status": [
              {
                "load_balancer": [
                  {
                    "ingress": []
                  }
                ]
              }
            ],
            "timeouts": null,
            "wait_for_load_balancer": true
          },
          "sensitive_attributes": [],
          "private": "eyJlMmJmYjczMC1lY2FhLTExZTYtOGY4OC0zNDM2M2JjN2M0YzAiOnsiY3JlYXRlIjo2MDAwMDAwMDAwMDB9LCJzY2hlbWFfdmVyc2lvbiI6IjEifQ==",
          "dependencies": [
            "module.f5xc.volterra_api_credential.app_vk8s_cred",
            "module.f5xc.volterra_namespace.app_ns",
            "module.f5xc.volterra_virtual_k8s.app_vk8s",
            "module.f5xc.volterra_virtual_site.hub",
            "module.f5xc.volterra_virtual_site.spoke"
          ]
        }
      ]
    },
    {
      "module": "module.vk8s-utility",
      "mode": "managed",
      "type": "kubectl_manifest",
      "name": "loadgen_cron",
      "provider": "provider[\"registry.terraform.io/gavinbunney/kubectl\"]",
      "instances": [
        {
          "schema_version": 1,
          "attributes": {
            "api_version": "batch/v1beta1",
            "force_new": false,
            "id": "/apis/batch/v1beta1/namespaces/shop-utility/cronjobs/shop-traffic-gen",
            "ignore_fields": null,
            "kind": "CronJob",
            "live_manifest_incluster": "4cd4b4388ad3b08050b1431108eaeb2240adf204f3403163ded338d4b458be64",
            "live_uid": "20479767-288d-4b9a-a4ee-7ec1d969fd45",
            "name": "shop-traffic-gen",
            "namespace": "shop-utility",
            "override_namespace": null,
            "sensitive_fields": null,
            "server_side_apply": false,
            "timeouts": null,
            "uid": "20479767-288d-4b9a-a4ee-7ec1d969fd45",
            "validate_schema": true,
            "wait": null,
            "wait_for_rollout": true,
            "yaml_body": "apiVersion: batch/v1beta1\nkind: CronJob\nmetadata:\n  name: shop-traffic-gen\n  namespace: shop-utility\n  annotations:\n    ves.io/virtual-sites: shop-utility/shop-utility-vs\nspec:\n  schedule: \"*/6 * * * *\"\n  failedJobsHistoryLimit: 1\n  successfulJobsHistoryLimit: 3\n  concurrencyPolicy: Replace\n  jobTemplate:\n    spec:\n      template:\n        metadata:\n          annotations:\n            ves.io/workload-flavor: tiny\n            ves.io/virtual-sites: shop-utility/shop-utility-vs\n        spec:\n          containers:\n            - name: shop-traffic-gen\n              image: f5demos.azurecr.io/loadgen\n              env:\n                - name: DURATION\n                  value: 5m\n                - name: TARGET_URL\n                  value: https://shop.vk8s.f5-aatt.solutions\n              resources: {}\n              terminationMessagePath: /dev/termination-log\n              terminationMessagePolicy: File\n              imagePullPolicy: Always\n          restartPolicy: OnFailure\n          backoffLimit: 1\n          terminationGracePeriodSeconds: 30\n          dnsPolicy: ClusterFirst\n          securityContext: {}\n          imagePullSecrets:\n            - name: f5demos-registry-secret\n",
            "yaml_body_parsed": "apiVersion: batch/v1beta1\nkind: CronJob\nmetadata:\n  annotations:\n    ves.io/virtual-sites: shop-utility/shop-utility-vs\n  name: shop-traffic-gen\n  namespace: shop-utility\nspec:\n  concurrencyPolicy: Replace\n  failedJobsHistoryLimit: 1\n  jobTemplate:\n    spec:\n      template:\n        metadata:\n          annotations:\n            ves.io/virtual-sites: shop-utility/shop-utility-vs\n            ves.io/workload-flavor: tiny\n        spec:\n          backoffLimit: 1\n          containers:\n          - env:\n            - name: DURATION\n              value: 5m\n            - name: TARGET_URL\n              value: https://shop.vk8s.f5-aatt.solutions\n            image: f5demos.azurecr.io/loadgen\n            imagePullPolicy: Always\n            name: shop-traffic-gen\n            resources: {}\n            terminationMessagePath: /dev/termination-log\n            terminationMessagePolicy: File\n          dnsPolicy: ClusterFirst\n          imagePullSecrets:\n          - name: f5demos-registry-secret\n          restartPolicy: OnFailure\n          securityContext: {}\n          terminationGracePeriodSeconds: 30\n  schedule: '*/6 * * * *'\n  successfulJobsHistoryLimit: 3\n",
            "yaml_incluster": "4cd4b4388ad3b08050b1431108eaeb2240adf204f3403163ded338d4b458be64"
          },
          "sensitive_attributes": [],
          "private": "eyJlMmJmYjczMC1lY2FhLTExZTYtOGY4OC0zNDM2M2JjN2M0YzAiOnsiY3JlYXRlIjo2MDAwMDAwMDAwMDB9LCJzY2hlbWFfdmVyc2lvbiI6IjEifQ==",
          "dependencies": [
            "module.f5xc.volterra_api_credential.app_vk8s_cred",
            "module.f5xc.volterra_api_credential.utility_vk8s_cred",
            "module.f5xc.volterra_namespace.app_ns",
            "module.f5xc.volterra_namespace.utility_ns",
            "module.f5xc.volterra_virtual_k8s.app_vk8s",
            "module.f5xc.volterra_virtual_k8s.utility_vk8s",
            "module.f5xc.volterra_virtual_site.hub",
            "module.f5xc.volterra_virtual_site.spoke",
            "module.f5xc.volterra_virtual_site.utility"
          ]
        }
      ]
    },
    {
      "module": "module.vk8s-utility",
      "mode": "managed",
      "type": "kubectl_manifest",
      "name": "podcleaner_cron",
      "provider": "provider[\"registry.terraform.io/gavinbunney/kubectl\"]",
      "instances": [
        {
          "schema_version": 1,
          "attributes": {
            "api_version": "batch/v1beta1",
            "force_new": false,
            "id": "/apis/batch/v1beta1/namespaces/shop-utility/cronjobs/podcleaner",
            "ignore_fields": null,
            "kind": "CronJob",
            "live_manifest_incluster": "7495a52726e13b34c3b471eb79ccf6bc3f7785af7ca7238002df2cad91c3b829",
            "live_uid": "18558bcb-2226-49c5-b453-b180c02d8ad7",
            "name": "podcleaner",
            "namespace": "shop-utility",
            "override_namespace": null,
            "sensitive_fields": null,
            "server_side_apply": false,
            "timeouts": null,
            "uid": "18558bcb-2226-49c5-b453-b180c02d8ad7",
            "validate_schema": true,
            "wait": null,
            "wait_for_rollout": true,
            "yaml_body": "apiVersion: batch/v1beta1\nkind: CronJob\nmetadata:\n  annotations:\n    ves.io/virtual-sites: shop-utility/shop-utility-vs\n  name: podcleaner\n  namespace: shop-utility\nspec:\n  concurrencyPolicy: Allow\n  schedule: '*/5 * * * *'\n  failedJobsHistoryLimit: 1\n  successfulJobsHistoryLimit: 3\n  concurrencyPolicy: Replace\n  jobTemplate:\n    spec:\n      backoffLimit: 0\n      completions: 1\n      manualSelector: false\n      parallelism: 1\n      template:\n        metadata:\n          annotations:\n            ves.io/virtual-sites: shop-utility/shop-utility-vs\n            ves.io/workload-flavor: tiny\n        spec:\n          containers:\n          - env:\n            - name: NAMESPACE\n              value: shop\n            - name: KUBE_PATH\n              value: /tmp/kubeconfig\n            image: f5demos.azurecr.io/cleaner\n            imagePullPolicy: Always\n            name: cleaner\n            resources: {}\n            terminationMessagePath: /dev/termination-log\n            terminationMessagePolicy: File\n            volumeMounts:\n            - mountPath: /tmp\n              mountPropagation: None\n              name: kubecfg\n              readOnly: true\n          dnsPolicy: ClusterFirst\n          imagePullSecrets:\n          - name: f5demos-registry-secret\n          restartPolicy: OnFailure\n          volumes:\n          - configMap:\n              items:\n              - key: kubeconfig\n                path: kubeconfig\n              name: app-kubecfg\n            name: kubecfg\n",
            "yaml_body_parsed": "apiVersion: batch/v1beta1\nkind: CronJob\nmetadata:\n  annotations:\n    ves.io/virtual-sites: shop-utility/shop-utility-vs\n  name: podcleaner\n  namespace: shop-utility\nspec:\n  concurrencyPolicy: Replace\n  failedJobsHistoryLimit: 1\n  jobTemplate:\n    spec:\n      backoffLimit: 0\n      completions: 1\n      manualSelector: false\n      parallelism: 1\n      template:\n        metadata:\n          annotations:\n            ves.io/virtual-sites: shop-utility/shop-utility-vs\n            ves.io/workload-flavor: tiny\n        spec:\n          containers:\n          - env:\n            - name: NAMESPACE\n              value: shop\n            - name: KUBE_PATH\n              value: /tmp/kubeconfig\n            image: f5demos.azurecr.io/cleaner\n            imagePullPolicy: Always\n            name: cleaner\n            resources: {}\n            terminationMessagePath: /dev/termination-log\n            terminationMessagePolicy: File\n            volumeMounts:\n            - mountPath: /tmp\n              mountPropagation: None\n              name: kubecfg\n              readOnly: true\n          dnsPolicy: ClusterFirst\n          imagePullSecrets:\n          - name: f5demos-registry-secret\n          restartPolicy: OnFailure\n          volumes:\n          - configMap:\n              items:\n              - key: kubeconfig\n                path: kubeconfig\n              name: app-kubecfg\n            name: kubecfg\n  schedule: '*/5 * * * *'\n  successfulJobsHistoryLimit: 3\n",
            "yaml_incluster": "7495a52726e13b34c3b471eb79ccf6bc3f7785af7ca7238002df2cad91c3b829"
          },
          "sensitive_attributes": [],
          "private": "eyJlMmJmYjczMC1lY2FhLTExZTYtOGY4OC0zNDM2M2JjN2M0YzAiOnsiY3JlYXRlIjo2MDAwMDAwMDAwMDB9LCJzY2hlbWFfdmVyc2lvbiI6IjEifQ==",
          "dependencies": [
            "module.f5xc.volterra_api_credential.app_vk8s_cred",
            "module.f5xc.volterra_api_credential.utility_vk8s_cred",
            "module.f5xc.volterra_namespace.app_ns",
            "module.f5xc.volterra_namespace.utility_ns",
            "module.f5xc.volterra_virtual_k8s.app_vk8s",
            "module.f5xc.volterra_virtual_k8s.utility_vk8s",
            "module.f5xc.volterra_virtual_site.hub",
            "module.f5xc.volterra_virtual_site.spoke",
            "module.f5xc.volterra_virtual_site.utility"
          ]
        }
      ]
    },
    {
      "module": "module.vk8s-utility",
      "mode": "managed",
      "type": "kubernetes_config_map_v1",
      "name": "app_kubecfg",
      "provider": "provider[\"registry.terraform.io/hashicorp/kubernetes\"].utility",
      "instances": [
        {
          "schema_version": 0,
          "attributes": {
            "binary_data": null,
            "data": {
              "kubeconfig": "apiVersion: v1\nclusters:\n- cluster:\n    certificate-authority-data: LS0tLS1CRUdJTiBDRVJUSUZJQ0FURS0tLS0tCk1JSUZGakNDQXY2Z0F3SUJBZ0lSQUpFckNFclBEQmluVS9iV0xpV25YMW93RFFZSktvWklodmNOQVFFTEJRQXcKVHpFTE1Ba0dBMVVFQmhNQ1ZWTXhLVEFuQmdOVkJBb1RJRWx1ZEdWeWJtVjBJRk5sWTNWeWFYUjVJRkpsYzJWaApjbU5vSUVkeWIzVndNUlV3RXdZRFZRUURFd3hKVTFKSElGSnZiM1FnV0RFd0hoY05NakF3T1RBME1EQXdNREF3CldoY05NalV3T1RFMU1UWXdNREF3V2pBeU1Rc3dDUVlEVlFRR0V3SlZVekVXTUJRR0ExVUVDaE1OVEdWMEozTWcKUlc1amNubHdkREVMTUFrR0ExVUVBeE1DVWpNd2dnRWlNQTBHQ1NxR1NJYjNEUUVCQVFVQUE0SUJEd0F3Z2dFSwpBb0lCQVFDN0FoVW96UGFnbE5NUEV1eU5WWkxEK0lMeG1hWjZRb2luWFNhcXRTdTV4VXl4cjQ1citYWElvOWNQClI1UVVWVFZYako2b29qa1o5WUk4UXFsT2J2VTd3eTdiamNDd1hQTlpPT2Z0ejJud1dnc2J2c0NVSkNXSCtqZHgKc3hQbkhLemhtKy9iNUR0RlVrV1dxY0ZUempUSVV1NjFydTJQM21CdzRxVlVxN1p0RHBlbFFEUnJLOU84WnV0bQpOSHo2YTR1UFZ5bVorREFYWGJweWIvdUJ4YTNTaGxnOUY4Zm5DYnZ4Sy9lRzNNSGFjVjNVUnVQTXJTWEJpTHhnClozVm1zL0VZOTZKYzVsUC9Pb2kyUjZYL0V4anFtQWwzUDUxVCtjOEI1ZldtY0JjVXIyT2svNW16azUzY1U2Y0cKL2tpRkhhRnByaVYxdXhQTVVnUDE3VkdoaTlzVkFnTUJBQUdqZ2dFSU1JSUJCREFPQmdOVkhROEJBZjhFQkFNQwpBWVl3SFFZRFZSMGxCQll3RkFZSUt3WUJCUVVIQXdJR0NDc0dBUVVGQndNQk1CSUdBMVVkRXdFQi93UUlNQVlCCkFmOENBUUF3SFFZRFZSME9CQllFRkJRdXN4ZTNXRmJMcmxBSlFPWWZyNTJMRk1MR01COEdBMVVkSXdRWU1CYUEKRkhtMFdlWjd0dVhrQVhPQUNJaklHbGoyNlp0dU1ESUdDQ3NHQVFVRkJ3RUJCQ1l3SkRBaUJnZ3JCZ0VGQlFjdwpBb1lXYUhSMGNEb3ZMM2d4TG1rdWJHVnVZM0l1YjNKbkx6QW5CZ05WSFI4RUlEQWVNQnlnR3FBWWhoWm9kSFJ3Ck9pOHZlREV1WXk1c1pXNWpjaTV2Y21jdk1DSUdBMVVkSUFRYk1Ca3dDQVlHWjRFTUFRSUJNQTBHQ3lzR0FRUUIKZ3Q4VEFRRUJNQTBHQ1NxR1NJYjNEUUVCQ3dVQUE0SUNBUUNGeWs1SFBxUDNoVVNGdk5WbmVMS1lZNjExVFI2VwpQVE5sY2xRdGdhRHF3KzM0SUw5ZnpMZHdBTGR1Ty9aZWxON2tJSittNzR1eUErZWl0Ulk4a2M2MDdUa0M1M3dsCmlrZm1aVzQvUnZUWjhNNlVLKzVVemhLOGpDZEx1TUdZTDZLdnpYR1JTZ2kzeUxnamV3UXRDUGtJVno2RDJRUXoKQ2tjaGVBbUNKOE1xeUp1NXpsenlaTWpBdm5uQVQ0NXRSQXhla3JzdTk0c1E0ZWdkUkNuYldTRHRZN2toK0JJbQpsSk5Yb0IxbEJNRUtJcTRRRFVPWG9SZ2ZmdURnaGplMVdyRzlNTCtIYmlzcS95Rk9Hd1hEOVJpWDhGNnN3Nlc0CmF2QXV2RHN6dWU1TDNzejg1SytFQzRZL3dGVkROdlpvNFRZWGFvNlowZitsUUtjMHQ4RFFZemsxT1hWdThycDIKeUpNQzZhbExiQmZPREFMWnZZSDduN2RvMUFabHM0STlkMVA0am5rRHJRb3hCM1VxUTloVmwzTEVLUTczeEYxTwp5SzVHaEREWDhvVmZHS0Y1dStkZWNJc0g0WWFUdzdtUDNHRnhKU3F2MyswbFVGSm9pNUxjNWRhMTQ5cDkwSWRzCmhDRXhyb0wxKzdtcnlJa1hQZUZNNVRnTzlyMHJ2WmFCRk92VjJ6MGdwMzVaMCtMNFdQbGJ1RWpOL2x4UEZpbisKSGxVanI4Z1JzSTNxZkpPUUZ5LzlyS0lKUjBZLzhPbXd0LzhvVFdneTFtZGVIbW1qazdqMW5Zc3ZDOUpTUTZadgpNbGRsVFRLQjN6aFRoVjErWFdZcDZyamQ1SlcxemJWV0VrTE54RTdHSlRoRVVHM3N6Z0JWR1A3cFNXVFVUc3FYCm5MUmJ3SE9vcTdoSHdnPT0KLS0tLS1FTkQgQ0VSVElGSUNBVEUtLS0tLQotLS0tLUJFR0lOIENFUlRJRklDQVRFLS0tLS0KTUlJRmF6Q0NBMU9nQXdJQkFnSVJBSUlRejdEU1FPTlpSR1BndTJPQ2l3QXdEUVlKS29aSWh2Y05BUUVMQlFBdwpUekVMTUFrR0ExVUVCaE1DVlZNeEtUQW5CZ05WQkFvVElFbHVkR1Z5Ym1WMElGTmxZM1Z5YVhSNUlGSmxjMlZoCmNtTm9JRWR5YjNWd01SVXdFd1lEVlFRREV3eEpVMUpISUZKdmIzUWdXREV3SGhjTk1UVXdOakEwTVRFd05ETTQKV2hjTk16VXdOakEwTVRFd05ETTRXakJQTVFzd0NRWURWUVFHRXdKVlV6RXBNQ2NHQTFVRUNoTWdTVzUwWlhKdQpaWFFnVTJWamRYSnBkSGtnVW1WelpXRnlZMmdnUjNKdmRYQXhGVEFUQmdOVkJBTVRERWxUVWtjZ1VtOXZkQ0JZCk1UQ0NBaUl3RFFZSktvWklodmNOQVFFQkJRQURnZ0lQQURDQ0Fnb0NnZ0lCQUszb0pIUDBGRGZ6bTU0clZ5Z2MKaDc3Y3Q5ODRrSXh1UE9aWG9IajNkY0tpL3ZWcWJ2WUFUeWpiM21pR2JFU1R0ckZqL1JRU2E3OGYwdW94bXlGKwowVE04dWtqMTNYbmZzN2ovRXZFaG1rdkJpb1p4YVVwbVpteVBmanh3djYwcElnYno1TURtZ0s3aVM0KzNtWDZVCkE1L1RSNWQ4bVVnalUrZzRyazhLYjRNdTBVbFhqSUIwdHRvdjBEaU5ld053SVJ0MThqQTgrbyt1M2RwanErc1cKVDhLT0VVdCt6d3ZvLzdWM0x2U3llMHJnVEJJbERIQ05BeW1nNFZNazdCUFo3aG0vRUxOS2pEK0pvMkZSM3F5SApCNVQwWTNIc0x1SnZXNWlCNFlsY05IbHNkdTg3a0dKNTV0dWttaThteGRBUTRRN2UyUkNPRnZ1Mzk2ajN4K1VDCkI1aVBOZ2lWNStJM2xnMDJkWjc3RG5LeEhadThBL2xKQmRpQjNRVzBLdFpCNmF3QmRwVUtEOWpmMWIwU0h6VXYKS0JkczBwakJxQWxrZDI1SE43ck9yRmxlYUoxL2N0YUp4UVpCS1Q1WlB0MG05U1RKRWFkYW8weEFIMGFobWJXbgpPbEZ1aGp1ZWZYS25FZ1Y0V2UwK1VYZ1ZDd09QamRBdkJiSStlMG9jUzNNRkV2ekc2dUJRRTN4RGszU3p5blRuCmpoOEJDTkF3MUZ0eE5yUUh1c0V3TUZ4SXQ0STdtS1o5WUlxaW95bUN6THE5Z3dRYm9vTURRYUhXQmZFYndyYncKcUh5R08wYW9TQ3FJM0hhYWRyOGZhcVU5R1kvck9QTmszc2dyRFFvby8vZmI0aFZDMUNMUUoxM2hlZjRZNTNDSQpyVTdtMllzNnh0MG5VVzcvdkdUMU0wTlBBZ01CQUFHalFqQkFNQTRHQTFVZER3RUIvd1FFQXdJQkJqQVBCZ05WCkhSTUJBZjhFQlRBREFRSC9NQjBHQTFVZERnUVdCQlI1dEZubWU3Ymw1QUZ6Z0FpSXlCcFk5dW1iYmpBTkJna3EKaGtpRzl3MEJBUXNGQUFPQ0FnRUFWUjlZcWJ5eXFGRFFETEhZR21rZ0p5a0lyR0YxWElwdStJTGxhUy9WOWxaTAp1Ymh6RUZuVElaZCs1MHh4KzdMU1lLMDVxQXZxRnlGV2hmRlFEbG5yenVCWjZickpGZStHblkrRWdQYms2WkdRCjNCZWJZaHRGOEdhVjBueHZ3dW83N3gvUHk5YXVKL0dwc01pdS9YMSttdm9pQk92LzJYL3FrU3Npc1JjT2ovS0sKTkZ0WTJQd0J5VlM1dUNiTWlvZ3ppVXd0aER5QzMrNldWd1c2TEx2M3hMZkhUanVDdmpISUluTnprdEhDZ0tRNQpPUkF6STRKTVBKK0dzbFdZSGI0cGhvd2ltNTdpYXp0WE9vSndUZHdKeDRuTENnZE5iT2hkanNudnpxdkh1N1VyClRrWFdTdEFtek9WeXlnaHFwWlhqRmFIM3BPM0pMRitsKy8rc0tBSXV2dGQ3dStOeGU1QVcwd2RlUmxOOE53ZEMKak5QRWxwelZtYlVxNEpVYWdFaXVURGtIenN4SHBGS1ZLN3E0KzYzU00xTjk1UjFOYmRXaHNjZENiK1pBSnpWYwpveWkzQjQzbmpUT1E1eU9mKzFDY2VXeEcxYlFWczVadWZwc01sanE0VWkwLzFsdmgrd2pDaFA0a3FLT0oycXhxCjRSZ3FzYWhEWVZ2VEg5dzdqWGJ5TGVpTmRkOFhNMnc5VS90N3kwRmYvOXlpMEdFNDRaYTRyRjJMTjlkMTFUUEEKbVJHdW5VSEJjbldFdmdKQlFsOW5KRWlVMFpzbnZnYy91YmhQZ1hSUjRYcTM3WjBqNHI3ZzFTZ0VFend4QTU3ZAplbXlQeGdjWXhuL2VSNDQvS0o0RUJzK2xWRFIzdmV5Sm0ra1hROTliMjEvK2poNVhvczFBblg1aUl0cmVHQ2M9Ci0tLS0tRU5EIENFUlRJRklDQVRFLS0tLS0KLS0tLS1CRUdJTiBDRVJUSUZJQ0FURS0tLS0tCk1JSUdFekNDQS91Z0F3SUJBZ0lRZlZ0UkpyUjJ1aEhiZEJZTHZGTU5wekFOQmdrcWhraUc5dzBCQVF3RkFEQ0IKaURFTE1Ba0dBMVVFQmhNQ1ZWTXhFekFSQmdOVkJBZ1RDazVsZHlCS1pYSnpaWGt4RkRBU0JnTlZCQWNUQzBwbApjbk5sZVNCRGFYUjVNUjR3SEFZRFZRUUtFeFZVYUdVZ1ZWTkZVbFJTVlZOVUlFNWxkSGR2Y21zeExqQXNCZ05WCkJBTVRKVlZUUlZKVWNuVnpkQ0JTVTBFZ1EyVnlkR2xtYVdOaGRHbHZiaUJCZFhSb2IzSnBkSGt3SGhjTk1UZ3gKTVRBeU1EQXdNREF3V2hjTk16QXhNak14TWpNMU9UVTVXakNCanpFTE1Ba0dBMVVFQmhNQ1IwSXhHekFaQmdOVgpCQWdURWtkeVpXRjBaWElnVFdGdVkyaGxjM1JsY2pFUU1BNEdBMVVFQnhNSFUyRnNabTl5WkRFWU1CWUdBMVVFCkNoTVBVMlZqZEdsbmJ5Qk1hVzFwZEdWa01UY3dOUVlEVlFRREV5NVRaV04wYVdkdklGSlRRU0JFYjIxaGFXNGcKVm1Gc2FXUmhkR2x2YmlCVFpXTjFjbVVnVTJWeWRtVnlJRU5CTUlJQklqQU5CZ2txaGtpRzl3MEJBUUVGQUFPQwpBUThBTUlJQkNnS0NBUUVBMW5NejF0YzhJTkFBMGhkRnVOWStCNkkveDBIdU1qREpzR3o5OUovTEVwZ1BMVCtOClRRRU1nZzhYZjJJdTZiaEllZnNXZzA2dDF6SWxrN2NIdjdsUVA2bE13MEFxNlRuLzJZSEtIeFl5UWRxQUpya2oKZW9jZ0h1UC9JSm84bFVSdmgzVUdrRUMwTXBNV0NSQUlJejdTM1ljUGIxMVJGR29LYWNWUEFYSnB6OU9UVEcwRQpvS01iZ242eG1ybnR4WjdGTjNpZm1nZzArMVl1V01RSkRnWmtXN3czM1BHZktHaW9WckNTbzF5ZnU0aVlDQnNrCkhhc3doYTZ2c0M2ZWVwM0J3RUljNGdMdzZ1QkswdStRRHJUQlFCYndiNFZDU21UM3BEQ2cvcjh1b3lkYWpvdFkKdUszREdSZUVZKzF2VnYyRHkyQTB4SFMrNXAzYjRlVGx5Z3hmRlFJREFRQUJvNElCYmpDQ0FXb3dId1lEVlIwagpCQmd3Rm9BVVUzbS9XcW9yU3M5VWdPSFltOENkOHJJRFpzc3dIUVlEVlIwT0JCWUVGSTJNWHNSVXJZcmhkK21iCitac0Y0YmdCaldIaE1BNEdBMVVkRHdFQi93UUVBd0lCaGpBU0JnTlZIUk1CQWY4RUNEQUdBUUgvQWdFQU1CMEcKQTFVZEpRUVdNQlFHQ0NzR0FRVUZCd01CQmdnckJnRUZCUWNEQWpBYkJnTlZIU0FFRkRBU01BWUdCRlVkSUFBdwpDQVlHWjRFTUFRSUJNRkFHQTFVZEh3UkpNRWN3UmFCRG9FR0dQMmgwZEhBNkx5OWpjbXd1ZFhObGNuUnlkWE4wCkxtTnZiUzlWVTBWU1ZISjFjM1JTVTBGRFpYSjBhV1pwWTJGMGFXOXVRWFYwYUc5eWFYUjVMbU55YkRCMkJnZ3IKQmdFRkJRY0JBUVJxTUdnd1B3WUlLd1lCQlFVSE1BS0dNMmgwZEhBNkx5OWpjblF1ZFhObGNuUnlkWE4wTG1OdgpiUzlWVTBWU1ZISjFjM1JTVTBGQlpHUlVjblZ6ZEVOQkxtTnlkREFsQmdnckJnRUZCUWN3QVlZWmFIUjBjRG92CkwyOWpjM0F1ZFhObGNuUnlkWE4wTG1OdmJUQU5CZ2txaGtpRzl3MEJBUXdGQUFPQ0FnRUFNcjlodlE1SXcwL0gKdWtkTitKeDRHUUhjRXgyQWIvekRjTFJTbWpFem1sZFMrekdlYTZUdlZLcUpqVUFYYVBnUkVIelN5ckh4VlliSAo3ck0ya1liMk9WRy9ScjhQb0xxMDkzNUp4Q28yRjU3a2FEbDZyNVJPVm0reWV6dS9Db2E5emNWM0hBTzRPTEdpCkgxOSsyNHJjUmtpMmFBclBzclcwNGpUa1o2azRaZ2xlMHJqOG5TZzZGMEFud25KT0tmMGhQSHpQRS91V0xNVXgKUlAwVDdkV2JxV2xvZDN6dTRmK2srVFk0Q0ZNNW9vUTBuQm56dmc2czFTUTM2eU9vZU5EVDUrK1NSMlJpT1NMdgp4dmNSdmlLRnhtWkVKQ2FPRURLTnlKT3VCNTZEUGkvWitmVkdqbU8rd2VhMDNLYk5JYWlHQ3BYWkxvVW1HdjM4CnNiWlhRbTJWMFRQMk9SUUdna0U0OVk5WTNJQmJwTlY5bFhqOXA1di8vY1dvYWFzbTU2ZWtCWWRicWJlNG95QUwKbDZsRmhkMnppK1dKTjQ0cERmd0dGL1k0UUE1QzVCSUcrM3Z6eGhGb1l0L2ptUFFUMkJWUGk3RnAyUkJndkdRcQo2akczNUxXak9oU2JKdU1MZS8wQ2pyYVp3VGlYV1RiMnFIU2loclplNjhaazZzK2dvL2x1bnJvdEViYUdtQWhZCkxjbXNKV1R5WG5XME9NR3VmMXBHZytwUnlyYnhtUkUxYTZWcWU4WUFzT2Y0dm1TeXJjakM4YXpqVWVxa2srQjUKeU9HQlFNa0tXK0VTUE1GZ0t1T1h3SWxDeXBUUFJwZ1NhYnVZME1MVERYSkxSMjdsazhReUtHT0hRK1N3TWo0SwowMHUvSTVzVUtVRXJtZ1Fma3kzeHh6bElQSzFhRW44PQotLS0tLUVORCBDRVJUSUZJQ0FURS0tLS0tCi0tLS0tQkVHSU4gQ0VSVElGSUNBVEUtLS0tLQpNSUlGM2pDQ0E4YWdBd0lCQWdJUUFmMXRNUHlqeWxHb0c3eGtEalVETFRBTkJna3Foa2lHOXcwQkFRd0ZBRENCCmlERUxNQWtHQTFVRUJoTUNWVk14RXpBUkJnTlZCQWdUQ2s1bGR5QktaWEp6WlhreEZEQVNCZ05WQkFjVEMwcGwKY25ObGVTQkRhWFI1TVI0d0hBWURWUVFLRXhWVWFHVWdWVk5GVWxSU1ZWTlVJRTVsZEhkdmNtc3hMakFzQmdOVgpCQU1USlZWVFJWSlVjblZ6ZENCU1UwRWdRMlZ5ZEdsbWFXTmhkR2x2YmlCQmRYUm9iM0pwZEhrd0hoY05NVEF3Ck1qQXhNREF3TURBd1doY05Nemd3TVRFNE1qTTFPVFU1V2pDQmlERUxNQWtHQTFVRUJoTUNWVk14RXpBUkJnTlYKQkFnVENrNWxkeUJLWlhKelpYa3hGREFTQmdOVkJBY1RDMHBsY25ObGVTQkRhWFI1TVI0d0hBWURWUVFLRXhWVQphR1VnVlZORlVsUlNWVk5VSUU1bGRIZHZjbXN4TGpBc0JnTlZCQU1USlZWVFJWSlVjblZ6ZENCU1UwRWdRMlZ5CmRHbG1hV05oZEdsdmJpQkJkWFJvYjNKcGRIa3dnZ0lpTUEwR0NTcUdTSWIzRFFFQkFRVUFBNElDRHdBd2dnSUsKQW9JQ0FRQ0FFbVVYTmc3RDJ3aXowS3hYRFhidHpTZlRUSzFRZzJIaXFpQk5DUzFrQ2R6T2laL01QYW5zOXMvQgozUEhUc2RaN055Z1JLMGZhT2NhOE9obTBYNmE5ZloyalkwSzJkdktwT3l1UitPSnYwT3dXSUpBSlB1TG9kTWtZCnRKSFVZbVRiZjZNRzhZZ1lhcEFpUEx6K0UvQ0hGSHYyNUIrTzFPUlJ4aEZuUmdoUnk0WVVWRCs4TS81K2JKei8KRnAwWXZWR09OYWFuWnNoeVo5c2hackhVbTNnRHdGQTY2TXp3M0x5ZVRQNnZCWlkxSDFkYXQvL08rVDIzTExiMgpWTjNJNXhJNlRhNU1pcmRjbXJTM0lEM0tmeUkwcm40N2FHWUJST2NCVGtaVG16Tmc5NVMrVXplUWMwUHpNc05UCjc5dXEvblJPYWNkcmpHQ1Qzc1RIRE4vaE1xN01renRSZUpWbmkrNDlWdjRNMEdrUEd3L3pKU1pyTTIzM2JrZjYKYzBQbGZnNmxackVwZkRLRVkxV0p4QTNCazFRd0dST3MwMzAzcCt0ZE9tdzFYTnRCMXhMYXFVa0wzOWlBaWdtVApZbzYxWnM4bGlNMkV1TEUvcERrUDJRS2U2eEpNbFh6emF3V3BYaGFEekxobjR1Z1RuY3hiZ3ROTXMrMWIvOTdsCmM2d2pPeTBBdnpWVmRBbEoyRWxZR24rU051WlJrZzd6Sm4wY1RSZTh5ZXhESnRDL1FWOUFxVVJFOUpublY0ZWUKVUI5WFZLZysvWFJqTDdGUVpRbm1XRUl1UXhwTXRQQWxSMW42QkI2VDFDWkdTbENCc3Q2K2VMZjhaeFhoeVZlRQpIZzlqMXVsaXV0WmZWUzdxWE1Zb0NBUWxPYmdPSzZueVRKY2NCejhOVXZYdDd5K0NEd0lEQVFBQm8wSXdRREFkCkJnTlZIUTRFRmdRVVUzbS9XcW9yU3M5VWdPSFltOENkOHJJRFpzc3dEZ1lEVlIwUEFRSC9CQVFEQWdFR01BOEcKQTFVZEV3RUIvd1FGTUFNQkFmOHdEUVlKS29aSWh2Y05BUUVNQlFBRGdnSUJBRnpVZkEzUDl3RjlRWmxsREhQRgpVcC9MK00rWkJuOGIya01WbjU0Q1ZWZVdGUEZTUENlSGxDanRIem9CTjZKMi9GTlF3SVNieG10T3Vvd2hUNktPClZXS1I4MmtWMkx5STQ4U3FDLzN2cU9sTFZTb0dJRzFWZUNrWjdsOHdYRXNrRVZYL0pKcHVYaW9yN2d0Tm4zLzMKQVRpVUZKVkRCd243WUtudUhLc1NqS0NhWHFlWWFsbHRpejhJKzhqUlJhOFlGV1NRRWc5ektDN0Y0aVJPL0Zqcwo4UFJGL2lLejZ5K08wdGxGWVFYQmwyK29kbktQaTR3MnI3OE5CYzV4amVhbWJ4OXNwbkZpeGRqUWczSU04V2NSCmlReWNFMHh5Tk4rODFYSGZxbkhkNGJsc2pEd1NYV1hhdlZjU3RrTnIvK1hlVFdZUlVjK1pydXdYdHVoeGtZemUKU2Y3ZE5YR2lGU2VVSE05aDR5YTdiNk5uSlNGZDV0MGRDeTVvR3p1Q3IreURaNFhVbUZGMHNibVpnSW4vZjNnWgpYSGxLWUM2U1FLNU1OeW9zeWNkaXlBNWQ5elpieXVBbEpRRzAzUm9IbkhjQVA5RGMxZXc5MVBxN1A4eUYxbTkvCnFTM2Z1UUwzOVplYXRUWGF3MmV3aDBxcEtKNGpqdjljSjJ2aHNFL3pCKzRBTHRSWmg4dFNRWlhxOUVmWDdtUkIKVlh5TldRS1YzV0tkd3JudVdpaDBoS1didDVESERBZmY5WWsyZERMV0tNR3dzQXZnbkV6REhOYjg0Mm0xUjBhQgpMNktDcTlOalJIREVqZjh0TTdxdGozdTFjSWl1UGhuUFFDalkvTWlRdTEyWkl2VlM1bGpGSDRneFErNklIZGZHCmpqeERhaDJuR041OVBSYnhZdm5La0tqOQotLS0tLUVORCBDRVJUSUZJQ0FURS0tLS0tCgoK\n    server: https://f5-big-ip.console.ves.volterra.io/api/vk8s/namespaces/shop/shop-vk8s\n  name: shop-vk8s\ncontexts:\n- context:\n    cluster: shop-vk8s\n    namespace: shop\n    user: m.kennedy@f5.com\n  name: shop-vk8s\ncurrent-context: shop-vk8s\nkind: Config\npreferences: {}\nusers:\n- user:\n    client-certificate-data: LS0tLS1CRUdJTiBDRVJUSUZJQ0FURS0tLS0tCk1JSUdBVENDQSttZ0F3SUJBZ0lRQ3p1cVd5ZEJXQlh1QWc2elQvOWV2REFOQmdrcWhraUc5dzBCQVFzRkFEQ0IKdGpFTE1Ba0dBMVVFQmhNQ1ZWTXhFekFSQmdOVkJBZ1RDa05oYkdsbWIzSnVhV0V4RkRBU0JnTlZCQWNUQzFOaApiblJoSUVOc1lYSmhNUjh3SFFZRFZRUUtFeFpXYjJ4MFpYSnlZU0JGWkdkbElGTmxjblpwWTJWek1TQXdIZ1lEClZRUUxFeGRKYm1aeVlYTjBjblZqZEhWeVpTQlRaV04xY21sMGVURTVNRGNHQTFVRUF4TXdVRkpQUkNBdElGUmwKYm1GdWRDQlZjMlZ5SUVObGNuUnBabWxqWVhSbElFbHpjM1ZwYm1jZ1EwRWdMU0IyTWk0eE1CNFhEVEl5TVRJeQpNVEF5TXpFek5Gb1hEVEl6TURNeU1EQXlNekV6TkZvd0xqRVJNQThHQTFVRUNoTUlkbTlzZEdWeWNtRXhHVEFYCkJnTlZCQU1URUZWVFJWSXRRMFZTVkVsR1NVTkJWRVV3Z2dJaU1BMEdDU3FHU0liM0RRRUJBUVVBQTRJQ0R3QXcKZ2dJS0FvSUNBUUNsY2RRVnlXbW8xcmZPVytIUHJsWUxGeFVzV2hHK1d6eFBkdlV6cCtIOHpMd1cwd0x0dUZ1dApKRVdONTROZlpmVlJ3Q1MydTdPS0JmckZLZXFGK3ZBUFozVVkrRTdPa3Fxb0NHMUd6a1pvTEZ4ejFiMm91aWUzCmdjNXpoOE03RGQ1Z3dNZTdXc0tMZ3N4UkE1dHh5OC9idUxOb004NkRSN25VQlBHbFpNQ0FsTXYwMkhudG92WkEKc1lPb1JaWGJsei9XZWpXMkt5b3Z4Ukp2N1czOTdTT3grMWwxb0J3bHlYaTg4RUFoUENpRTluQWxMaGdPZDB4eApVeFcvRUtYeHJTTkRZQjhremM3OHpkYXJ1eVNJVCtiR3FseGVpbzhid3l0NWFySzBheDdUZXBOVVNnK1NOd3c5CmtuK05aaUp4amNVRDhnVDNjS3VaRTFGbWRtdDlza1dvaTFpbEJZOGZpazJLZkdwUXZlZGZJbjdsOW1JZ3MzbkkKVTdNTzFTYW0vVlpqUkFPSUxYek1jQlJqek5Kek56RW0rb0RLOEd3b25aaXF1dmRZZE5hMGIvWmFYNXdkK2JjdApicUI1cWovR2J6OTY1bCtwMmlHeGNZcCs2MFBxUGQxZXlxL0d0VTNZbVlXZUNOTU9tcDlhd1R3eHIweVNOL01HCmJpOG9Ucmt6bTdUTXpVYnM0c05Wa0YweTY0NWptdURjWVExL2l4cDBieWYzVGpGRHdpalBvb2NDdmh6ZzhKU2YKTEtGSG5TaVdMdS9zRlNVV0lNSzlmdVh1dzMwRVVJUnYxdE1nTVBoWGRIZXlLdFNsTTZzaE15WmpxR1p0TUJTdApycDk4bEx0WmI3UDNub3Nxckw4SUMxZm9rZ0V1cHBlemxHb1NheXdQcDNmbTNNSGZhWTRoRFFJREFRQUJvNEdSCk1JR09NQTRHQTFVZER3RUIvd1FFQXdJRm9EQVRCZ05WSFNVRUREQUtCZ2dyQmdFRkJRY0RBakFkQmdOVkhRNEUKRmdRVW43TWc3U0hkTGtKdkg1YzlJU0d5QW9FQjVMd3dJZ1lNS3dZQkJBR0RvUTRCQVFFQkJCSUVFRzB1YTJWdQpibVZrZVVCbU5TNWpiMjB3SkFZTUt3WUJCQUdEb1E0QkFRRUNCQlFFRW1ZMUxXSnBaeTFwY0MxblpIbDRabTUxCmJUQU5CZ2txaGtpRzl3MEJBUXNGQUFPQ0FnRUF3TnVNelh3YVZpSHliZzIrWi9McnlzdXhoTmxrVFFGbmJEV2MKNVhnODlXS3luek1pUGJ4NnUwV0MxTkR6emZUQjVyMXZXdFQwQXJPWFRuN3VvaVdTNTZsRG8wbkpObFR3N2x2NgoxREc5Y0M0VlFnaUsvVGhkc1dLSkN2UERmNVF5MjlReERoV0c0QlhETXZIWFdoelcvVTMxcnNzQ0FaRFdKdjFCCmZvOUxZNVpiUWJ3TUtBL3ozaW1laklGNmpmNmFNV2RDWHUyZk1BVDNacmN4NnM5cENQYkhlTVYzUitqbUpxeWgKUHVoVjZuWnZKUkUrKzFQcmZESmYwUDVjR21HWkxFWGtJOVdzbGV1ZEJDdytid2pHdnl1TXNTVEg4TnQ5K0RkbwpvUDhoMEljQklnYkVVRllISTNxNkljM3kzUVlZbFRaNklBZjBhaFRkdHg0anJaM21vZWRxK29uTTgzM3Z1MmllClphNGQxQUlCdDl6cUVEekVrMlBYMFU2aXVZVUJXYk02MHM2L05qUmhUUjlJdmgzdGU0Q3paMUs0elJ0ZE9VbVAKV3dGYkVlQ1MzS1FhYXpWcTNEN0svWm4zeTFTVGdzaThvc1JyYUVvOEsxSno5aVlmKzFldmFKNHRMRzFOVDM2bgpZejZHZFErRnlQNmdFUVNoL0tHZE1rcXMxWGhzbWJFOUoxTERDOUZVTyt2TmU0L3NLTWFTajNvdjFMZURINU9oCjFtMGhpdGZnRjA5YW1LWFZ5UkkvUGxnbTQrSE9nOVpZWjh1dG13TXV3RGJBck4zUUtOdGZHaTNiK2ZzblNTSjIKMVo1VnNZU3hlMnlUbjBVb2JTY2RHNnREcjNqSGUyN00xMGpXUkEraWxqNlF6bERxaXlZeHUrODZ2V0E5aVVSUwovLzRCZnVBPQotLS0tLUVORCBDRVJUSUZJQ0FURS0tLS0tCi0tLS0tQkVHSU4gQ0VSVElGSUNBVEUtLS0tLQpNSUlHY1RDQ0JGbWdBd0lCQWdJUkFJWTgwS2JHSisvS3RDeGF6STRGZm1Zd0RRWUpLb1pJaHZjTkFRRUxCUUF3CmdiRXhDekFKQmdOVkJBWVRBbFZUTVJNd0VRWURWUVFJRXdwRFlXeHBabTl5Ym1saE1SUXdFZ1lEVlFRSEV3dFQKWVc1MFlTQkRiR0Z5WVRFZk1CMEdBMVVFQ2hNV1ZtOXNkR1Z5Y21FZ1JXUm5aU0JUWlhKMmFXTmxjekVnTUI0RwpBMVVFQ3hNWFNXNW1jbUZ6ZEhKMVkzUjFjbVVnVTJWamRYSnBkSGt4TkRBeUJnTlZCQU1USzFCU1QwUWdMU0JVClpXNWhiblFnVlhObGNpQkRaWEowYVdacFkyRjBaU0JTYjI5MElFTkJJQzBnZGpJd0hoY05NakF3TmpFeE1UVTEKTnpFMFdoY05NalV3TmpFeE1UVTFOekUwV2pDQnRqRUxNQWtHQTFVRUJoTUNWVk14RXpBUkJnTlZCQWdUQ2tOaApiR2xtYjNKdWFXRXhGREFTQmdOVkJBY1RDMU5oYm5SaElFTnNZWEpoTVI4d0hRWURWUVFLRXhaV2IyeDBaWEp5CllTQkZaR2RsSUZObGNuWnBZMlZ6TVNBd0hnWURWUVFMRXhkSmJtWnlZWE4wY25WamRIVnlaU0JUWldOMWNtbDAKZVRFNU1EY0dBMVVFQXhNd1VGSlBSQ0F0SUZSbGJtRnVkQ0JWYzJWeUlFTmxjblJwWm1sallYUmxJRWx6YzNWcApibWNnUTBFZ0xTQjJNaTR4TUlJQ0lqQU5CZ2txaGtpRzl3MEJBUUVGQUFPQ0FnOEFNSUlDQ2dLQ0FnRUEwVkRxCmh0NUtYdWtSR0JETm5FbytZa1RxZWZKS1F2TGdISVJBRzlrMWJBRFd3YzB6K0VmVnk0bWZoWjFuS3pSNml2cm8KWmgyNE1vSW9XZjZRaFEveUFrNTRJN3Z1Y00veDFvZ1VoWU5NOXNMcDVVNHAxMTl6ejhGUjBLb1RnblAzRm82aApxRytHZFFjSmsxMTBPSlVzRzRPcHZYUkJqUCtFMS9vRHY4RGJIRFdkUXFpK1YyTDdjWjMyTEpuQzVxT0tGYjhPCkpjZUVHQm1CYjJyMmpsTDJ3MHo3Y0g2ZVdieVlhMElaS283endzam5QTUp4VkVLb0ltMjBKV2lHTndMVXhGU3EKTjNIcDhLZEdQWitGN05zazhxSGtXTFNHSDY2a2FPaHI3aVluaTd2NFlkdVMyQ0tGTUdVWndINkg3Myt5MnhKRApkYnNBQnBZU1hiQXRIMkRtVDJwQlNKRlF2RkkzTVRFMlUwbENGTUpLQmxSMHJxSVFYZk1vell5bkFJME9Xb3RnCmN0OGwyS3A5bnVPUUFJRmptckpMcDBQRURIaG9LM0QwS0lOWldKTWM5Sm9JZUNXZWtGVHFONGJlQnBRa0ZoUTQKVHd2R0M0NjR2Q1F0RnBhU1ZJbXUxc2JkZVR3VzBaOXlUVldzb0kwUnQ2UlBya2ZaZU5zMXNwZDJub3NKMjlxWQpNWktheWsrUHlDYnkvQVNnNmtWZ2ZSY1lTT0V4dlJzNXY0c29ONXRuQ0NwaHd0aTRzMkVraDR0eGZqNkhGZ0kvCllQakNqR2locHJ4bm1FYzdsSUl0VXJIam1Yck02ZVo0MVUybjlOREFXTGozcDRJMmQ4NGQxL054T0pkalNQNDIKUVJhSHBEUEkySHlSVkdramdvZzBnVktSbFBPVjJoUFRhYkoxRElrQ0F3RUFBYU45TUhzd0RnWURWUjBQQVFILwpCQVFEQWdLRU1BOEdBMVVkRXdFQi93UUZNQU1CQWY4d1dBWUlLd1lCQlFVSEFRRUVUREJLTUVnR0NDc0dBUVVGCkJ6QUJoanh2WTNOd0xuWmxjeTVwYnk5UVVrOUVJQzBnVkdWdVlXNTBJRlZ6WlhJZ1EyVnlkR2xtYVdOaGRHVWcKU1hOemRXbHVaeUJEUVNBdElIWXlMakV3RFFZSktvWklodmNOQVFFTEJRQURnZ0lCQU50dHY5UXdCeklmM0NOWgpaUkx3MEFMdWpGRnliNDJJT29SN1BOajIwTHNGa1JHaFhxT2dueGhUdGhlNEVYR053b0pkeU9BWGZDVlhsc3NoCjU0K29DQUN3dzVqZ3gySlZMOUNKUFBwMVZBVkhZa2svcWF3WVRRdDZOeDlnS3E5Z253akYwQjdVMXNzR0lSZmoKcEc5ODIwN01TbkpDN3pUcDl0Wms5UVN1RytxR3NXeU1NNEpMeGdhWk9naURQRkxWZk1tUXF1VGk4NWdhTXdHTQpnR3FvWnlmTTczRVJFMTVBa0IyUU45b29oSnEzRExvdE0rRktnS3RlL1pwcm5OTndPeDFVTnJnMmhTbFNNdTFDCngydkZvSkJGeUhqYkJ5NTBaWFdkc3dqY1ltcVRWSFlNNmZITlFwVWxOU1RJVGJUNVYyVVRlRlc2cENrWE9DZ2YKeEp2ZUF2N0NsVjkyS0YyMDVnTDRRQkM1d09kT1hQSWtLQjRWWGZkZkRIOGF3TjIzK1RYRlpTdHY4cXlENGlqTApzUjlyK2t1KzJ3R1pOTGIySTZWN2ZJeXRZUE4waURoSkp1Wlg5dmtXZmhyTitibjh1bzZBcE9MZzc5UkhHM1AzClFSV0JraEFtMGYrYjNoNDVKcU9sbWpqYTRaQkZidForRllOVFdiVUtiLzYzUkN6ditNNFgwSWxXRVNkQUltamwKL1U0NUFKamtpZHBMNERNdzdCdVNRRUVJL29jRDhTZ2ZsNzl4ZmdLWWtDdmNvK21vVEFmU3FRbEd3UnZQN0ljago5S0JYcFEyUVdSb0JGYVFtd3MvMHEybGdEdGkremJLcVlReGZRM0kxVzJaUFNIU0VEcUVWcTVHYUV4dkVDSDgyCmVYaTBSTUpNdGdBaWM4aUlUMzFCVWxaWHF5Q0UKLS0tLS1FTkQgQ0VSVElGSUNBVEUtLS0tLQotLS0tLUJFR0lOIENFUlRJRklDQVRFLS0tLS0KTUlJR1p6Q0NCRStnQXdJQkFnSVJBSjdnVTA1OGZDVUx4ZzlnWEt1YUVKNHdEUVlKS29aSWh2Y05BUUVMQlFBdwpnYkV4Q3pBSkJnTlZCQVlUQWxWVE1STXdFUVlEVlFRSUV3cERZV3hwWm05eWJtbGhNUlF3RWdZRFZRUUhFd3RUCllXNTBZU0JEYkdGeVlURWZNQjBHQTFVRUNoTVdWbTlzZEdWeWNtRWdSV1JuWlNCVFpYSjJhV05sY3pFZ01CNEcKQTFVRUN4TVhTVzVtY21GemRISjFZM1IxY21VZ1UyVmpkWEpwZEhreE5EQXlCZ05WQkFNVEsxQlNUMFFnTFNCVQpaVzVoYm5RZ1ZYTmxjaUJEWlhKMGFXWnBZMkYwWlNCU2IyOTBJRU5CSUMwZ2RqSXdIaGNOTWpBd05qRXhNVFUxCk56RXpXaGNOTXpVd05qRXhNVFUxTnpFeldqQ0JzVEVMTUFrR0ExVUVCaE1DVlZNeEV6QVJCZ05WQkFnVENrTmgKYkdsbWIzSnVhV0V4RkRBU0JnTlZCQWNUQzFOaGJuUmhJRU5zWVhKaE1SOHdIUVlEVlFRS0V4WldiMngwWlhKeQpZU0JGWkdkbElGTmxjblpwWTJWek1TQXdIZ1lEVlFRTEV4ZEpibVp5WVhOMGNuVmpkSFZ5WlNCVFpXTjFjbWwwCmVURTBNRElHQTFVRUF4TXJVRkpQUkNBdElGUmxibUZ1ZENCVmMyVnlJRU5sY25ScFptbGpZWFJsSUZKdmIzUWcKUTBFZ0xTQjJNakNDQWlJd0RRWUpLb1pJaHZjTkFRRUJCUUFEZ2dJUEFEQ0NBZ29DZ2dJQkFOeHZPU1Z4MjFvcgpxUk1nOWYzZC96UUE2dDlTUHdNcmZFTzFublB3TUY5YXdTSVR2LzNhWVZ4QmFqeHpaOEhyVlIxZ015aDREZEhNClRLaFI0UlFIQUtKVk43TzZTZ045bzdLL3cxa2xLYmRaOWhTUFJGeE5COG9OczZsK0N1bzlva29jdXRhRHg0TnEKT2ZBYzM1aklvaElHeW1jeU5vOS85bGVQZEsrcEVLMGtJMHh0KzF0UXdVQ0ZDYUVmd2t3TmNPcVNPR013WUFITQpZbzBlaHBXQnVIUEVURDdENkZBeG9KdU5MOXBFQVR2bkZRT3BaNDMwTno4ZUVrRHA0ay9sR0dlOWkveXdUYVRiCnd3NmxtTTJBMzBDT0VUV3JBOW9DT2VjRzlBWFV6MlNCOEVkdThGcDlSRDU3SjE5L3VpR3NZK2JVb1ZjaXhjdGcKa2JOUG8wbVZYamRWS2ZKV21mQzBmS25NN1pUOGxOWXQwRXFJN0FaQVZyWmRnaXQyUnBKaDRWN2NsSmhmOGVRUgpLQ2h5anpUQXlPeHA3bFphZE1WaHZyOUNSYmUrRkxCMWJkSEJISnNhY0VISzJYZmw5aDZydFcyTFF2S0NyQ21vCmpnVno4UHlmdzh6VkNKQWtNM1Z3MkpmcGVnNk01R3crL0hYb0RHRitxc2w1RFYzYnRmMC9RNTJyRFVTcjVBY2wKWExFbjN5MUJTNk1kK25vTS9xWWxtTWt2N1llOTA5UnFUNlJvWmpxSW13ODR4UDZ4YkhtWE9mdXMvRU5yODUyZQpuWkQ3UmNONFd1eFU2UFhNeWVKblZ0aWhOR0xuYSt1RFl4NFdBTXN1SHZVUGpEdkRTckZDTmxBYU5INzZCWHdLCndDNi9uQ0pGT2dJZTcwTE53T3ZzVy9ZdWl4a2ZOZEhMQWdNQkFBR2plREIyTUE0R0ExVWREd0VCL3dRRUF3SUMKaERBUEJnTlZIUk1CQWY4RUJUQURBUUgvTUZNR0NDc0dBUVVGQndFQkJFY3dSVEJEQmdnckJnRUZCUWN3QVlZMwpiMk56Y0M1MlpYTXVhVzh2VUZKUFJDQXRJRlJsYm1GdWRDQlZjMlZ5SUVObGNuUnBabWxqWVhSbElGSnZiM1FnClEwRWdMU0IyTWpBTkJna3Foa2lHOXcwQkFRc0ZBQU9DQWdFQTJ5WTNNK2ZXS2R6REVaNUloN1BOdWxrWWF6Y2MKSDZ6VTNCZ0wrVVRvUUkyak53dm1vb3A5RHcrVmVpQjdzWFUwcFo1cXo2eFhCUjExa0E1UWZlWTFjUVhDeWNNLwpET0RNVVMrZmtpYTRtbkdqcE51aGF2bmFFQURkWnBHTFM0MGRPUG1haE9DY3BQbzdETDVmSHVCRU5iamU4ZFFmCkRGTk8zYVpFanI3ek42SW53MS9GUzdlZGl1cEd4Zk14a3hTekFrbFVEZDNDeVRqdXM3WDc5TzNJK0tSQ1A0NG0KcnlDbmZ0bXZoNm5OaHlNanZ0cUlqMnl1bTUyVE9HVzFublppZmFoRzRLTXdiRm5COXd5aUtKSFdrTmhTcnVBTwpqSnhIMGxLdDdZSkNCQktQek5QZk1TRDdDbnVwMTRQSHBUT0IwbXFMTnBCU1c1OGlJUFc3dHdidlN1T1lkdW9WCjBRRW5LWHVBc21WcDU2bkkyM0hKNGhheVNMR2RxU0VDaWZkZ2ZTd1daTkRGRGFGa2dtYm1GVmVnc0diMnpsLysKTVFYTHNTK3haTWpWemRtZDBQZ1psQTZIaHU0VTVwNkd3VDJpVnRWTTZVWVI0MGg3UXV1ZmhubjVaTXkrb0VHQwpKcCtiWll4cnJORm9ZZ2hHaTdWaWNKZmxSMG9wdHhjU3NnSU51ZlpQb0dEVXVjMlByZ1ZpM2VrVFNhU0VlK3puCkVqNldGMk5oYzhyclluT1lKMEVydU9VMVNMZnliQys5dnkyWmVyei8zenlOY2hhQVYrY3p2YXRoVEJCeGRsQUsKSGkvYkloZWxhV1lscXJNbTZXb2ZadVR5UG1NNjVGOUdKMllyOTZUKzJEcUQrcWxPc0ROb1NaVnFXWVFvWXA0ZQpkMGlIMi9KRkZnSkhYQ2c9Ci0tLS0tRU5EIENFUlRJRklDQVRFLS0tLS0K\n    client-key-data: LS0tLS1CRUdJTiBQUklWQVRFIEtFWS0tLS0tCk1JSUpRd0lCQURBTkJna3Foa2lHOXcwQkFRRUZBQVNDQ1Mwd2dna3BBZ0VBQW9JQ0FRQ2xjZFFWeVdtbzFyZk8KVytIUHJsWUxGeFVzV2hHK1d6eFBkdlV6cCtIOHpMd1cwd0x0dUZ1dEpFV041NE5mWmZWUndDUzJ1N09LQmZyRgpLZXFGK3ZBUFozVVkrRTdPa3Fxb0NHMUd6a1pvTEZ4ejFiMm91aWUzZ2M1emg4TTdEZDVnd01lN1dzS0xnc3hSCkE1dHh5OC9idUxOb004NkRSN25VQlBHbFpNQ0FsTXYwMkhudG92WkFzWU9vUlpYYmx6L1dlalcyS3lvdnhSSnYKN1czOTdTT3grMWwxb0J3bHlYaTg4RUFoUENpRTluQWxMaGdPZDB4eFV4Vy9FS1h4clNORFlCOGt6Yzc4emRhcgp1eVNJVCtiR3FseGVpbzhid3l0NWFySzBheDdUZXBOVVNnK1NOd3c5a24rTlppSnhqY1VEOGdUM2NLdVpFMUZtCmRtdDlza1dvaTFpbEJZOGZpazJLZkdwUXZlZGZJbjdsOW1JZ3MzbklVN01PMVNhbS9WWmpSQU9JTFh6TWNCUmoKek5Kek56RW0rb0RLOEd3b25aaXF1dmRZZE5hMGIvWmFYNXdkK2JjdGJxQjVxai9HYno5NjVsK3AyaUd4Y1lwKwo2MFBxUGQxZXlxL0d0VTNZbVlXZUNOTU9tcDlhd1R3eHIweVNOL01HYmk4b1Rya3ptN1RNelViczRzTlZrRjB5CjY0NWptdURjWVExL2l4cDBieWYzVGpGRHdpalBvb2NDdmh6ZzhKU2ZMS0ZIblNpV0x1L3NGU1VXSU1LOWZ1WHUKdzMwRVVJUnYxdE1nTVBoWGRIZXlLdFNsTTZzaE15WmpxR1p0TUJTdHJwOThsTHRaYjdQM25vc3FyTDhJQzFmbwprZ0V1cHBlemxHb1NheXdQcDNmbTNNSGZhWTRoRFFJREFRQUJBb0lDQUdKY0tUNEdyOVdjU2t6YVhZYnVXK05lCkJzMkdndlFNSS9BT2hqcit2YUZoU3hXNndBdjZ4aTVLMlR0RGY5eFFycWU2dDFrWWdPWTNKZDdnUzdqNTlvMEIKOGlFMVJ3MFRMM2lWQWZyTm1oaEcvM1F5aC81dkpqdTRaYmhUNTZNTlhMOWkvWndLbW96ODUySG01aHlpa21KTQpEZ1dPZjJHWFhBaU1JK296MnlyV3krYzJhRTc2eXJLdGx0dU0rMHBCUXNmTmdtOWFmRXRJTyt6bFdMWlZyUm9jCm1CUVJhNHFmbkRPZ0ZsQnNCcDcrTUxBNkZqMUxlZHdLREd5NmhoNEgxR1l6R0hEMkZ2QS9wRGdYRytJYXR0WTMKNUpDa2llNTBlejFGVFJkc2REaEFzS1MxSDByTGhYQjV6M0dPWGozcWprNEpMaUM2RUpzQ1hDdXhqYmgrSzJEVApPVTdlYTZ3WEZXYVBYOWxZTlRQTjA0SEtFZTVuckJEekFiOUxtcEhqajJZNlJydys3Y09sTlhZeDRVV2FKeEFpCktLUUpKdXpkdnB1MDZmMW5kTjVkUzkwNSswTFI1WVplMkpLNk03ZmllbmVkVmZkTXdQUG4rK1RMRSswbUlCSkIKSkg1Nm05bkFRTi9lRkIxWDhlQkRva2w4ZDdvVWk5enJtdGRtWFRPM21DcnVHc1V3ck81VWpzTkc5ZHhmWkplbApjYmRpbitFZ0tKU2kwQVhoZGFZSnkrbWhGUC9Dc2FlcjRsZXd0cVNVSS9IRlhXL2VuTW4rTkF5a1JOMkFrMlNjCkRxZmNNOG5yWnh0dUwxVURYeEhhcGtJdG1zMWlJTmpqTnFxUTV1NXV1cW5YRUR6b2ZQblpQYlpzRVEzQ3hiSjYKVUduTGVhd0tWd2xwazBBZTFVTmhBb0lCQVFETzY0NUpiWmsrNWdadWJaQWR1QXh2ZzFsUGNuM0JnTGZsVTdGaApHZTh0a1Y3QkdFN0xmMWU2TWlsTTB2MnBXbWMvb0QrZjJ3ZHpjMEdYOFRkTHNNU0FQNHZmK3RBTTAzTjBTRkpZCnRLRGwvTmlvVHRLeGNkTUpSQy8rMm4xNXk5WkxTZkloUURqWnorRjZqOHZBSGlmYzFJQ1dzYnk5SWZTR1ZydTMKOURzZ01VSnpybExFeEtSaFhXdDd3VVFJRnhiLzJjY05sQm02TEhDdEl5K0FMN0lQN0xMSnNpQ0toN2o1Q1AvNApMbUVLdE9nSnF5RmlzSVFPM0gwVnNZc3k3RVdnV2wybFE1Y0VBREp3UExpc0cxTHJETDVoRUJrZ25sUUFTclMrCkM2RTVZaW93emhYS21ha3d3R1gyaWtGVnFoTmJ6M2RnQlJMUFE5N2JPdUszMFhBSkFvSUJBUURNcjlSbFgyaEEKQUdqdkMzK0ZGMzRMSU5HakIxQVlpMVEwSkVHZWUxYnJBaUUweU43Nkp3UWRaRjcrOTNDeUgxbHFUbnYrZWpaTQpDR1pTUHplVFp1RXZWVWxKTjhyc3llcWI3ZEp6Y3pyamN2QXh0MS9sWXFnTGRxREZOVjNaMC9kMmIvOUhQTHpQCkRDc2tMMDNrTEw0SkVncERoVmEzYWs2TCtWVy94VnVWallZZDdTQ2c5RHRybFdaYThqUkJVUFNXV29vUmxEdUcKSGtWc0tvRWhydGtGZkVVYmJ5RGhKSlUzOXNwVnFpY1d5TUJ0YnFKQVp4SFlTQlNBdTJ4Y0ZEZmJQYWtLWmNnMApScGpXdXF4VGYzTmpzNUE5eUxsOHRLMHB6QnNlMXF4RFVsUzJzNkNHUjhIb0pqb0d0ekZPbm5pc2x6MnNXamhDCmtEYjNlaFcvRmVIbEFvSUJBSGtLb0Z4aHlYQmEzTTVDTnppN1RrTDVRZ2hRZ0RIdW15U0NkZFBJZVBwZC9HRFcKV0ZtQUw1QlRBWWZZTU55ZGJxSndtbWRubUE4NEQ5blRHRGFsdS8wTnIwUWhrd3k5c044SDQydlNsZ0NUalNXLwpuazZBdUNQR2lKRDd2TVMvc2FhdkpmMi9kTUl0Y2NmaFVCNGRSZEpQV0wxT1VZc056dDI2NU9xeDZ0aGxHR3RWClFVT3JpRUVRaGV5SjNNTWl4cWg1KzQvODM2UGhsVFFpemdtZFhQc2x5bHhrWDliSm1ESE55dmFpSXRCQmpTOEMKdFcvbXRBbUJmNFp1S25CcWVEeGFRRWVKcDFDRzBQcUkrcnBxN1hGa0xnWFhoZXRuMHRtczJkZ0dNNVMrME5GbAo3S2RzaGVWbjF2MkdXTHZFMXJneFA3S2lwU01ybjdUODJGMFJIZ2tDZ2dFQkFMemxVNDBPSkVaVVdvS295TkZKCm9kK2hOUFpRTEdIS1N6WW5jNHRQWmlKUmY5V1h2dmQ2aERpZnhXOWxhVkpvemZybVhWVzI4Vjd2cllZZm95bGMKRzFxMFNZTFJnMnRNMkQ5NGxleEhua1FEY1psZ0VwYTltam1pQzdLVGtuNFJPT0hMYi9vTkdtMjFYQ2J6cE4xNwpVUkZMM2I3OFVjL0l3cDQ0eHlMSWZzR2dydkgxUVZSb3NHR1RxYmNxcUlEU3RqWC9ia1hVMTYzcFI4WVAzOFgyCjkzOHhkUkZoV0NXT3ZrcThiWFByS0ZIRmlKZzFMblZpNlR3QklUTEFSTHNoU1g4Q0EzdDkvT29KY01sUjB2RG4Kd05SMUJSdVBuMlp2MHhLc3N5YWRsTEk0Uzhla00vTllTNkh6alQ5ZlZwaW9kTk5LYS9jZjk2V3VNNXZseGlYbgppdVVDZ2dFQkFJdWdWU2g0OE0xUkxjRFFXQ0R2NjlRdEJNalZCRDY3MFlENzc5VzlZUEJsRnZEZTJKam5Xem9VCnQxQmQyaU5sbnNZYTBhVkdFSmwrQUxEdmN0OHFxSVlVeWdPNHNNaWlwZnA2RW9vcXZQS0loeVNrWXNzNmg2bEEKTHVwd1F0NGtXTHAvMmhERC9BcWthalF0eDJNNE9sbktPN1hSQ2hCSVpUVDNmMTZBd01EL1NEdE5lU0p0Y0xPbwozS0dURUE5NmUxaSs4bUdrSTZ0amNPRFJrNEJRcjZScTdVQ0tnUG5CaXBOYk5HYUs2YjdmOFkwUG0wd0VvM1VvCnFWRmE2NmpFeEhsMHoxcWxhRE16M3J4Z2ZlK3RBVW9KYzFWUHVnNDJXb2dPM05CTzdJRUw4Z0VFQTIwZTZueG8KRDdsemFzVjNXL3RhUnFuVE5jRnNxRC9pS096N2U2UT0KLS0tLS1FTkQgUFJJVkFURSBLRVktLS0tLQo=\n  name: m.kennedy@f5.com\n"
            },
            "id": "shop-utility/app-kubecfg",
            "metadata": [
              {
                "annotations": {
                  "ves.io/virtual-sites": "shop-utility/shop-utility-vs"
                },
                "generate_name": "",
                "generation": 0,
                "labels": null,
                "name": "app-kubecfg",
                "namespace": "shop-utility",
                "resource_version": "41690194",
                "uid": "797ce891-fc8e-48ae-a0f8-307894959e95"
              }
            ]
          },
          "sensitive_attributes": [
            [
              {
                "type": "get_attr",
                "value": "data"
              },
              {
                "type": "index",
                "value": {
                  "value": "kubeconfig",
                  "type": "string"
                }
              }
            ]
          ],
          "private": "bnVsbA==",
          "dependencies": [
            "module.f5xc.volterra_api_credential.app_vk8s_cred",
            "module.f5xc.volterra_api_credential.utility_vk8s_cred",
            "module.f5xc.volterra_namespace.app_ns",
            "module.f5xc.volterra_namespace.utility_ns",
            "module.f5xc.volterra_virtual_k8s.app_vk8s",
            "module.f5xc.volterra_virtual_k8s.utility_vk8s",
            "module.f5xc.volterra_virtual_site.hub",
            "module.f5xc.volterra_virtual_site.spoke",
            "module.f5xc.volterra_virtual_site.utility"
          ]
        }
      ]
    },
    {
      "module": "module.vk8s-utility",
      "mode": "managed",
      "type": "kubernetes_secret_v1",
      "name": "registry-secret",
      "provider": "provider[\"registry.terraform.io/hashicorp/kubernetes\"].utility",
      "instances": [
        {
          "schema_version": 0,
          "attributes": {
            "binary_data": null,
            "data": {
              ".dockerconfigjson": "{\"auths\":{\"f5demos.azurecr.io\":{\"username\":\"1e21992e-4283-4afe-9a89-b3b314f1fd55\",\"password\":\"MeszATg~US6QGw5G7S74~0gX2ky_XClhHB\",\"auth\":\"MWUyMTk5MmUtNDI4My00YWZlLTlhODktYjNiMzE0ZjFmZDU1Ok1lc3pBVGd+VVM2UUd3NUc3Uzc0fjBnWDJreV9YQ2xoSEI=\"}}}"
            },
            "id": "shop-utility/f5demos-registry-secret",
            "immutable": false,
            "metadata": [
              {
                "annotations": {
                  "ves.io/virtual-sites": "shop-utility/shop-utility-vs"
                },
                "generate_name": "",
                "generation": 0,
                "labels": null,
                "name": "f5demos-registry-secret",
                "namespace": "shop-utility",
                "resource_version": "41690186",
                "uid": "262c2713-b34a-42e5-83a2-d93ae4157483"
              }
            ],
            "type": "kubernetes.io/dockerconfigjson"
          },
          "sensitive_attributes": [],
          "private": "bnVsbA==",
          "dependencies": [
            "module.f5xc.volterra_api_credential.app_vk8s_cred",
            "module.f5xc.volterra_api_credential.utility_vk8s_cred",
            "module.f5xc.volterra_namespace.app_ns",
            "module.f5xc.volterra_namespace.utility_ns",
            "module.f5xc.volterra_virtual_k8s.app_vk8s",
            "module.f5xc.volterra_virtual_k8s.utility_vk8s",
            "module.f5xc.volterra_virtual_site.hub",
            "module.f5xc.volterra_virtual_site.spoke",
            "module.f5xc.volterra_virtual_site.utility"
          ]
        }
      ]
    }
  ],
  "check_results": null
}
